// !$*UTF8*$!
{
	archiveVersion = 1;
	classes = {
	};
	objectVersion = 46;
	objects = {

/* Begin PBXBuildFile section */
		D005FEEA1ED204AD00C8E65F /* NoticeView.swift in Sources */ = {isa = PBXBuildFile; fileRef = D005FEE91ED204AD00C8E65F /* NoticeView.swift */; };
		D00DA2161EDD787600F08F5F /* ApplyView.swift in Sources */ = {isa = PBXBuildFile; fileRef = D00DA2151EDD787600F08F5F /* ApplyView.swift */; };
		D00F66971F4488D400BF26D5 /* NotificationCenter.framework in Frameworks */ = {isa = PBXBuildFile; fileRef = D00F66961F4488D400BF26D5 /* NotificationCenter.framework */; };
		D00F669A1F4488D400BF26D5 /* TodayViewController.swift in Sources */ = {isa = PBXBuildFile; fileRef = D00F66991F4488D400BF26D5 /* TodayViewController.swift */; };
		D00F669D1F4488D400BF26D5 /* MainInterface.storyboard in Resources */ = {isa = PBXBuildFile; fileRef = D00F669B1F4488D400BF26D5 /* MainInterface.storyboard */; };
		D00F66A11F4488D400BF26D5 /* DSMExtension.appex in Embed App Extensions */ = {isa = PBXBuildFile; fileRef = D00F66951F4488D400BF26D5 /* DSMExtension.appex */; settings = {ATTRIBUTES = (RemoveHeadersOnCopy, ); }; };
		D019F9761F5E6DFE00DE1BBB /* monster3.png in Resources */ = {isa = PBXBuildFile; fileRef = D019F9701F5E6DFE00DE1BBB /* monster3.png */; };
		D019F9771F5E6DFE00DE1BBB /* monster3@2x.png in Resources */ = {isa = PBXBuildFile; fileRef = D019F9711F5E6DFE00DE1BBB /* monster3@2x.png */; };
		D019F9781F5E6DFE00DE1BBB /* monster3@3x.png in Resources */ = {isa = PBXBuildFile; fileRef = D019F9721F5E6DFE00DE1BBB /* monster3@3x.png */; };
		D019F9791F5E6DFE00DE1BBB /* monster1.png in Resources */ = {isa = PBXBuildFile; fileRef = D019F9731F5E6DFE00DE1BBB /* monster1.png */; };
		D019F97A1F5E6DFE00DE1BBB /* monster1@2x.png in Resources */ = {isa = PBXBuildFile; fileRef = D019F9741F5E6DFE00DE1BBB /* monster1@2x.png */; };
		D019F97B1F5E6DFE00DE1BBB /* monster1@3x.png in Resources */ = {isa = PBXBuildFile; fileRef = D019F9751F5E6DFE00DE1BBB /* monster1@3x.png */; };
		D019F97F1F5E6E9900DE1BBB /* monster2.png in Resources */ = {isa = PBXBuildFile; fileRef = D019F97C1F5E6E9900DE1BBB /* monster2.png */; };
		D019F9801F5E6E9900DE1BBB /* monster2@2x.png in Resources */ = {isa = PBXBuildFile; fileRef = D019F97D1F5E6E9900DE1BBB /* monster2@2x.png */; };
		D019F9811F5E6E9900DE1BBB /* monster2@3x.png in Resources */ = {isa = PBXBuildFile; fileRef = D019F97E1F5E6E9900DE1BBB /* monster2@3x.png */; };
		D019F9831F5E76D100DE1BBB /* TopView.swift in Sources */ = {isa = PBXBuildFile; fileRef = D019F9821F5E76D100DE1BBB /* TopView.swift */; };
		D0202E3A1F6BAEF400A0D208 /* whaleAfterSchool.png in Resources */ = {isa = PBXBuildFile; fileRef = D0202E391F6BAEF400A0D208 /* whaleAfterSchool.png */; };
		D0202E3C1F6BAEF900A0D208 /* selectCountCircle.png in Resources */ = {isa = PBXBuildFile; fileRef = D0202E3B1F6BAEF900A0D208 /* selectCountCircle.png */; };
		D0202E3E1F6BAEFF00A0D208 /* unSelectCountCircle.png in Resources */ = {isa = PBXBuildFile; fileRef = D0202E3D1F6BAEFF00A0D208 /* unSelectCountCircle.png */; };
		D0202E401F6BB13900A0D208 /* ApplyAfterSchoolInfo.swift in Sources */ = {isa = PBXBuildFile; fileRef = D0202E3F1F6BB13900A0D208 /* ApplyAfterSchoolInfo.swift */; };
		D0202E431F6BDA7000A0D208 /* bubblesBackground.png in Resources */ = {isa = PBXBuildFile; fileRef = D0202E411F6BDA7000A0D208 /* bubblesBackground.png */; };
		D0202E441F6BDA7000A0D208 /* fishBackground.png in Resources */ = {isa = PBXBuildFile; fileRef = D0202E421F6BDA7000A0D208 /* fishBackground.png */; };
		D0204DCA1F0CB9CC00C723F8 /* DataBaseClass.swift in Sources */ = {isa = PBXBuildFile; fileRef = D0204DC91F0CB9CC00C723F8 /* DataBaseClass.swift */; };
		D03CB5451F42DA7D002B1F08 /* LoginView.swift in Sources */ = {isa = PBXBuildFile; fileRef = D03CB5431F42DA7D002B1F08 /* LoginView.swift */; };
		D03CB5461F42DA7D002B1F08 /* TabBarView.swift in Sources */ = {isa = PBXBuildFile; fileRef = D03CB5441F42DA7D002B1F08 /* TabBarView.swift */; };
		D03CB5481F42DDB9002B1F08 /* ApplyAfterStudy.swift in Sources */ = {isa = PBXBuildFile; fileRef = D03CB5471F42DDB9002B1F08 /* ApplyAfterStudy.swift */; };
		D03CB54A1F42E577002B1F08 /* ApplyAfterContent.swift in Sources */ = {isa = PBXBuildFile; fileRef = D03CB5491F42E577002B1F08 /* ApplyAfterContent.swift */; };
		D04B87AA1EEA48F900743AB9 /* ToastAdd.swift in Sources */ = {isa = PBXBuildFile; fileRef = D04B87A91EEA48F900743AB9 /* ToastAdd.swift */; };
		D0538AC41ECB007C00C47F86 /* AppDelegate.swift in Sources */ = {isa = PBXBuildFile; fileRef = D0538AC31ECB007C00C47F86 /* AppDelegate.swift */; };
		D0538ACB1ECB007C00C47F86 /* Assets.xcassets in Resources */ = {isa = PBXBuildFile; fileRef = D0538ACA1ECB007C00C47F86 /* Assets.xcassets */; };
		D0538ACE1ECB007C00C47F86 /* LaunchScreen.storyboard in Resources */ = {isa = PBXBuildFile; fileRef = D0538ACC1ECB007C00C47F86 /* LaunchScreen.storyboard */; };
		D0538AD91ECB007C00C47F86 /* DSMappTests.swift in Sources */ = {isa = PBXBuildFile; fileRef = D0538AD81ECB007C00C47F86 /* DSMappTests.swift */; };
		D06BBF841F79305C00DD17DA /* AskInfoContentSelectView.swift in Sources */ = {isa = PBXBuildFile; fileRef = D06BBF831F79305C00DD17DA /* AskInfoContentSelectView.swift */; };
		D06BBF861F79312600DD17DA /* AskInfoContentEditView.swift in Sources */ = {isa = PBXBuildFile; fileRef = D06BBF851F79312600DD17DA /* AskInfoContentEditView.swift */; };
		D09B9B9E1F6F71F20094C34A /* AskInfoView.swift in Sources */ = {isa = PBXBuildFile; fileRef = D09B9B9D1F6F71F20094C34A /* AskInfoView.swift */; };
		D09CF9121EEFC40500A35D13 /* ApplyStudyView.swift in Sources */ = {isa = PBXBuildFile; fileRef = D09CF9111EEFC40500A35D13 /* ApplyStudyView.swift */; };
		D09F32451F793B13006A936C /* Main.storyboard in Resources */ = {isa = PBXBuildFile; fileRef = D06BBF811F79016900DD17DA /* Main.storyboard */; };
		D0A587B61F0B940D009182BA /* Realm.framework in Frameworks */ = {isa = PBXBuildFile; fileRef = D01FF3201F0B92CF0060651F /* Realm.framework */; };
		D0A587B71F0B940D009182BA /* Realm.framework in Embed Frameworks */ = {isa = PBXBuildFile; fileRef = D01FF3201F0B92CF0060651F /* Realm.framework */; settings = {ATTRIBUTES = (CodeSignOnCopy, RemoveHeadersOnCopy, ); }; };
		D0A587B81F0B940D009182BA /* RealmSwift.framework in Frameworks */ = {isa = PBXBuildFile; fileRef = D01FF3211F0B92CF0060651F /* RealmSwift.framework */; };
		D0A587B91F0B940D009182BA /* RealmSwift.framework in Embed Frameworks */ = {isa = PBXBuildFile; fileRef = D01FF3211F0B92CF0060651F /* RealmSwift.framework */; settings = {ATTRIBUTES = (CodeSignOnCopy, RemoveHeadersOnCopy, ); }; };
		D0A9B2B51F4E552000AE2F3A /* NoticeListView.swift in Sources */ = {isa = PBXBuildFile; fileRef = D0A9B2B41F4E552000AE2F3A /* NoticeListView.swift */; };
		D0A9B2B71F4E5F1E00AE2F3A /* NoticeListCell.swift in Sources */ = {isa = PBXBuildFile; fileRef = D0A9B2B61F4E5F1E00AE2F3A /* NoticeListCell.swift */; };
		D0A9B2B91F4E60BA00AE2F3A /* NoticeDetailView.swift in Sources */ = {isa = PBXBuildFile; fileRef = D0A9B2B81F4E60BA00AE2F3A /* NoticeDetailView.swift */; };
		D0A9B2C41F4EAA4000AE2F3A /* noticeListDetailBackground.png in Resources */ = {isa = PBXBuildFile; fileRef = D0A9B2C11F4EAA4000AE2F3A /* noticeListDetailBackground.png */; };
		D0A9B2C51F4EAA4000AE2F3A /* noticeListDetailBackground@2x.png in Resources */ = {isa = PBXBuildFile; fileRef = D0A9B2C21F4EAA4000AE2F3A /* noticeListDetailBackground@2x.png */; };
		D0A9B2C61F4EAA4000AE2F3A /* noticeListDetailBackground@3x.png in Resources */ = {isa = PBXBuildFile; fileRef = D0A9B2C31F4EAA4000AE2F3A /* noticeListDetailBackground@3x.png */; };
		D0A9B2C81F4EAE5500AE2F3A /* FacilityView.swift in Sources */ = {isa = PBXBuildFile; fileRef = D0A9B2C71F4EAE5500AE2F3A /* FacilityView.swift */; };
		D0AA37FE1F2A31C4000F5203 /* MyPageView.swift in Sources */ = {isa = PBXBuildFile; fileRef = D0AA37FD1F2A31C4000F5203 /* MyPageView.swift */; };
		D0AA38021F2A322A000F5203 /* MyViewCell.swift in Sources */ = {isa = PBXBuildFile; fileRef = D0AA38011F2A322A000F5203 /* MyViewCell.swift */; };
		D0C0CCB11ECB47A700013168 /* MealView.swift in Sources */ = {isa = PBXBuildFile; fileRef = D0C0CCB01ECB47A700013168 /* MealView.swift */; };
		D0EC740F1EED7BC200A2E940 /* ApplyStayView.swift in Sources */ = {isa = PBXBuildFile; fileRef = D0EC740E1EED7BC200A2E940 /* ApplyStayView.swift */; };
		D0FAF1BC1F30185E00093E19 /* applyIcon.png in Resources */ = {isa = PBXBuildFile; fileRef = D0FAF1B11F30185E00093E19 /* applyIcon.png */; };
		D0FAF1BD1F30185E00093E19 /* applyIcon@2x.png in Resources */ = {isa = PBXBuildFile; fileRef = D0FAF1B21F30185E00093E19 /* applyIcon@2x.png */; };
		D0FAF1BE1F30185E00093E19 /* applyIcon@3x.png in Resources */ = {isa = PBXBuildFile; fileRef = D0FAF1B31F30185E00093E19 /* applyIcon@3x.png */; };
		D0FAF1BF1F30185E00093E19 /* mealIcon.png in Resources */ = {isa = PBXBuildFile; fileRef = D0FAF1B41F30185E00093E19 /* mealIcon.png */; };
		D0FAF1C01F30185E00093E19 /* mealIcon@2x.png in Resources */ = {isa = PBXBuildFile; fileRef = D0FAF1B51F30185E00093E19 /* mealIcon@2x.png */; };
		D0FAF1C11F30185E00093E19 /* mealIcon@3x.png in Resources */ = {isa = PBXBuildFile; fileRef = D0FAF1B61F30185E00093E19 /* mealIcon@3x.png */; };
		D0FAF1C21F30185E00093E19 /* noticeIcon.png in Resources */ = {isa = PBXBuildFile; fileRef = D0FAF1B71F30185E00093E19 /* noticeIcon.png */; };
		D0FAF1C31F30185E00093E19 /* noticeIcon@2x.png in Resources */ = {isa = PBXBuildFile; fileRef = D0FAF1B81F30185E00093E19 /* noticeIcon@2x.png */; };
		D0FAF1C41F30185E00093E19 /* noticeIcon@3x.png in Resources */ = {isa = PBXBuildFile; fileRef = D0FAF1B91F30185E00093E19 /* noticeIcon@3x.png */; };
		D0FAF1C51F30185E00093E19 /* userIcon@2x.png in Resources */ = {isa = PBXBuildFile; fileRef = D0FAF1BA1F30185E00093E19 /* userIcon@2x.png */; };
		D0FAF1C61F30185E00093E19 /* userIcon@3x.png in Resources */ = {isa = PBXBuildFile; fileRef = D0FAF1BB1F30185E00093E19 /* userIcon@3x.png */; };
		D0FAF1CA1F30186900093E19 /* buttonShape.png in Resources */ = {isa = PBXBuildFile; fileRef = D0FAF1C71F30186900093E19 /* buttonShape.png */; };
		D0FAF1CB1F30186900093E19 /* buttonShape@2x.png in Resources */ = {isa = PBXBuildFile; fileRef = D0FAF1C81F30186900093E19 /* buttonShape@2x.png */; };
		D0FAF1CC1F30186900093E19 /* buttonShape@3x.png in Resources */ = {isa = PBXBuildFile; fileRef = D0FAF1C91F30186900093E19 /* buttonShape@3x.png */; };
		D0FAF1D21F30188600093E19 /* signInBackground.png in Resources */ = {isa = PBXBuildFile; fileRef = D0FAF1CF1F30188600093E19 /* signInBackground.png */; };
		D0FAF1D31F30188600093E19 /* signInBackground@2x.png in Resources */ = {isa = PBXBuildFile; fileRef = D0FAF1D01F30188600093E19 /* signInBackground@2x.png */; };
		D0FAF1D41F30188600093E19 /* signInBackground@3x.png in Resources */ = {isa = PBXBuildFile; fileRef = D0FAF1D11F30188600093E19 /* signInBackground@3x.png */; };
		D0FAF1DE1F30189600093E19 /* passwordError.png in Resources */ = {isa = PBXBuildFile; fileRef = D0FAF1D51F30189600093E19 /* passwordError.png */; };
		D0FAF1DF1F30189600093E19 /* passwordError@2x.png in Resources */ = {isa = PBXBuildFile; fileRef = D0FAF1D61F30189600093E19 /* passwordError@2x.png */; };
		D0FAF1E01F30189600093E19 /* passwordError@3x.png in Resources */ = {isa = PBXBuildFile; fileRef = D0FAF1D71F30189600093E19 /* passwordError@3x.png */; };
		D0FAF1E11F30189600093E19 /* signUpBackground.png in Resources */ = {isa = PBXBuildFile; fileRef = D0FAF1D81F30189600093E19 /* signUpBackground.png */; };
		D0FAF1E21F30189600093E19 /* signUpBackground@2x.png in Resources */ = {isa = PBXBuildFile; fileRef = D0FAF1D91F30189600093E19 /* signUpBackground@2x.png */; };
		D0FAF1E31F30189600093E19 /* signUpBackground@3x.png in Resources */ = {isa = PBXBuildFile; fileRef = D0FAF1DA1F30189600093E19 /* signUpBackground@3x.png */; };
		D0FAF1E41F30189600093E19 /* signUpIcon.png in Resources */ = {isa = PBXBuildFile; fileRef = D0FAF1DB1F30189600093E19 /* signUpIcon.png */; };
		D0FAF1E51F30189600093E19 /* signUpIcon@2x.png in Resources */ = {isa = PBXBuildFile; fileRef = D0FAF1DC1F30189600093E19 /* signUpIcon@2x.png */; };
		D0FAF1E61F30189600093E19 /* signUpIcon@3x.png in Resources */ = {isa = PBXBuildFile; fileRef = D0FAF1DD1F30189600093E19 /* signUpIcon@3x.png */; };
		D0FAF1EB1F3018AB00093E19 /* applyBackground.png in Resources */ = {isa = PBXBuildFile; fileRef = D0FAF1E81F3018AB00093E19 /* applyBackground.png */; };
		D0FAF1EC1F3018AB00093E19 /* applyBackground@2x.png in Resources */ = {isa = PBXBuildFile; fileRef = D0FAF1E91F3018AB00093E19 /* applyBackground@2x.png */; };
		D0FAF1ED1F3018AB00093E19 /* applyBackground@3x.png in Resources */ = {isa = PBXBuildFile; fileRef = D0FAF1EA1F3018AB00093E19 /* applyBackground@3x.png */; };
		D0FAF1EF1F3018B100093E19 /* applyTextBox.png in Resources */ = {isa = PBXBuildFile; fileRef = D0FAF1EE1F3018B100093E19 /* applyTextBox.png */; };
		D0FAF1FD1F3018C500093E19 /* fish.png in Resources */ = {isa = PBXBuildFile; fileRef = D0FAF1F11F3018C500093E19 /* fish.png */; };
		D0FAF1FE1F3018C500093E19 /* fish@2x.png in Resources */ = {isa = PBXBuildFile; fileRef = D0FAF1F21F3018C500093E19 /* fish@2x.png */; };
		D0FAF1FF1F3018C500093E19 /* fish@3x.png in Resources */ = {isa = PBXBuildFile; fileRef = D0FAF1F31F3018C500093E19 /* fish@3x.png */; };
		D0FAF2001F3018C500093E19 /* fish2.png in Resources */ = {isa = PBXBuildFile; fileRef = D0FAF1F41F3018C500093E19 /* fish2.png */; };
		D0FAF2011F3018C500093E19 /* fish2@2x.png in Resources */ = {isa = PBXBuildFile; fileRef = D0FAF1F51F3018C500093E19 /* fish2@2x.png */; };
		D0FAF2021F3018C500093E19 /* fish2@3x.png in Resources */ = {isa = PBXBuildFile; fileRef = D0FAF1F61F3018C500093E19 /* fish2@3x.png */; };
		D0FAF2031F3018C500093E19 /* seahorse.png in Resources */ = {isa = PBXBuildFile; fileRef = D0FAF1F71F3018C500093E19 /* seahorse.png */; };
		D0FAF2041F3018C500093E19 /* seahorse@2x.png in Resources */ = {isa = PBXBuildFile; fileRef = D0FAF1F81F3018C500093E19 /* seahorse@2x.png */; };
		D0FAF2051F3018C500093E19 /* seahorse@3x.png in Resources */ = {isa = PBXBuildFile; fileRef = D0FAF1F91F3018C500093E19 /* seahorse@3x.png */; };
		D0FAF2061F3018C500093E19 /* whale.png in Resources */ = {isa = PBXBuildFile; fileRef = D0FAF1FA1F3018C500093E19 /* whale.png */; };
		D0FAF2071F3018C500093E19 /* whale@2x.png in Resources */ = {isa = PBXBuildFile; fileRef = D0FAF1FB1F3018C500093E19 /* whale@2x.png */; };
		D0FAF2081F3018C500093E19 /* whale@3x.png in Resources */ = {isa = PBXBuildFile; fileRef = D0FAF1FC1F3018C500093E19 /* whale@3x.png */; };
		D0FAF20E1F3018F700093E19 /* applyStayBackground@2x.png in Resources */ = {isa = PBXBuildFile; fileRef = D0FAF20B1F3018F700093E19 /* applyStayBackground@2x.png */; };
		D0FAF20F1F3018F700093E19 /* applyStayBackground@3x.png in Resources */ = {isa = PBXBuildFile; fileRef = D0FAF20C1F3018F700093E19 /* applyStayBackground@3x.png */; };
		D0FAF2101F3018F700093E19 /* applyStayBackgroundground.png in Resources */ = {isa = PBXBuildFile; fileRef = D0FAF20D1F3018F700093E19 /* applyStayBackgroundground.png */; };
		D0FAF21E1F30190B00093E19 /* mySeat.png in Resources */ = {isa = PBXBuildFile; fileRef = D0FAF2121F30190B00093E19 /* mySeat.png */; };
		D0FAF21F1F30190B00093E19 /* mySeat@2x.png in Resources */ = {isa = PBXBuildFile; fileRef = D0FAF2131F30190B00093E19 /* mySeat@2x.png */; };
		D0FAF2201F30190B00093E19 /* mySeat@3x.png in Resources */ = {isa = PBXBuildFile; fileRef = D0FAF2141F30190B00093E19 /* mySeat@3x.png */; };
		D0FAF2211F30190B00093E19 /* seatNo.png in Resources */ = {isa = PBXBuildFile; fileRef = D0FAF2151F30190B00093E19 /* seatNo.png */; };
		D0FAF2221F30190B00093E19 /* seatNo@2x.png in Resources */ = {isa = PBXBuildFile; fileRef = D0FAF2161F30190B00093E19 /* seatNo@2x.png */; };
		D0FAF2231F30190B00093E19 /* seatNo@3x.png in Resources */ = {isa = PBXBuildFile; fileRef = D0FAF2171F30190B00093E19 /* seatNo@3x.png */; };
		D0FAF2241F30190B00093E19 /* seatSelect.png in Resources */ = {isa = PBXBuildFile; fileRef = D0FAF2181F30190B00093E19 /* seatSelect.png */; };
		D0FAF2251F30190B00093E19 /* seatSelect@2x.png in Resources */ = {isa = PBXBuildFile; fileRef = D0FAF2191F30190B00093E19 /* seatSelect@2x.png */; };
		D0FAF2261F30190B00093E19 /* seatSelect@3x.png in Resources */ = {isa = PBXBuildFile; fileRef = D0FAF21A1F30190B00093E19 /* seatSelect@3x.png */; };
		D0FAF2271F30190B00093E19 /* seatYes.png in Resources */ = {isa = PBXBuildFile; fileRef = D0FAF21B1F30190B00093E19 /* seatYes.png */; };
		D0FAF2281F30190B00093E19 /* seatYes@2x.png in Resources */ = {isa = PBXBuildFile; fileRef = D0FAF21C1F30190B00093E19 /* seatYes@2x.png */; };
		D0FAF2291F30190B00093E19 /* seatYes@3x.png in Resources */ = {isa = PBXBuildFile; fileRef = D0FAF21D1F30190B00093E19 /* seatYes@3x.png */; };
		D0FAF2371F30192100093E19 /* facilityIcon.png in Resources */ = {isa = PBXBuildFile; fileRef = D0FAF22B1F30192100093E19 /* facilityIcon.png */; };
		D0FAF2381F30192100093E19 /* facilityIcon@2x.png in Resources */ = {isa = PBXBuildFile; fileRef = D0FAF22C1F30192100093E19 /* facilityIcon@2x.png */; };
		D0FAF2391F30192100093E19 /* facilityIcon@3x.png in Resources */ = {isa = PBXBuildFile; fileRef = D0FAF22D1F30192100093E19 /* facilityIcon@3x.png */; };
		D0FAF23A1F30192100093E19 /* notificationIcon.png in Resources */ = {isa = PBXBuildFile; fileRef = D0FAF22E1F30192100093E19 /* notificationIcon.png */; };
		D0FAF23B1F30192100093E19 /* notificationIcon@2x.png in Resources */ = {isa = PBXBuildFile; fileRef = D0FAF22F1F30192100093E19 /* notificationIcon@2x.png */; };
		D0FAF23C1F30192100093E19 /* notificationIcon@3x.png in Resources */ = {isa = PBXBuildFile; fileRef = D0FAF2301F30192100093E19 /* notificationIcon@3x.png */; };
		D0FAF23D1F30192100093E19 /* questionIcon.png in Resources */ = {isa = PBXBuildFile; fileRef = D0FAF2311F30192100093E19 /* questionIcon.png */; };
		D0FAF23E1F30192100093E19 /* questionIcon@2x.png in Resources */ = {isa = PBXBuildFile; fileRef = D0FAF2321F30192100093E19 /* questionIcon@2x.png */; };
		D0FAF23F1F30192100093E19 /* questionIcon@3x.png in Resources */ = {isa = PBXBuildFile; fileRef = D0FAF2331F30192100093E19 /* questionIcon@3x.png */; };
		D0FAF2401F30192100093E19 /* ruleIcon.png in Resources */ = {isa = PBXBuildFile; fileRef = D0FAF2341F30192100093E19 /* ruleIcon.png */; };
		D0FAF2411F30192100093E19 /* ruleIcon@2x.png in Resources */ = {isa = PBXBuildFile; fileRef = D0FAF2351F30192100093E19 /* ruleIcon@2x.png */; };
		D0FAF2421F30192100093E19 /* ruleIcon@3x.png in Resources */ = {isa = PBXBuildFile; fileRef = D0FAF2361F30192100093E19 /* ruleIcon@3x.png */; };
		D0FAF24C1F30194200093E19 /* myPageBackground.png in Resources */ = {isa = PBXBuildFile; fileRef = D0FAF2451F30194200093E19 /* myPageBackground.png */; };
		D0FAF24D1F30194200093E19 /* myPageFish1.png in Resources */ = {isa = PBXBuildFile; fileRef = D0FAF2461F30194200093E19 /* myPageFish1.png */; };
		D0FAF24E1F30194200093E19 /* myPageFish1@2x.png in Resources */ = {isa = PBXBuildFile; fileRef = D0FAF2471F30194200093E19 /* myPageFish1@2x.png */; };
		D0FAF24F1F30194200093E19 /* myPageFish1@3x.png in Resources */ = {isa = PBXBuildFile; fileRef = D0FAF2481F30194200093E19 /* myPageFish1@3x.png */; };
		D0FAF2501F30194200093E19 /* myPageFish2.png in Resources */ = {isa = PBXBuildFile; fileRef = D0FAF2491F30194200093E19 /* myPageFish2.png */; };
		D0FAF2511F30194200093E19 /* myPageFish2@2x.png in Resources */ = {isa = PBXBuildFile; fileRef = D0FAF24A1F30194200093E19 /* myPageFish2@2x.png */; };
		D0FAF2521F30194200093E19 /* myPageFish2@3x.png in Resources */ = {isa = PBXBuildFile; fileRef = D0FAF24B1F30194200093E19 /* myPageFish2@3x.png */; };
		D0FAF2541F3043D900093E19 /* SignUpView.swift in Sources */ = {isa = PBXBuildFile; fileRef = D0FAF2531F3043D900093E19 /* SignUpView.swift */; };
/* End PBXBuildFile section */

/* Begin PBXContainerItemProxy section */
		D00F669F1F4488D400BF26D5 /* PBXContainerItemProxy */ = {
			isa = PBXContainerItemProxy;
			containerPortal = D0538AB81ECB007C00C47F86 /* Project object */;
			proxyType = 1;
			remoteGlobalIDString = D00F66941F4488D400BF26D5;
			remoteInfo = DSMExtension;
		};
		D0538AD51ECB007C00C47F86 /* PBXContainerItemProxy */ = {
			isa = PBXContainerItemProxy;
			containerPortal = D0538AB81ECB007C00C47F86 /* Project object */;
			proxyType = 1;
			remoteGlobalIDString = D0538ABF1ECB007C00C47F86;
			remoteInfo = DSMapp;
		};
/* End PBXContainerItemProxy section */

/* Begin PBXCopyFilesBuildPhase section */
		D00F66A51F4488D400BF26D5 /* Embed App Extensions */ = {
			isa = PBXCopyFilesBuildPhase;
			buildActionMask = 2147483647;
			dstPath = "";
			dstSubfolderSpec = 13;
			files = (
				D00F66A11F4488D400BF26D5 /* DSMExtension.appex in Embed App Extensions */,
			);
			name = "Embed App Extensions";
			runOnlyForDeploymentPostprocessing = 0;
		};
		D0A587BA1F0B940D009182BA /* Embed Frameworks */ = {
			isa = PBXCopyFilesBuildPhase;
			buildActionMask = 2147483647;
			dstPath = "";
			dstSubfolderSpec = 10;
			files = (
				D0A587B91F0B940D009182BA /* RealmSwift.framework in Embed Frameworks */,
				D0A587B71F0B940D009182BA /* Realm.framework in Embed Frameworks */,
			);
			name = "Embed Frameworks";
			runOnlyForDeploymentPostprocessing = 0;
		};
/* End PBXCopyFilesBuildPhase section */

/* Begin PBXFileReference section */
		D005FEE91ED204AD00C8E65F /* NoticeView.swift */ = {isa = PBXFileReference; fileEncoding = 4; lastKnownFileType = sourcecode.swift; path = NoticeView.swift; sourceTree = "<group>"; };
		D00DA2151EDD787600F08F5F /* ApplyView.swift */ = {isa = PBXFileReference; fileEncoding = 4; lastKnownFileType = sourcecode.swift; path = ApplyView.swift; sourceTree = "<group>"; };
		D00F66951F4488D400BF26D5 /* DSMExtension.appex */ = {isa = PBXFileReference; explicitFileType = "wrapper.app-extension"; includeInIndex = 0; path = DSMExtension.appex; sourceTree = BUILT_PRODUCTS_DIR; };
		D00F66961F4488D400BF26D5 /* NotificationCenter.framework */ = {isa = PBXFileReference; lastKnownFileType = wrapper.framework; name = NotificationCenter.framework; path = System/Library/Frameworks/NotificationCenter.framework; sourceTree = SDKROOT; };
		D00F66991F4488D400BF26D5 /* TodayViewController.swift */ = {isa = PBXFileReference; lastKnownFileType = sourcecode.swift; path = TodayViewController.swift; sourceTree = "<group>"; };
		D00F669C1F4488D400BF26D5 /* Base */ = {isa = PBXFileReference; lastKnownFileType = file.storyboard; name = Base; path = Base.lproj/MainInterface.storyboard; sourceTree = "<group>"; };
		D00F669E1F4488D400BF26D5 /* Info.plist */ = {isa = PBXFileReference; lastKnownFileType = text.plist.xml; path = Info.plist; sourceTree = "<group>"; };
		D019F9701F5E6DFE00DE1BBB /* monster3.png */ = {isa = PBXFileReference; lastKnownFileType = image.png; path = monster3.png; sourceTree = "<group>"; };
		D019F9711F5E6DFE00DE1BBB /* monster3@2x.png */ = {isa = PBXFileReference; lastKnownFileType = image.png; path = "monster3@2x.png"; sourceTree = "<group>"; };
		D019F9721F5E6DFE00DE1BBB /* monster3@3x.png */ = {isa = PBXFileReference; lastKnownFileType = image.png; path = "monster3@3x.png"; sourceTree = "<group>"; };
		D019F9731F5E6DFE00DE1BBB /* monster1.png */ = {isa = PBXFileReference; lastKnownFileType = image.png; path = monster1.png; sourceTree = "<group>"; };
		D019F9741F5E6DFE00DE1BBB /* monster1@2x.png */ = {isa = PBXFileReference; lastKnownFileType = image.png; path = "monster1@2x.png"; sourceTree = "<group>"; };
		D019F9751F5E6DFE00DE1BBB /* monster1@3x.png */ = {isa = PBXFileReference; lastKnownFileType = image.png; path = "monster1@3x.png"; sourceTree = "<group>"; };
		D019F97C1F5E6E9900DE1BBB /* monster2.png */ = {isa = PBXFileReference; lastKnownFileType = image.png; path = monster2.png; sourceTree = "<group>"; };
		D019F97D1F5E6E9900DE1BBB /* monster2@2x.png */ = {isa = PBXFileReference; lastKnownFileType = image.png; path = "monster2@2x.png"; sourceTree = "<group>"; };
		D019F97E1F5E6E9900DE1BBB /* monster2@3x.png */ = {isa = PBXFileReference; lastKnownFileType = image.png; path = "monster2@3x.png"; sourceTree = "<group>"; };
		D019F9821F5E76D100DE1BBB /* TopView.swift */ = {isa = PBXFileReference; fileEncoding = 4; lastKnownFileType = sourcecode.swift; path = TopView.swift; sourceTree = "<group>"; };
		D01FF3201F0B92CF0060651F /* Realm.framework */ = {isa = PBXFileReference; lastKnownFileType = wrapper.framework; name = Realm.framework; path = DSMapp/Realm.framework; sourceTree = "<group>"; };
		D01FF3211F0B92CF0060651F /* RealmSwift.framework */ = {isa = PBXFileReference; lastKnownFileType = wrapper.framework; name = RealmSwift.framework; path = DSMapp/RealmSwift.framework; sourceTree = "<group>"; };
		D0202E391F6BAEF400A0D208 /* whaleAfterSchool.png */ = {isa = PBXFileReference; lastKnownFileType = image.png; name = whaleAfterSchool.png; path = image/applyAfter/whaleAfterSchool.png; sourceTree = "<group>"; };
		D0202E3B1F6BAEF900A0D208 /* selectCountCircle.png */ = {isa = PBXFileReference; lastKnownFileType = image.png; name = selectCountCircle.png; path = image/applyAfter/selectCountCircle.png; sourceTree = "<group>"; };
		D0202E3D1F6BAEFF00A0D208 /* unSelectCountCircle.png */ = {isa = PBXFileReference; lastKnownFileType = image.png; name = unSelectCountCircle.png; path = image/applyAfter/unSelectCountCircle.png; sourceTree = "<group>"; };
		D0202E3F1F6BB13900A0D208 /* ApplyAfterSchoolInfo.swift */ = {isa = PBXFileReference; fileEncoding = 4; lastKnownFileType = sourcecode.swift; path = ApplyAfterSchoolInfo.swift; sourceTree = "<group>"; };
		D0202E411F6BDA7000A0D208 /* bubblesBackground.png */ = {isa = PBXFileReference; lastKnownFileType = image.png; name = bubblesBackground.png; path = image/applyAfter/bubblesBackground.png; sourceTree = "<group>"; };
		D0202E421F6BDA7000A0D208 /* fishBackground.png */ = {isa = PBXFileReference; lastKnownFileType = image.png; name = fishBackground.png; path = image/applyAfter/fishBackground.png; sourceTree = "<group>"; };
		D0204DC91F0CB9CC00C723F8 /* DataBaseClass.swift */ = {isa = PBXFileReference; fileEncoding = 4; lastKnownFileType = sourcecode.swift; path = DataBaseClass.swift; sourceTree = "<group>"; };
		D03CB5431F42DA7D002B1F08 /* LoginView.swift */ = {isa = PBXFileReference; fileEncoding = 4; lastKnownFileType = sourcecode.swift; path = LoginView.swift; sourceTree = "<group>"; };
		D03CB5441F42DA7D002B1F08 /* TabBarView.swift */ = {isa = PBXFileReference; fileEncoding = 4; lastKnownFileType = sourcecode.swift; path = TabBarView.swift; sourceTree = "<group>"; };
		D03CB5471F42DDB9002B1F08 /* ApplyAfterStudy.swift */ = {isa = PBXFileReference; fileEncoding = 4; lastKnownFileType = sourcecode.swift; path = ApplyAfterStudy.swift; sourceTree = "<group>"; };
		D03CB5491F42E577002B1F08 /* ApplyAfterContent.swift */ = {isa = PBXFileReference; fileEncoding = 4; lastKnownFileType = sourcecode.swift; path = ApplyAfterContent.swift; sourceTree = "<group>"; };
		D04B87A91EEA48F900743AB9 /* ToastAdd.swift */ = {isa = PBXFileReference; fileEncoding = 4; lastKnownFileType = sourcecode.swift; path = ToastAdd.swift; sourceTree = "<group>"; };
		D0538AC01ECB007C00C47F86 /* DSMapp.app */ = {isa = PBXFileReference; explicitFileType = wrapper.application; includeInIndex = 0; path = DSMapp.app; sourceTree = BUILT_PRODUCTS_DIR; };
		D0538AC31ECB007C00C47F86 /* AppDelegate.swift */ = {isa = PBXFileReference; lastKnownFileType = sourcecode.swift; path = AppDelegate.swift; sourceTree = "<group>"; };
		D0538ACA1ECB007C00C47F86 /* Assets.xcassets */ = {isa = PBXFileReference; lastKnownFileType = folder.assetcatalog; path = Assets.xcassets; sourceTree = "<group>"; };
		D0538ACD1ECB007C00C47F86 /* Base */ = {isa = PBXFileReference; lastKnownFileType = file.storyboard; name = Base; path = Base.lproj/LaunchScreen.storyboard; sourceTree = "<group>"; };
		D0538ACF1ECB007C00C47F86 /* Info.plist */ = {isa = PBXFileReference; lastKnownFileType = text.plist.xml; path = Info.plist; sourceTree = "<group>"; };
		D0538AD41ECB007C00C47F86 /* DSMappTests.xctest */ = {isa = PBXFileReference; explicitFileType = wrapper.cfbundle; includeInIndex = 0; path = DSMappTests.xctest; sourceTree = BUILT_PRODUCTS_DIR; };
		D0538AD81ECB007C00C47F86 /* DSMappTests.swift */ = {isa = PBXFileReference; lastKnownFileType = sourcecode.swift; path = DSMappTests.swift; sourceTree = "<group>"; };
		D0538ADA1ECB007C00C47F86 /* Info.plist */ = {isa = PBXFileReference; lastKnownFileType = text.plist.xml; path = Info.plist; sourceTree = "<group>"; };
		D06BBF821F79016900DD17DA /* Base */ = {isa = PBXFileReference; lastKnownFileType = file.storyboard; name = Base; path = Base.lproj/Main.storyboard; sourceTree = "<group>"; };
		D06BBF831F79305C00DD17DA /* AskInfoContentSelectView.swift */ = {isa = PBXFileReference; lastKnownFileType = sourcecode.swift; path = AskInfoContentSelectView.swift; sourceTree = "<group>"; };
		D06BBF851F79312600DD17DA /* AskInfoContentEditView.swift */ = {isa = PBXFileReference; lastKnownFileType = sourcecode.swift; path = AskInfoContentEditView.swift; sourceTree = "<group>"; };
		D09B9B9D1F6F71F20094C34A /* AskInfoView.swift */ = {isa = PBXFileReference; fileEncoding = 4; lastKnownFileType = sourcecode.swift; path = AskInfoView.swift; sourceTree = "<group>"; };
		D09CF9111EEFC40500A35D13 /* ApplyStudyView.swift */ = {isa = PBXFileReference; fileEncoding = 4; lastKnownFileType = sourcecode.swift; path = ApplyStudyView.swift; sourceTree = "<group>"; };
		D0A9B2B41F4E552000AE2F3A /* NoticeListView.swift */ = {isa = PBXFileReference; fileEncoding = 4; lastKnownFileType = sourcecode.swift; path = NoticeListView.swift; sourceTree = "<group>"; };
		D0A9B2B61F4E5F1E00AE2F3A /* NoticeListCell.swift */ = {isa = PBXFileReference; fileEncoding = 4; lastKnownFileType = sourcecode.swift; path = NoticeListCell.swift; sourceTree = "<group>"; };
		D0A9B2B81F4E60BA00AE2F3A /* NoticeDetailView.swift */ = {isa = PBXFileReference; fileEncoding = 4; lastKnownFileType = sourcecode.swift; path = NoticeDetailView.swift; sourceTree = "<group>"; };
		D0A9B2C11F4EAA4000AE2F3A /* noticeListDetailBackground.png */ = {isa = PBXFileReference; lastKnownFileType = image.png; path = noticeListDetailBackground.png; sourceTree = "<group>"; };
		D0A9B2C21F4EAA4000AE2F3A /* noticeListDetailBackground@2x.png */ = {isa = PBXFileReference; lastKnownFileType = image.png; path = "noticeListDetailBackground@2x.png"; sourceTree = "<group>"; };
		D0A9B2C31F4EAA4000AE2F3A /* noticeListDetailBackground@3x.png */ = {isa = PBXFileReference; lastKnownFileType = image.png; path = "noticeListDetailBackground@3x.png"; sourceTree = "<group>"; };
		D0A9B2C71F4EAE5500AE2F3A /* FacilityView.swift */ = {isa = PBXFileReference; fileEncoding = 4; lastKnownFileType = sourcecode.swift; path = FacilityView.swift; sourceTree = "<group>"; };
		D0AA37FD1F2A31C4000F5203 /* MyPageView.swift */ = {isa = PBXFileReference; fileEncoding = 4; lastKnownFileType = sourcecode.swift; path = MyPageView.swift; sourceTree = "<group>"; };
		D0AA38011F2A322A000F5203 /* MyViewCell.swift */ = {isa = PBXFileReference; fileEncoding = 4; lastKnownFileType = sourcecode.swift; path = MyViewCell.swift; sourceTree = "<group>"; };
		D0C0CCB01ECB47A700013168 /* MealView.swift */ = {isa = PBXFileReference; fileEncoding = 4; lastKnownFileType = sourcecode.swift; path = MealView.swift; sourceTree = "<group>"; };
		D0EC740E1EED7BC200A2E940 /* ApplyStayView.swift */ = {isa = PBXFileReference; fileEncoding = 4; lastKnownFileType = sourcecode.swift; path = ApplyStayView.swift; sourceTree = "<group>"; };
		D0FAF1B11F30185E00093E19 /* applyIcon.png */ = {isa = PBXFileReference; lastKnownFileType = image.png; name = applyIcon.png; path = image/tabIcon/applyIcon.png; sourceTree = "<group>"; };
		D0FAF1B21F30185E00093E19 /* applyIcon@2x.png */ = {isa = PBXFileReference; lastKnownFileType = image.png; name = "applyIcon@2x.png"; path = "image/tabIcon/applyIcon@2x.png"; sourceTree = "<group>"; };
		D0FAF1B31F30185E00093E19 /* applyIcon@3x.png */ = {isa = PBXFileReference; lastKnownFileType = image.png; name = "applyIcon@3x.png"; path = "image/tabIcon/applyIcon@3x.png"; sourceTree = "<group>"; };
		D0FAF1B41F30185E00093E19 /* mealIcon.png */ = {isa = PBXFileReference; lastKnownFileType = image.png; name = mealIcon.png; path = image/tabIcon/mealIcon.png; sourceTree = "<group>"; };
		D0FAF1B51F30185E00093E19 /* mealIcon@2x.png */ = {isa = PBXFileReference; lastKnownFileType = image.png; name = "mealIcon@2x.png"; path = "image/tabIcon/mealIcon@2x.png"; sourceTree = "<group>"; };
		D0FAF1B61F30185E00093E19 /* mealIcon@3x.png */ = {isa = PBXFileReference; lastKnownFileType = image.png; name = "mealIcon@3x.png"; path = "image/tabIcon/mealIcon@3x.png"; sourceTree = "<group>"; };
		D0FAF1B71F30185E00093E19 /* noticeIcon.png */ = {isa = PBXFileReference; lastKnownFileType = image.png; name = noticeIcon.png; path = image/tabIcon/noticeIcon.png; sourceTree = "<group>"; };
		D0FAF1B81F30185E00093E19 /* noticeIcon@2x.png */ = {isa = PBXFileReference; lastKnownFileType = image.png; name = "noticeIcon@2x.png"; path = "image/tabIcon/noticeIcon@2x.png"; sourceTree = "<group>"; };
		D0FAF1B91F30185E00093E19 /* noticeIcon@3x.png */ = {isa = PBXFileReference; lastKnownFileType = image.png; name = "noticeIcon@3x.png"; path = "image/tabIcon/noticeIcon@3x.png"; sourceTree = "<group>"; };
		D0FAF1BA1F30185E00093E19 /* userIcon@2x.png */ = {isa = PBXFileReference; lastKnownFileType = image.png; name = "userIcon@2x.png"; path = "image/tabIcon/userIcon@2x.png"; sourceTree = "<group>"; };
		D0FAF1BB1F30185E00093E19 /* userIcon@3x.png */ = {isa = PBXFileReference; lastKnownFileType = image.png; name = "userIcon@3x.png"; path = "image/tabIcon/userIcon@3x.png"; sourceTree = "<group>"; };
		D0FAF1C71F30186900093E19 /* buttonShape.png */ = {isa = PBXFileReference; lastKnownFileType = image.png; name = buttonShape.png; path = image/public/buttonShape.png; sourceTree = "<group>"; };
		D0FAF1C81F30186900093E19 /* buttonShape@2x.png */ = {isa = PBXFileReference; lastKnownFileType = image.png; name = "buttonShape@2x.png"; path = "image/public/buttonShape@2x.png"; sourceTree = "<group>"; };
		D0FAF1C91F30186900093E19 /* buttonShape@3x.png */ = {isa = PBXFileReference; lastKnownFileType = image.png; name = "buttonShape@3x.png"; path = "image/public/buttonShape@3x.png"; sourceTree = "<group>"; };
		D0FAF1CF1F30188600093E19 /* signInBackground.png */ = {isa = PBXFileReference; lastKnownFileType = image.png; name = signInBackground.png; path = image/signIn/signInBackground.png; sourceTree = "<group>"; };
		D0FAF1D01F30188600093E19 /* signInBackground@2x.png */ = {isa = PBXFileReference; lastKnownFileType = image.png; name = "signInBackground@2x.png"; path = "image/signIn/signInBackground@2x.png"; sourceTree = "<group>"; };
		D0FAF1D11F30188600093E19 /* signInBackground@3x.png */ = {isa = PBXFileReference; lastKnownFileType = image.png; name = "signInBackground@3x.png"; path = "image/signIn/signInBackground@3x.png"; sourceTree = "<group>"; };
		D0FAF1D51F30189600093E19 /* passwordError.png */ = {isa = PBXFileReference; lastKnownFileType = image.png; name = passwordError.png; path = image/siginUp/passwordError.png; sourceTree = "<group>"; };
		D0FAF1D61F30189600093E19 /* passwordError@2x.png */ = {isa = PBXFileReference; lastKnownFileType = image.png; name = "passwordError@2x.png"; path = "image/siginUp/passwordError@2x.png"; sourceTree = "<group>"; };
		D0FAF1D71F30189600093E19 /* passwordError@3x.png */ = {isa = PBXFileReference; lastKnownFileType = image.png; name = "passwordError@3x.png"; path = "image/siginUp/passwordError@3x.png"; sourceTree = "<group>"; };
		D0FAF1D81F30189600093E19 /* signUpBackground.png */ = {isa = PBXFileReference; lastKnownFileType = image.png; name = signUpBackground.png; path = image/siginUp/signUpBackground.png; sourceTree = "<group>"; };
		D0FAF1D91F30189600093E19 /* signUpBackground@2x.png */ = {isa = PBXFileReference; lastKnownFileType = image.png; name = "signUpBackground@2x.png"; path = "image/siginUp/signUpBackground@2x.png"; sourceTree = "<group>"; };
		D0FAF1DA1F30189600093E19 /* signUpBackground@3x.png */ = {isa = PBXFileReference; lastKnownFileType = image.png; name = "signUpBackground@3x.png"; path = "image/siginUp/signUpBackground@3x.png"; sourceTree = "<group>"; };
		D0FAF1DB1F30189600093E19 /* signUpIcon.png */ = {isa = PBXFileReference; lastKnownFileType = image.png; name = signUpIcon.png; path = image/siginUp/signUpIcon.png; sourceTree = "<group>"; };
		D0FAF1DC1F30189600093E19 /* signUpIcon@2x.png */ = {isa = PBXFileReference; lastKnownFileType = image.png; name = "signUpIcon@2x.png"; path = "image/siginUp/signUpIcon@2x.png"; sourceTree = "<group>"; };
		D0FAF1DD1F30189600093E19 /* signUpIcon@3x.png */ = {isa = PBXFileReference; lastKnownFileType = image.png; name = "signUpIcon@3x.png"; path = "image/siginUp/signUpIcon@3x.png"; sourceTree = "<group>"; };
		D0FAF1E81F3018AB00093E19 /* applyBackground.png */ = {isa = PBXFileReference; lastKnownFileType = image.png; name = applyBackground.png; path = image/apply/applyBackground.png; sourceTree = "<group>"; };
		D0FAF1E91F3018AB00093E19 /* applyBackground@2x.png */ = {isa = PBXFileReference; lastKnownFileType = image.png; name = "applyBackground@2x.png"; path = "image/apply/applyBackground@2x.png"; sourceTree = "<group>"; };
		D0FAF1EA1F3018AB00093E19 /* applyBackground@3x.png */ = {isa = PBXFileReference; lastKnownFileType = image.png; name = "applyBackground@3x.png"; path = "image/apply/applyBackground@3x.png"; sourceTree = "<group>"; };
		D0FAF1EE1F3018B100093E19 /* applyTextBox.png */ = {isa = PBXFileReference; lastKnownFileType = image.png; name = applyTextBox.png; path = image/apply/applyTextBox.png; sourceTree = "<group>"; };
		D0FAF1F11F3018C500093E19 /* fish.png */ = {isa = PBXFileReference; lastKnownFileType = image.png; name = fish.png; path = image/apply/applyIcon/fish.png; sourceTree = "<group>"; };
		D0FAF1F21F3018C500093E19 /* fish@2x.png */ = {isa = PBXFileReference; lastKnownFileType = image.png; name = "fish@2x.png"; path = "image/apply/applyIcon/fish@2x.png"; sourceTree = "<group>"; };
		D0FAF1F31F3018C500093E19 /* fish@3x.png */ = {isa = PBXFileReference; lastKnownFileType = image.png; name = "fish@3x.png"; path = "image/apply/applyIcon/fish@3x.png"; sourceTree = "<group>"; };
		D0FAF1F41F3018C500093E19 /* fish2.png */ = {isa = PBXFileReference; lastKnownFileType = image.png; name = fish2.png; path = image/apply/applyIcon/fish2.png; sourceTree = "<group>"; };
		D0FAF1F51F3018C500093E19 /* fish2@2x.png */ = {isa = PBXFileReference; lastKnownFileType = image.png; name = "fish2@2x.png"; path = "image/apply/applyIcon/fish2@2x.png"; sourceTree = "<group>"; };
		D0FAF1F61F3018C500093E19 /* fish2@3x.png */ = {isa = PBXFileReference; lastKnownFileType = image.png; name = "fish2@3x.png"; path = "image/apply/applyIcon/fish2@3x.png"; sourceTree = "<group>"; };
		D0FAF1F71F3018C500093E19 /* seahorse.png */ = {isa = PBXFileReference; lastKnownFileType = image.png; name = seahorse.png; path = image/apply/applyIcon/seahorse.png; sourceTree = "<group>"; };
		D0FAF1F81F3018C500093E19 /* seahorse@2x.png */ = {isa = PBXFileReference; lastKnownFileType = image.png; name = "seahorse@2x.png"; path = "image/apply/applyIcon/seahorse@2x.png"; sourceTree = "<group>"; };
		D0FAF1F91F3018C500093E19 /* seahorse@3x.png */ = {isa = PBXFileReference; lastKnownFileType = image.png; name = "seahorse@3x.png"; path = "image/apply/applyIcon/seahorse@3x.png"; sourceTree = "<group>"; };
		D0FAF1FA1F3018C500093E19 /* whale.png */ = {isa = PBXFileReference; lastKnownFileType = image.png; name = whale.png; path = image/apply/applyIcon/whale.png; sourceTree = "<group>"; };
		D0FAF1FB1F3018C500093E19 /* whale@2x.png */ = {isa = PBXFileReference; lastKnownFileType = image.png; name = "whale@2x.png"; path = "image/apply/applyIcon/whale@2x.png"; sourceTree = "<group>"; };
		D0FAF1FC1F3018C500093E19 /* whale@3x.png */ = {isa = PBXFileReference; lastKnownFileType = image.png; name = "whale@3x.png"; path = "image/apply/applyIcon/whale@3x.png"; sourceTree = "<group>"; };
		D0FAF20B1F3018F700093E19 /* applyStayBackground@2x.png */ = {isa = PBXFileReference; lastKnownFileType = image.png; name = "applyStayBackground@2x.png"; path = "image/applyStay/applyStayBackground@2x.png"; sourceTree = "<group>"; };
		D0FAF20C1F3018F700093E19 /* applyStayBackground@3x.png */ = {isa = PBXFileReference; lastKnownFileType = image.png; name = "applyStayBackground@3x.png"; path = "image/applyStay/applyStayBackground@3x.png"; sourceTree = "<group>"; };
		D0FAF20D1F3018F700093E19 /* applyStayBackgroundground.png */ = {isa = PBXFileReference; lastKnownFileType = image.png; name = applyStayBackgroundground.png; path = image/applyStay/applyStayBackgroundground.png; sourceTree = "<group>"; };
		D0FAF2121F30190B00093E19 /* mySeat.png */ = {isa = PBXFileReference; lastKnownFileType = image.png; name = mySeat.png; path = image/applyStudy/mySeat.png; sourceTree = "<group>"; };
		D0FAF2131F30190B00093E19 /* mySeat@2x.png */ = {isa = PBXFileReference; lastKnownFileType = image.png; name = "mySeat@2x.png"; path = "image/applyStudy/mySeat@2x.png"; sourceTree = "<group>"; };
		D0FAF2141F30190B00093E19 /* mySeat@3x.png */ = {isa = PBXFileReference; lastKnownFileType = image.png; name = "mySeat@3x.png"; path = "image/applyStudy/mySeat@3x.png"; sourceTree = "<group>"; };
		D0FAF2151F30190B00093E19 /* seatNo.png */ = {isa = PBXFileReference; lastKnownFileType = image.png; name = seatNo.png; path = image/applyStudy/seatNo.png; sourceTree = "<group>"; };
		D0FAF2161F30190B00093E19 /* seatNo@2x.png */ = {isa = PBXFileReference; lastKnownFileType = image.png; name = "seatNo@2x.png"; path = "image/applyStudy/seatNo@2x.png"; sourceTree = "<group>"; };
		D0FAF2171F30190B00093E19 /* seatNo@3x.png */ = {isa = PBXFileReference; lastKnownFileType = image.png; name = "seatNo@3x.png"; path = "image/applyStudy/seatNo@3x.png"; sourceTree = "<group>"; };
		D0FAF2181F30190B00093E19 /* seatSelect.png */ = {isa = PBXFileReference; lastKnownFileType = image.png; name = seatSelect.png; path = image/applyStudy/seatSelect.png; sourceTree = "<group>"; };
		D0FAF2191F30190B00093E19 /* seatSelect@2x.png */ = {isa = PBXFileReference; lastKnownFileType = image.png; name = "seatSelect@2x.png"; path = "image/applyStudy/seatSelect@2x.png"; sourceTree = "<group>"; };
		D0FAF21A1F30190B00093E19 /* seatSelect@3x.png */ = {isa = PBXFileReference; lastKnownFileType = image.png; name = "seatSelect@3x.png"; path = "image/applyStudy/seatSelect@3x.png"; sourceTree = "<group>"; };
		D0FAF21B1F30190B00093E19 /* seatYes.png */ = {isa = PBXFileReference; lastKnownFileType = image.png; name = seatYes.png; path = image/applyStudy/seatYes.png; sourceTree = "<group>"; };
		D0FAF21C1F30190B00093E19 /* seatYes@2x.png */ = {isa = PBXFileReference; lastKnownFileType = image.png; name = "seatYes@2x.png"; path = "image/applyStudy/seatYes@2x.png"; sourceTree = "<group>"; };
		D0FAF21D1F30190B00093E19 /* seatYes@3x.png */ = {isa = PBXFileReference; lastKnownFileType = image.png; name = "seatYes@3x.png"; path = "image/applyStudy/seatYes@3x.png"; sourceTree = "<group>"; };
		D0FAF22B1F30192100093E19 /* facilityIcon.png */ = {isa = PBXFileReference; lastKnownFileType = image.png; name = facilityIcon.png; path = image/notice/facilityIcon.png; sourceTree = "<group>"; };
		D0FAF22C1F30192100093E19 /* facilityIcon@2x.png */ = {isa = PBXFileReference; lastKnownFileType = image.png; name = "facilityIcon@2x.png"; path = "image/notice/facilityIcon@2x.png"; sourceTree = "<group>"; };
		D0FAF22D1F30192100093E19 /* facilityIcon@3x.png */ = {isa = PBXFileReference; lastKnownFileType = image.png; name = "facilityIcon@3x.png"; path = "image/notice/facilityIcon@3x.png"; sourceTree = "<group>"; };
		D0FAF22E1F30192100093E19 /* notificationIcon.png */ = {isa = PBXFileReference; lastKnownFileType = image.png; name = notificationIcon.png; path = image/notice/notificationIcon.png; sourceTree = "<group>"; };
		D0FAF22F1F30192100093E19 /* notificationIcon@2x.png */ = {isa = PBXFileReference; lastKnownFileType = image.png; name = "notificationIcon@2x.png"; path = "image/notice/notificationIcon@2x.png"; sourceTree = "<group>"; };
		D0FAF2301F30192100093E19 /* notificationIcon@3x.png */ = {isa = PBXFileReference; lastKnownFileType = image.png; name = "notificationIcon@3x.png"; path = "image/notice/notificationIcon@3x.png"; sourceTree = "<group>"; };
		D0FAF2311F30192100093E19 /* questionIcon.png */ = {isa = PBXFileReference; lastKnownFileType = image.png; name = questionIcon.png; path = image/notice/questionIcon.png; sourceTree = "<group>"; };
		D0FAF2321F30192100093E19 /* questionIcon@2x.png */ = {isa = PBXFileReference; lastKnownFileType = image.png; name = "questionIcon@2x.png"; path = "image/notice/questionIcon@2x.png"; sourceTree = "<group>"; };
		D0FAF2331F30192100093E19 /* questionIcon@3x.png */ = {isa = PBXFileReference; lastKnownFileType = image.png; name = "questionIcon@3x.png"; path = "image/notice/questionIcon@3x.png"; sourceTree = "<group>"; };
		D0FAF2341F30192100093E19 /* ruleIcon.png */ = {isa = PBXFileReference; lastKnownFileType = image.png; name = ruleIcon.png; path = image/notice/ruleIcon.png; sourceTree = "<group>"; };
		D0FAF2351F30192100093E19 /* ruleIcon@2x.png */ = {isa = PBXFileReference; lastKnownFileType = image.png; name = "ruleIcon@2x.png"; path = "image/notice/ruleIcon@2x.png"; sourceTree = "<group>"; };
		D0FAF2361F30192100093E19 /* ruleIcon@3x.png */ = {isa = PBXFileReference; lastKnownFileType = image.png; name = "ruleIcon@3x.png"; path = "image/notice/ruleIcon@3x.png"; sourceTree = "<group>"; };
		D0FAF2451F30194200093E19 /* myPageBackground.png */ = {isa = PBXFileReference; lastKnownFileType = image.png; name = myPageBackground.png; path = image/myPage/myPageBackground.png; sourceTree = "<group>"; };
		D0FAF2461F30194200093E19 /* myPageFish1.png */ = {isa = PBXFileReference; lastKnownFileType = image.png; name = myPageFish1.png; path = image/myPage/myPageFish1.png; sourceTree = "<group>"; };
		D0FAF2471F30194200093E19 /* myPageFish1@2x.png */ = {isa = PBXFileReference; lastKnownFileType = image.png; name = "myPageFish1@2x.png"; path = "image/myPage/myPageFish1@2x.png"; sourceTree = "<group>"; };
		D0FAF2481F30194200093E19 /* myPageFish1@3x.png */ = {isa = PBXFileReference; lastKnownFileType = image.png; name = "myPageFish1@3x.png"; path = "image/myPage/myPageFish1@3x.png"; sourceTree = "<group>"; };
		D0FAF2491F30194200093E19 /* myPageFish2.png */ = {isa = PBXFileReference; lastKnownFileType = image.png; name = myPageFish2.png; path = image/myPage/myPageFish2.png; sourceTree = "<group>"; };
		D0FAF24A1F30194200093E19 /* myPageFish2@2x.png */ = {isa = PBXFileReference; lastKnownFileType = image.png; name = "myPageFish2@2x.png"; path = "image/myPage/myPageFish2@2x.png"; sourceTree = "<group>"; };
		D0FAF24B1F30194200093E19 /* myPageFish2@3x.png */ = {isa = PBXFileReference; lastKnownFileType = image.png; name = "myPageFish2@3x.png"; path = "image/myPage/myPageFish2@3x.png"; sourceTree = "<group>"; };
		D0FAF2531F3043D900093E19 /* SignUpView.swift */ = {isa = PBXFileReference; fileEncoding = 4; lastKnownFileType = sourcecode.swift; path = SignUpView.swift; sourceTree = "<group>"; };
/* End PBXFileReference section */

/* Begin PBXFrameworksBuildPhase section */
		D00F66921F4488D400BF26D5 /* Frameworks */ = {
			isa = PBXFrameworksBuildPhase;
			buildActionMask = 2147483647;
			files = (
				D00F66971F4488D400BF26D5 /* NotificationCenter.framework in Frameworks */,
			);
			runOnlyForDeploymentPostprocessing = 0;
		};
		D0538ABD1ECB007C00C47F86 /* Frameworks */ = {
			isa = PBXFrameworksBuildPhase;
			buildActionMask = 2147483647;
			files = (
				D0A587B61F0B940D009182BA /* Realm.framework in Frameworks */,
				D0A587B81F0B940D009182BA /* RealmSwift.framework in Frameworks */,
			);
			runOnlyForDeploymentPostprocessing = 0;
		};
		D0538AD11ECB007C00C47F86 /* Frameworks */ = {
			isa = PBXFrameworksBuildPhase;
			buildActionMask = 2147483647;
			files = (
			);
			runOnlyForDeploymentPostprocessing = 0;
		};
/* End PBXFrameworksBuildPhase section */

/* Begin PBXGroup section */
		D00F66981F4488D400BF26D5 /* DSMExtension */ = {
			isa = PBXGroup;
			children = (
				D00F66991F4488D400BF26D5 /* TodayViewController.swift */,
				D00F669B1F4488D400BF26D5 /* MainInterface.storyboard */,
				D00F669E1F4488D400BF26D5 /* Info.plist */,
			);
			path = DSMExtension;
			sourceTree = "<group>";
		};
		D019F96F1F5E6DAF00DE1BBB /* monster */ = {
			isa = PBXGroup;
			children = (
				D019F97C1F5E6E9900DE1BBB /* monster2.png */,
				D019F97D1F5E6E9900DE1BBB /* monster2@2x.png */,
				D019F97E1F5E6E9900DE1BBB /* monster2@3x.png */,
				D019F9701F5E6DFE00DE1BBB /* monster3.png */,
				D019F9711F5E6DFE00DE1BBB /* monster3@2x.png */,
				D019F9721F5E6DFE00DE1BBB /* monster3@3x.png */,
				D019F9731F5E6DFE00DE1BBB /* monster1.png */,
				D019F9741F5E6DFE00DE1BBB /* monster1@2x.png */,
				D019F9751F5E6DFE00DE1BBB /* monster1@3x.png */,
			);
			name = monster;
			sourceTree = "<group>";
		};
		D0202E381F6BAEC100A0D208 /* applyAfterSchool */ = {
			isa = PBXGroup;
			children = (
				D0202E411F6BDA7000A0D208 /* bubblesBackground.png */,
				D0202E421F6BDA7000A0D208 /* fishBackground.png */,
				D0202E3B1F6BAEF900A0D208 /* selectCountCircle.png */,
				D0202E3D1F6BAEFF00A0D208 /* unSelectCountCircle.png */,
				D0202E391F6BAEF400A0D208 /* whaleAfterSchool.png */,
			);
			name = applyAfterSchool;
			sourceTree = "<group>";
		};
		D04C10201ED17C4900C5AE5B /* Frameworks */ = {
			isa = PBXGroup;
			children = (
				D01FF3201F0B92CF0060651F /* Realm.framework */,
				D01FF3211F0B92CF0060651F /* RealmSwift.framework */,
				D00F66961F4488D400BF26D5 /* NotificationCenter.framework */,
			);
			name = Frameworks;
			sourceTree = "<group>";
		};
		D0538AB71ECB007C00C47F86 = {
			isa = PBXGroup;
			children = (
				D0538AC21ECB007C00C47F86 /* DSMapp */,
				D00F66981F4488D400BF26D5 /* DSMExtension */,
				D0538AC11ECB007C00C47F86 /* Products */,
				D0538AD71ECB007C00C47F86 /* DSMappTests */,
				D04C10201ED17C4900C5AE5B /* Frameworks */,
			);
			sourceTree = "<group>";
		};
		D0538AC11ECB007C00C47F86 /* Products */ = {
			isa = PBXGroup;
			children = (
				D0538AC01ECB007C00C47F86 /* DSMapp.app */,
				D0538AD41ECB007C00C47F86 /* DSMappTests.xctest */,
				D00F66951F4488D400BF26D5 /* DSMExtension.appex */,
			);
			name = Products;
			sourceTree = "<group>";
		};
		D0538AC21ECB007C00C47F86 /* DSMapp */ = {
			isa = PBXGroup;
			children = (
				D0FAF1AE1F30183600093E19 /* image */,
				D06BBF811F79016900DD17DA /* Main.storyboard */,
				D0FAF2531F3043D900093E19 /* SignUpView.swift */,
				D03CB5431F42DA7D002B1F08 /* LoginView.swift */,
				D03CB5441F42DA7D002B1F08 /* TabBarView.swift */,
				D0C0CCB01ECB47A700013168 /* MealView.swift */,
				D00DA2151EDD787600F08F5F /* ApplyView.swift */,
				D0EC740E1EED7BC200A2E940 /* ApplyStayView.swift */,
				D09CF9111EEFC40500A35D13 /* ApplyStudyView.swift */,
				D005FEE91ED204AD00C8E65F /* NoticeView.swift */,
				D0A9B2B61F4E5F1E00AE2F3A /* NoticeListCell.swift */,
				D0A9B2B41F4E552000AE2F3A /* NoticeListView.swift */,
				D0A9B2B81F4E60BA00AE2F3A /* NoticeDetailView.swift */,
				D0AA37FD1F2A31C4000F5203 /* MyPageView.swift */,
				D0538AC31ECB007C00C47F86 /* AppDelegate.swift */,
				D03CB5471F42DDB9002B1F08 /* ApplyAfterStudy.swift */,
				D0202E3F1F6BB13900A0D208 /* ApplyAfterSchoolInfo.swift */,
				D03CB5491F42E577002B1F08 /* ApplyAfterContent.swift */,
				D0AA38011F2A322A000F5203 /* MyViewCell.swift */,
				D0538ACA1ECB007C00C47F86 /* Assets.xcassets */,
				D0538ACC1ECB007C00C47F86 /* LaunchScreen.storyboard */,
				D0538ACF1ECB007C00C47F86 /* Info.plist */,
				D04B87A91EEA48F900743AB9 /* ToastAdd.swift */,
				D0204DC91F0CB9CC00C723F8 /* DataBaseClass.swift */,
				D0A9B2C71F4EAE5500AE2F3A /* FacilityView.swift */,
				D019F9821F5E76D100DE1BBB /* TopView.swift */,
				D09B9B9D1F6F71F20094C34A /* AskInfoView.swift */,
				D06BBF831F79305C00DD17DA /* AskInfoContentSelectView.swift */,
				D06BBF851F79312600DD17DA /* AskInfoContentEditView.swift */,
			);
			path = DSMapp;
			sourceTree = "<group>";
		};
		D0538AD71ECB007C00C47F86 /* DSMappTests */ = {
			isa = PBXGroup;
			children = (
				D0538AD81ECB007C00C47F86 /* DSMappTests.swift */,
				D0538ADA1ECB007C00C47F86 /* Info.plist */,
			);
			path = DSMappTests;
			sourceTree = SOURCE_ROOT;
		};
		D0FAF1AE1F30183600093E19 /* image */ = {
			isa = PBXGroup;
			children = (
				D0202E381F6BAEC100A0D208 /* applyAfterSchool */,
				D0FAF2441F30193300093E19 /* myPage */,
				D0FAF22A1F30191600093E19 /* notice */,
				D0FAF2111F3018FB00093E19 /* applyStudy */,
				D0FAF20A1F3018EA00093E19 /* applyStay */,
				D0FAF1E71F3018A000093E19 /* apply */,
				D0FAF1CE1F30187A00093E19 /* signUp */,
				D0FAF1CD1F30187100093E19 /* signIn */,
				D0FAF1B01F30185200093E19 /* public */,
				D0FAF1AF1F30184B00093E19 /* tabIcon */,
			);
			name = image;
			sourceTree = "<group>";
		};
		D0FAF1AF1F30184B00093E19 /* tabIcon */ = {
			isa = PBXGroup;
			children = (
				D0FAF1B11F30185E00093E19 /* applyIcon.png */,
				D0FAF1B21F30185E00093E19 /* applyIcon@2x.png */,
				D0FAF1B31F30185E00093E19 /* applyIcon@3x.png */,
				D0FAF1B41F30185E00093E19 /* mealIcon.png */,
				D0FAF1B51F30185E00093E19 /* mealIcon@2x.png */,
				D0FAF1B61F30185E00093E19 /* mealIcon@3x.png */,
				D0FAF1B71F30185E00093E19 /* noticeIcon.png */,
				D0FAF1B81F30185E00093E19 /* noticeIcon@2x.png */,
				D0FAF1B91F30185E00093E19 /* noticeIcon@3x.png */,
				D0FAF1BA1F30185E00093E19 /* userIcon@2x.png */,
				D0FAF1BB1F30185E00093E19 /* userIcon@3x.png */,
			);
			name = tabIcon;
			sourceTree = "<group>";
		};
		D0FAF1B01F30185200093E19 /* public */ = {
			isa = PBXGroup;
			children = (
				D0FAF1C71F30186900093E19 /* buttonShape.png */,
				D0FAF1C81F30186900093E19 /* buttonShape@2x.png */,
				D0FAF1C91F30186900093E19 /* buttonShape@3x.png */,
			);
			name = public;
			sourceTree = "<group>";
		};
		D0FAF1CD1F30187100093E19 /* signIn */ = {
			isa = PBXGroup;
			children = (
				D0FAF1CF1F30188600093E19 /* signInBackground.png */,
				D0FAF1D01F30188600093E19 /* signInBackground@2x.png */,
				D0FAF1D11F30188600093E19 /* signInBackground@3x.png */,
			);
			name = signIn;
			sourceTree = "<group>";
		};
		D0FAF1CE1F30187A00093E19 /* signUp */ = {
			isa = PBXGroup;
			children = (
				D0FAF1D51F30189600093E19 /* passwordError.png */,
				D0FAF1D61F30189600093E19 /* passwordError@2x.png */,
				D0FAF1D71F30189600093E19 /* passwordError@3x.png */,
				D0FAF1D81F30189600093E19 /* signUpBackground.png */,
				D0FAF1D91F30189600093E19 /* signUpBackground@2x.png */,
				D0FAF1DA1F30189600093E19 /* signUpBackground@3x.png */,
				D0FAF1DB1F30189600093E19 /* signUpIcon.png */,
				D0FAF1DC1F30189600093E19 /* signUpIcon@2x.png */,
				D0FAF1DD1F30189600093E19 /* signUpIcon@3x.png */,
			);
			name = signUp;
			sourceTree = "<group>";
		};
		D0FAF1E71F3018A000093E19 /* apply */ = {
			isa = PBXGroup;
			children = (
				D0FAF1F01F3018B700093E19 /* applyIcon */,
				D0FAF1E81F3018AB00093E19 /* applyBackground.png */,
				D0FAF1E91F3018AB00093E19 /* applyBackground@2x.png */,
				D0FAF1EA1F3018AB00093E19 /* applyBackground@3x.png */,
				D0FAF1EE1F3018B100093E19 /* applyTextBox.png */,
			);
			name = apply;
			sourceTree = "<group>";
		};
		D0FAF1F01F3018B700093E19 /* applyIcon */ = {
			isa = PBXGroup;
			children = (
				D0FAF1F11F3018C500093E19 /* fish.png */,
				D0FAF1F21F3018C500093E19 /* fish@2x.png */,
				D0FAF1F31F3018C500093E19 /* fish@3x.png */,
				D0FAF1F41F3018C500093E19 /* fish2.png */,
				D0FAF1F51F3018C500093E19 /* fish2@2x.png */,
				D0FAF1F61F3018C500093E19 /* fish2@3x.png */,
				D0FAF1F71F3018C500093E19 /* seahorse.png */,
				D0FAF1F81F3018C500093E19 /* seahorse@2x.png */,
				D0FAF1F91F3018C500093E19 /* seahorse@3x.png */,
				D0FAF1FA1F3018C500093E19 /* whale.png */,
				D0FAF1FB1F3018C500093E19 /* whale@2x.png */,
				D0FAF1FC1F3018C500093E19 /* whale@3x.png */,
			);
			name = applyIcon;
			sourceTree = "<group>";
		};
		D0FAF20A1F3018EA00093E19 /* applyStay */ = {
			isa = PBXGroup;
			children = (
				D0FAF20B1F3018F700093E19 /* applyStayBackground@2x.png */,
				D0FAF20C1F3018F700093E19 /* applyStayBackground@3x.png */,
				D0FAF20D1F3018F700093E19 /* applyStayBackgroundground.png */,
			);
			name = applyStay;
			sourceTree = "<group>";
		};
		D0FAF2111F3018FB00093E19 /* applyStudy */ = {
			isa = PBXGroup;
			children = (
				D0FAF2121F30190B00093E19 /* mySeat.png */,
				D0FAF2131F30190B00093E19 /* mySeat@2x.png */,
				D0FAF2141F30190B00093E19 /* mySeat@3x.png */,
				D0FAF2151F30190B00093E19 /* seatNo.png */,
				D0FAF2161F30190B00093E19 /* seatNo@2x.png */,
				D0FAF2171F30190B00093E19 /* seatNo@3x.png */,
				D0FAF2181F30190B00093E19 /* seatSelect.png */,
				D0FAF2191F30190B00093E19 /* seatSelect@2x.png */,
				D0FAF21A1F30190B00093E19 /* seatSelect@3x.png */,
				D0FAF21B1F30190B00093E19 /* seatYes.png */,
				D0FAF21C1F30190B00093E19 /* seatYes@2x.png */,
				D0FAF21D1F30190B00093E19 /* seatYes@3x.png */,
			);
			name = applyStudy;
			sourceTree = "<group>";
		};
		D0FAF22A1F30191600093E19 /* notice */ = {
			isa = PBXGroup;
			children = (
				D019F96F1F5E6DAF00DE1BBB /* monster */,
				D0A9B2C11F4EAA4000AE2F3A /* noticeListDetailBackground.png */,
				D0A9B2C21F4EAA4000AE2F3A /* noticeListDetailBackground@2x.png */,
				D0A9B2C31F4EAA4000AE2F3A /* noticeListDetailBackground@3x.png */,
				D0FAF22B1F30192100093E19 /* facilityIcon.png */,
				D0FAF22C1F30192100093E19 /* facilityIcon@2x.png */,
				D0FAF22D1F30192100093E19 /* facilityIcon@3x.png */,
				D0FAF22E1F30192100093E19 /* notificationIcon.png */,
				D0FAF22F1F30192100093E19 /* notificationIcon@2x.png */,
				D0FAF2301F30192100093E19 /* notificationIcon@3x.png */,
				D0FAF2311F30192100093E19 /* questionIcon.png */,
				D0FAF2321F30192100093E19 /* questionIcon@2x.png */,
				D0FAF2331F30192100093E19 /* questionIcon@3x.png */,
				D0FAF2341F30192100093E19 /* ruleIcon.png */,
				D0FAF2351F30192100093E19 /* ruleIcon@2x.png */,
				D0FAF2361F30192100093E19 /* ruleIcon@3x.png */,
			);
			name = notice;
			sourceTree = "<group>";
		};
		D0FAF2441F30193300093E19 /* myPage */ = {
			isa = PBXGroup;
			children = (
				D0FAF2451F30194200093E19 /* myPageBackground.png */,
				D0FAF2461F30194200093E19 /* myPageFish1.png */,
				D0FAF2471F30194200093E19 /* myPageFish1@2x.png */,
				D0FAF2481F30194200093E19 /* myPageFish1@3x.png */,
				D0FAF2491F30194200093E19 /* myPageFish2.png */,
				D0FAF24A1F30194200093E19 /* myPageFish2@2x.png */,
				D0FAF24B1F30194200093E19 /* myPageFish2@3x.png */,
			);
			name = myPage;
			sourceTree = "<group>";
		};
/* End PBXGroup section */

/* Begin PBXNativeTarget section */
		D00F66941F4488D400BF26D5 /* DSMExtension */ = {
			isa = PBXNativeTarget;
			buildConfigurationList = D00F66A41F4488D400BF26D5 /* Build configuration list for PBXNativeTarget "DSMExtension" */;
			buildPhases = (
				D00F66911F4488D400BF26D5 /* Sources */,
				D00F66921F4488D400BF26D5 /* Frameworks */,
				D00F66931F4488D400BF26D5 /* Resources */,
			);
			buildRules = (
			);
			dependencies = (
			);
			name = DSMExtension;
			productName = DSMExtension;
			productReference = D00F66951F4488D400BF26D5 /* DSMExtension.appex */;
			productType = "com.apple.product-type.app-extension";
		};
		D0538ABF1ECB007C00C47F86 /* DSMapp */ = {
			isa = PBXNativeTarget;
			buildConfigurationList = D0538ADD1ECB007C00C47F86 /* Build configuration list for PBXNativeTarget "DSMapp" */;
			buildPhases = (
				D0538ABC1ECB007C00C47F86 /* Sources */,
				D0538ABD1ECB007C00C47F86 /* Frameworks */,
				D0538ABE1ECB007C00C47F86 /* Resources */,
				D0CD248B1F0B2F0C00999369 /* ShellScript */,
				D0A587BA1F0B940D009182BA /* Embed Frameworks */,
				D00F66A51F4488D400BF26D5 /* Embed App Extensions */,
			);
			buildRules = (
			);
			dependencies = (
				D00F66A01F4488D400BF26D5 /* PBXTargetDependency */,
			);
			name = DSMapp;
			productName = DSMapp;
			productReference = D0538AC01ECB007C00C47F86 /* DSMapp.app */;
			productType = "com.apple.product-type.application";
		};
		D0538AD31ECB007C00C47F86 /* DSMappTests */ = {
			isa = PBXNativeTarget;
			buildConfigurationList = D0538AE01ECB007C00C47F86 /* Build configuration list for PBXNativeTarget "DSMappTests" */;
			buildPhases = (
				D0538AD01ECB007C00C47F86 /* Sources */,
				D0538AD11ECB007C00C47F86 /* Frameworks */,
				D0538AD21ECB007C00C47F86 /* Resources */,
			);
			buildRules = (
			);
			dependencies = (
				D0538AD61ECB007C00C47F86 /* PBXTargetDependency */,
			);
			name = DSMappTests;
			productName = DSMappTests;
			productReference = D0538AD41ECB007C00C47F86 /* DSMappTests.xctest */;
			productType = "com.apple.product-type.bundle.unit-test";
		};
/* End PBXNativeTarget section */

/* Begin PBXProject section */
		D0538AB81ECB007C00C47F86 /* Project object */ = {
			isa = PBXProject;
			attributes = {
				LastSwiftUpdateCheck = 0830;
				LastUpgradeCheck = 0900;
				ORGANIZATIONNAME = "이병찬";
				TargetAttributes = {
					D00F66941F4488D400BF26D5 = {
						CreatedOnToolsVersion = 8.3.3;
						DevelopmentTeam = W3868KR87Z;
						ProvisioningStyle = Automatic;
					};
					D0538ABF1ECB007C00C47F86 = {
						CreatedOnToolsVersion = 8.3;
						DevelopmentTeam = W3868KR87Z;
						LastSwiftMigration = 0830;
						ProvisioningStyle = Automatic;
					};
					D0538AD31ECB007C00C47F86 = {
						CreatedOnToolsVersion = 8.3;
						DevelopmentTeam = W3868KR87Z;
						ProvisioningStyle = Automatic;
						TestTargetID = D0538ABF1ECB007C00C47F86;
					};
				};
			};
			buildConfigurationList = D0538ABB1ECB007C00C47F86 /* Build configuration list for PBXProject "DSMapp" */;
			compatibilityVersion = "Xcode 3.2";
			developmentRegion = English;
			hasScannedForEncodings = 0;
			knownRegions = (
				en,
				Base,
			);
			mainGroup = D0538AB71ECB007C00C47F86;
			productRefGroup = D0538AC11ECB007C00C47F86 /* Products */;
			projectDirPath = "";
			projectRoot = "";
			targets = (
				D0538ABF1ECB007C00C47F86 /* DSMapp */,
				D0538AD31ECB007C00C47F86 /* DSMappTests */,
				D00F66941F4488D400BF26D5 /* DSMExtension */,
			);
		};
/* End PBXProject section */

/* Begin PBXResourcesBuildPhase section */
		D00F66931F4488D400BF26D5 /* Resources */ = {
			isa = PBXResourcesBuildPhase;
			buildActionMask = 2147483647;
			files = (
				D00F669D1F4488D400BF26D5 /* MainInterface.storyboard in Resources */,
			);
			runOnlyForDeploymentPostprocessing = 0;
		};
		D0538ABE1ECB007C00C47F86 /* Resources */ = {
			isa = PBXResourcesBuildPhase;
			buildActionMask = 2147483647;
			files = (
				D0FAF1EF1F3018B100093E19 /* applyTextBox.png in Resources */,
				D0FAF1E41F30189600093E19 /* signUpIcon.png in Resources */,
				D0FAF20E1F3018F700093E19 /* applyStayBackground@2x.png in Resources */,
				D0202E3E1F6BAEFF00A0D208 /* unSelectCountCircle.png in Resources */,
				D0FAF1BD1F30185E00093E19 /* applyIcon@2x.png in Resources */,
				D0FAF1C31F30185E00093E19 /* noticeIcon@2x.png in Resources */,
				D0FAF1DF1F30189600093E19 /* passwordError@2x.png in Resources */,
				D0FAF24E1F30194200093E19 /* myPageFish1@2x.png in Resources */,
				D0538ACE1ECB007C00C47F86 /* LaunchScreen.storyboard in Resources */,
				D019F9771F5E6DFE00DE1BBB /* monster3@2x.png in Resources */,
				D0538ACB1ECB007C00C47F86 /* Assets.xcassets in Resources */,
				D0FAF1EB1F3018AB00093E19 /* applyBackground.png in Resources */,
				D0FAF1D31F30188600093E19 /* signInBackground@2x.png in Resources */,
				D0FAF24D1F30194200093E19 /* myPageFish1.png in Resources */,
				D0FAF1E01F30189600093E19 /* passwordError@3x.png in Resources */,
				D0202E441F6BDA7000A0D208 /* fishBackground.png in Resources */,
				D019F9781F5E6DFE00DE1BBB /* monster3@3x.png in Resources */,
				D0FAF2221F30190B00093E19 /* seatNo@2x.png in Resources */,
				D019F9791F5E6DFE00DE1BBB /* monster1.png in Resources */,
				D0FAF1D41F30188600093E19 /* signInBackground@3x.png in Resources */,
				D0FAF1FF1F3018C500093E19 /* fish@3x.png in Resources */,
				D0FAF1E51F30189600093E19 /* signUpIcon@2x.png in Resources */,
				D0FAF2011F3018C500093E19 /* fish2@2x.png in Resources */,
				D0FAF2381F30192100093E19 /* facilityIcon@2x.png in Resources */,
				D0FAF23E1F30192100093E19 /* questionIcon@2x.png in Resources */,
				D0FAF21F1F30190B00093E19 /* mySeat@2x.png in Resources */,
				D0FAF1C11F30185E00093E19 /* mealIcon@3x.png in Resources */,
				D0FAF2001F3018C500093E19 /* fish2.png in Resources */,
				D0202E3C1F6BAEF900A0D208 /* selectCountCircle.png in Resources */,
				D0FAF2061F3018C500093E19 /* whale.png in Resources */,
				D0FAF2281F30190B00093E19 /* seatYes@2x.png in Resources */,
				D0FAF2391F30192100093E19 /* facilityIcon@3x.png in Resources */,
				D0FAF23A1F30192100093E19 /* notificationIcon.png in Resources */,
				D019F9761F5E6DFE00DE1BBB /* monster3.png in Resources */,
				D0FAF20F1F3018F700093E19 /* applyStayBackground@3x.png in Resources */,
				D019F9801F5E6E9900DE1BBB /* monster2@2x.png in Resources */,
				D0FAF2291F30190B00093E19 /* seatYes@3x.png in Resources */,
				D0202E3A1F6BAEF400A0D208 /* whaleAfterSchool.png in Resources */,
				D0FAF1CC1F30186900093E19 /* buttonShape@3x.png in Resources */,
				D0FAF23C1F30192100093E19 /* notificationIcon@3x.png in Resources */,
				D0FAF1E21F30189600093E19 /* signUpBackground@2x.png in Resources */,
				D0FAF2421F30192100093E19 /* ruleIcon@3x.png in Resources */,
				D0FAF2261F30190B00093E19 /* seatSelect@3x.png in Resources */,
				D0FAF1C61F30185E00093E19 /* userIcon@3x.png in Resources */,
				D0FAF2101F3018F700093E19 /* applyStayBackgroundground.png in Resources */,
				D0202E431F6BDA7000A0D208 /* bubblesBackground.png in Resources */,
				D0FAF23D1F30192100093E19 /* questionIcon.png in Resources */,
				D019F97B1F5E6DFE00DE1BBB /* monster1@3x.png in Resources */,
				D0FAF1DE1F30189600093E19 /* passwordError.png in Resources */,
				D0FAF2081F3018C500093E19 /* whale@3x.png in Resources */,
				D0FAF23F1F30192100093E19 /* questionIcon@3x.png in Resources */,
				D0FAF2021F3018C500093E19 /* fish2@3x.png in Resources */,
				D0FAF2401F30192100093E19 /* ruleIcon.png in Resources */,
				D0FAF2071F3018C500093E19 /* whale@2x.png in Resources */,
				D0FAF2241F30190B00093E19 /* seatSelect.png in Resources */,
				D0FAF1E11F30189600093E19 /* signUpBackground.png in Resources */,
				D019F97F1F5E6E9900DE1BBB /* monster2.png in Resources */,
				D0FAF24F1F30194200093E19 /* myPageFish1@3x.png in Resources */,
				D0FAF2051F3018C500093E19 /* seahorse@3x.png in Resources */,
				D0FAF1C01F30185E00093E19 /* mealIcon@2x.png in Resources */,
				D019F97A1F5E6DFE00DE1BBB /* monster1@2x.png in Resources */,
				D0FAF2371F30192100093E19 /* facilityIcon.png in Resources */,
				D0FAF2511F30194200093E19 /* myPageFish2@2x.png in Resources */,
				D0FAF1CA1F30186900093E19 /* buttonShape.png in Resources */,
				D0FAF1FD1F3018C500093E19 /* fish.png in Resources */,
				D0FAF1BF1F30185E00093E19 /* mealIcon.png in Resources */,
				D0FAF24C1F30194200093E19 /* myPageBackground.png in Resources */,
				D0FAF2041F3018C500093E19 /* seahorse@2x.png in Resources */,
				D0FAF1BC1F30185E00093E19 /* applyIcon.png in Resources */,
				D0FAF2271F30190B00093E19 /* seatYes.png in Resources */,
				D0FAF1E31F30189600093E19 /* signUpBackground@3x.png in Resources */,
				D0FAF1C21F30185E00093E19 /* noticeIcon.png in Resources */,
				D0FAF2521F30194200093E19 /* myPageFish2@3x.png in Resources */,
				D0FAF1CB1F30186900093E19 /* buttonShape@2x.png in Resources */,
				D0FAF2231F30190B00093E19 /* seatNo@3x.png in Resources */,
				D09F32451F793B13006A936C /* Main.storyboard in Resources */,
				D0FAF1C41F30185E00093E19 /* noticeIcon@3x.png in Resources */,
				D0A9B2C41F4EAA4000AE2F3A /* noticeListDetailBackground.png in Resources */,
				D0FAF1ED1F3018AB00093E19 /* applyBackground@3x.png in Resources */,
				D0A9B2C61F4EAA4000AE2F3A /* noticeListDetailBackground@3x.png in Resources */,
				D019F9811F5E6E9900DE1BBB /* monster2@3x.png in Resources */,
				D0FAF2031F3018C500093E19 /* seahorse.png in Resources */,
				D0FAF1EC1F3018AB00093E19 /* applyBackground@2x.png in Resources */,
				D0A9B2C51F4EAA4000AE2F3A /* noticeListDetailBackground@2x.png in Resources */,
				D0FAF1E61F30189600093E19 /* signUpIcon@3x.png in Resources */,
				D0FAF23B1F30192100093E19 /* notificationIcon@2x.png in Resources */,
				D0FAF2411F30192100093E19 /* ruleIcon@2x.png in Resources */,
				D0FAF1D21F30188600093E19 /* signInBackground.png in Resources */,
				D0FAF2501F30194200093E19 /* myPageFish2.png in Resources */,
				D0FAF1FE1F3018C500093E19 /* fish@2x.png in Resources */,
				D0FAF21E1F30190B00093E19 /* mySeat.png in Resources */,
				D0FAF2251F30190B00093E19 /* seatSelect@2x.png in Resources */,
				D0FAF2201F30190B00093E19 /* mySeat@3x.png in Resources */,
				D0FAF1BE1F30185E00093E19 /* applyIcon@3x.png in Resources */,
				D0FAF1C51F30185E00093E19 /* userIcon@2x.png in Resources */,
				D0FAF2211F30190B00093E19 /* seatNo.png in Resources */,
			);
			runOnlyForDeploymentPostprocessing = 0;
		};
		D0538AD21ECB007C00C47F86 /* Resources */ = {
			isa = PBXResourcesBuildPhase;
			buildActionMask = 2147483647;
			files = (
			);
			runOnlyForDeploymentPostprocessing = 0;
		};
/* End PBXResourcesBuildPhase section */

/* Begin PBXShellScriptBuildPhase section */
		D0CD248B1F0B2F0C00999369 /* ShellScript */ = {
			isa = PBXShellScriptBuildPhase;
			buildActionMask = 8;
			files = (
			);
			inputPaths = (
			);
			outputPaths = (
			);
			runOnlyForDeploymentPostprocessing = 1;
			shellPath = /bin/sh;
			shellScript = "bash \"${BUILT_PRODUCTS_DIR}/${FRAMEWORKS_FOLDER_PATH}/Realm.framework/strip-frameworks.sh\"";
		};
/* End PBXShellScriptBuildPhase section */

/* Begin PBXSourcesBuildPhase section */
		D00F66911F4488D400BF26D5 /* Sources */ = {
			isa = PBXSourcesBuildPhase;
			buildActionMask = 2147483647;
			files = (
				D00F669A1F4488D400BF26D5 /* TodayViewController.swift in Sources */,
			);
			runOnlyForDeploymentPostprocessing = 0;
		};
		D0538ABC1ECB007C00C47F86 /* Sources */ = {
			isa = PBXSourcesBuildPhase;
			buildActionMask = 2147483647;
			files = (
				D0AA37FE1F2A31C4000F5203 /* MyPageView.swift in Sources */,
				D03CB5451F42DA7D002B1F08 /* LoginView.swift in Sources */,
				D0AA38021F2A322A000F5203 /* MyViewCell.swift in Sources */,
				D03CB5481F42DDB9002B1F08 /* ApplyAfterStudy.swift in Sources */,
				D0204DCA1F0CB9CC00C723F8 /* DataBaseClass.swift in Sources */,
				D04B87AA1EEA48F900743AB9 /* ToastAdd.swift in Sources */,
				D019F9831F5E76D100DE1BBB /* TopView.swift in Sources */,
				D0EC740F1EED7BC200A2E940 /* ApplyStayView.swift in Sources */,
				D0538AC41ECB007C00C47F86 /* AppDelegate.swift in Sources */,
				D0A9B2B51F4E552000AE2F3A /* NoticeListView.swift in Sources */,
				D03CB5461F42DA7D002B1F08 /* TabBarView.swift in Sources */,
				D0FAF2541F3043D900093E19 /* SignUpView.swift in Sources */,
				D0A9B2B91F4E60BA00AE2F3A /* NoticeDetailView.swift in Sources */,
				D09CF9121EEFC40500A35D13 /* ApplyStudyView.swift in Sources */,
				D0A9B2C81F4EAE5500AE2F3A /* FacilityView.swift in Sources */,
				D03CB54A1F42E577002B1F08 /* ApplyAfterContent.swift in Sources */,
				D09B9B9E1F6F71F20094C34A /* AskInfoView.swift in Sources */,
				D0A9B2B71F4E5F1E00AE2F3A /* NoticeListCell.swift in Sources */,
				D00DA2161EDD787600F08F5F /* ApplyView.swift in Sources */,
				D0C0CCB11ECB47A700013168 /* MealView.swift in Sources */,
				D06BBF841F79305C00DD17DA /* AskInfoContentSelectView.swift in Sources */,
				D0202E401F6BB13900A0D208 /* ApplyAfterSchoolInfo.swift in Sources */,
				D06BBF861F79312600DD17DA /* AskInfoContentEditView.swift in Sources */,
				D005FEEA1ED204AD00C8E65F /* NoticeView.swift in Sources */,
			);
			runOnlyForDeploymentPostprocessing = 0;
		};
		D0538AD01ECB007C00C47F86 /* Sources */ = {
			isa = PBXSourcesBuildPhase;
			buildActionMask = 2147483647;
			files = (
				D0538AD91ECB007C00C47F86 /* DSMappTests.swift in Sources */,
			);
			runOnlyForDeploymentPostprocessing = 0;
		};
/* End PBXSourcesBuildPhase section */

/* Begin PBXTargetDependency section */
		D00F66A01F4488D400BF26D5 /* PBXTargetDependency */ = {
			isa = PBXTargetDependency;
			target = D00F66941F4488D400BF26D5 /* DSMExtension */;
			targetProxy = D00F669F1F4488D400BF26D5 /* PBXContainerItemProxy */;
		};
		D0538AD61ECB007C00C47F86 /* PBXTargetDependency */ = {
			isa = PBXTargetDependency;
			target = D0538ABF1ECB007C00C47F86 /* DSMapp */;
			targetProxy = D0538AD51ECB007C00C47F86 /* PBXContainerItemProxy */;
		};
/* End PBXTargetDependency section */

/* Begin PBXVariantGroup section */
		D00F669B1F4488D400BF26D5 /* MainInterface.storyboard */ = {
			isa = PBXVariantGroup;
			children = (
				D00F669C1F4488D400BF26D5 /* Base */,
			);
			name = MainInterface.storyboard;
			sourceTree = "<group>";
		};
		D0538ACC1ECB007C00C47F86 /* LaunchScreen.storyboard */ = {
			isa = PBXVariantGroup;
			children = (
				D0538ACD1ECB007C00C47F86 /* Base */,
			);
			name = LaunchScreen.storyboard;
			sourceTree = "<group>";
		};
		D06BBF811F79016900DD17DA /* Main.storyboard */ = {
			isa = PBXVariantGroup;
			children = (
				D06BBF821F79016900DD17DA /* Base */,
			);
			name = Main.storyboard;
			sourceTree = "<group>";
		};
/* End PBXVariantGroup section */

/* Begin XCBuildConfiguration section */
		D00F66A21F4488D400BF26D5 /* Debug */ = {
			isa = XCBuildConfiguration;
			buildSettings = {
				DEVELOPMENT_TEAM = W3868KR87Z;
				INFOPLIST_FILE = DSMExtension/Info.plist;
				LD_RUNPATH_SEARCH_PATHS = "$(inherited) @executable_path/Frameworks @executable_path/../../Frameworks";
				PRODUCT_BUNDLE_IDENTIFIER = GRAM.DSMapp.DSMExtension;
				PRODUCT_NAME = "$(TARGET_NAME)";
				SKIP_INSTALL = YES;
				SWIFT_VERSION = 3.0;
			};
			name = Debug;
		};
		D00F66A31F4488D400BF26D5 /* Release */ = {
			isa = XCBuildConfiguration;
			buildSettings = {
				DEVELOPMENT_TEAM = W3868KR87Z;
				INFOPLIST_FILE = DSMExtension/Info.plist;
				LD_RUNPATH_SEARCH_PATHS = "$(inherited) @executable_path/Frameworks @executable_path/../../Frameworks";
				PRODUCT_BUNDLE_IDENTIFIER = GRAM.DSMapp.DSMExtension;
				PRODUCT_NAME = "$(TARGET_NAME)";
				SKIP_INSTALL = YES;
				SWIFT_VERSION = 3.0;
			};
			name = Release;
		};
		D0538ADB1ECB007C00C47F86 /* Debug */ = {
			isa = XCBuildConfiguration;
			buildSettings = {
				ALWAYS_SEARCH_USER_PATHS = NO;
				CLANG_ANALYZER_NONNULL = YES;
				CLANG_ANALYZER_NUMBER_OBJECT_CONVERSION = YES_AGGRESSIVE;
				CLANG_CXX_LANGUAGE_STANDARD = "gnu++0x";
				CLANG_CXX_LIBRARY = "libc++";
				CLANG_ENABLE_MODULES = YES;
				CLANG_ENABLE_OBJC_ARC = YES;
				CLANG_WARN_BLOCK_CAPTURE_AUTORELEASING = YES;
				CLANG_WARN_BOOL_CONVERSION = YES;
				CLANG_WARN_COMMA = YES;
				CLANG_WARN_CONSTANT_CONVERSION = YES;
				CLANG_WARN_DIRECT_OBJC_ISA_USAGE = YES_ERROR;
				CLANG_WARN_DOCUMENTATION_COMMENTS = YES;
				CLANG_WARN_EMPTY_BODY = YES;
				CLANG_WARN_ENUM_CONVERSION = YES;
				CLANG_WARN_INFINITE_RECURSION = YES;
				CLANG_WARN_INT_CONVERSION = YES;
				CLANG_WARN_NON_LITERAL_NULL_CONVERSION = YES;
				CLANG_WARN_OBJC_LITERAL_CONVERSION = YES;
				CLANG_WARN_OBJC_ROOT_CLASS = YES_ERROR;
				CLANG_WARN_RANGE_LOOP_ANALYSIS = YES;
				CLANG_WARN_STRICT_PROTOTYPES = YES;
				CLANG_WARN_SUSPICIOUS_MOVE = YES;
				CLANG_WARN_UNREACHABLE_CODE = YES;
				CLANG_WARN__DUPLICATE_METHOD_MATCH = YES;
				"CODE_SIGN_IDENTITY[sdk=iphoneos*]" = "iPhone Developer";
				COPY_PHASE_STRIP = NO;
				DEBUG_INFORMATION_FORMAT = dwarf;
				ENABLE_STRICT_OBJC_MSGSEND = YES;
				ENABLE_TESTABILITY = YES;
				GCC_C_LANGUAGE_STANDARD = gnu99;
				GCC_DYNAMIC_NO_PIC = NO;
				GCC_NO_COMMON_BLOCKS = YES;
				GCC_OPTIMIZATION_LEVEL = 0;
				GCC_PREPROCESSOR_DEFINITIONS = (
					"DEBUG=1",
					"$(inherited)",
				);
				GCC_WARN_64_TO_32_BIT_CONVERSION = YES;
				GCC_WARN_ABOUT_RETURN_TYPE = YES_ERROR;
				GCC_WARN_UNDECLARED_SELECTOR = YES;
				GCC_WARN_UNINITIALIZED_AUTOS = YES_AGGRESSIVE;
				GCC_WARN_UNUSED_FUNCTION = YES;
				GCC_WARN_UNUSED_VARIABLE = YES;
				IPHONEOS_DEPLOYMENT_TARGET = 10.3;
				MTL_ENABLE_DEBUG_INFO = YES;
				ONLY_ACTIVE_ARCH = YES;
				SDKROOT = iphoneos;
				SWIFT_ACTIVE_COMPILATION_CONDITIONS = DEBUG;
				SWIFT_OPTIMIZATION_LEVEL = "-Onone";
				SWIFT_VERSION = 3.0;
				TARGETED_DEVICE_FAMILY = "1,2";
			};
			name = Debug;
		};
		D0538ADC1ECB007C00C47F86 /* Release */ = {
			isa = XCBuildConfiguration;
			buildSettings = {
				ALWAYS_SEARCH_USER_PATHS = NO;
				CLANG_ANALYZER_NONNULL = YES;
				CLANG_ANALYZER_NUMBER_OBJECT_CONVERSION = YES_AGGRESSIVE;
				CLANG_CXX_LANGUAGE_STANDARD = "gnu++0x";
				CLANG_CXX_LIBRARY = "libc++";
				CLANG_ENABLE_MODULES = YES;
				CLANG_ENABLE_OBJC_ARC = YES;
				CLANG_WARN_BLOCK_CAPTURE_AUTORELEASING = YES;
				CLANG_WARN_BOOL_CONVERSION = YES;
				CLANG_WARN_COMMA = YES;
				CLANG_WARN_CONSTANT_CONVERSION = YES;
				CLANG_WARN_DIRECT_OBJC_ISA_USAGE = YES_ERROR;
				CLANG_WARN_DOCUMENTATION_COMMENTS = YES;
				CLANG_WARN_EMPTY_BODY = YES;
				CLANG_WARN_ENUM_CONVERSION = YES;
				CLANG_WARN_INFINITE_RECURSION = YES;
				CLANG_WARN_INT_CONVERSION = YES;
				CLANG_WARN_NON_LITERAL_NULL_CONVERSION = YES;
				CLANG_WARN_OBJC_LITERAL_CONVERSION = YES;
				CLANG_WARN_OBJC_ROOT_CLASS = YES_ERROR;
				CLANG_WARN_RANGE_LOOP_ANALYSIS = YES;
				CLANG_WARN_STRICT_PROTOTYPES = YES;
				CLANG_WARN_SUSPICIOUS_MOVE = YES;
				CLANG_WARN_UNREACHABLE_CODE = YES;
				CLANG_WARN__DUPLICATE_METHOD_MATCH = YES;
				"CODE_SIGN_IDENTITY[sdk=iphoneos*]" = "iPhone Developer";
				COPY_PHASE_STRIP = NO;
				DEBUG_INFORMATION_FORMAT = "dwarf-with-dsym";
				ENABLE_NS_ASSERTIONS = NO;
				ENABLE_STRICT_OBJC_MSGSEND = YES;
				GCC_C_LANGUAGE_STANDARD = gnu99;
				GCC_NO_COMMON_BLOCKS = YES;
				GCC_WARN_64_TO_32_BIT_CONVERSION = YES;
				GCC_WARN_ABOUT_RETURN_TYPE = YES_ERROR;
				GCC_WARN_UNDECLARED_SELECTOR = YES;
				GCC_WARN_UNINITIALIZED_AUTOS = YES_AGGRESSIVE;
				GCC_WARN_UNUSED_FUNCTION = YES;
				GCC_WARN_UNUSED_VARIABLE = YES;
				IPHONEOS_DEPLOYMENT_TARGET = 10.3;
				MTL_ENABLE_DEBUG_INFO = NO;
				SDKROOT = iphoneos;
				SWIFT_OPTIMIZATION_LEVEL = "-Owholemodule";
				SWIFT_VERSION = 3.0;
				TARGETED_DEVICE_FAMILY = "1,2";
				VALIDATE_PRODUCT = YES;
			};
			name = Release;
		};
		D0538ADE1ECB007C00C47F86 /* Debug */ = {
			isa = XCBuildConfiguration;
			buildSettings = {
				ALWAYS_EMBED_SWIFT_STANDARD_LIBRARIES = "$(inherited)";
				ASSETCATALOG_COMPILER_APPICON_NAME = AppIcon;
				CLANG_ENABLE_MODULES = YES;
				DEVELOPMENT_TEAM = W3868KR87Z;
				FRAMEWORK_SEARCH_PATHS = (
					"$(inherited)",
					"$(PROJECT_DIR)",
					"$(PROJECT_DIR)/DSMapp",
				);
				INFOPLIST_FILE = DSMapp/Info.plist;
				IPHONEOS_DEPLOYMENT_TARGET = 10.3;
				LD_RUNPATH_SEARCH_PATHS = "$(inherited) @executable_path/Frameworks";
				PRODUCT_BUNDLE_IDENTIFIER = GRAM.DSMapp;
				PRODUCT_NAME = "$(TARGET_NAME)";
				SWIFT_INSTALL_OBJC_HEADER = NO;
				SWIFT_OBJC_INTERFACE_HEADER_NAME = "";
				SWIFT_OPTIMIZATION_LEVEL = "-Onone";
				SWIFT_REFLECTION_METADATA_LEVEL = none;
				SWIFT_VERSION = 3.0;
				TARGETED_DEVICE_FAMILY = "1,2";
			};
			name = Debug;
		};
		D0538ADF1ECB007C00C47F86 /* Release */ = {
			isa = XCBuildConfiguration;
			buildSettings = {
				ALWAYS_EMBED_SWIFT_STANDARD_LIBRARIES = "$(inherited)";
				ASSETCATALOG_COMPILER_APPICON_NAME = AppIcon;
				CLANG_ENABLE_MODULES = YES;
				DEVELOPMENT_TEAM = W3868KR87Z;
				FRAMEWORK_SEARCH_PATHS = (
					"$(inherited)",
					"$(PROJECT_DIR)",
					"$(PROJECT_DIR)/DSMapp",
				);
				INFOPLIST_FILE = DSMapp/Info.plist;
				IPHONEOS_DEPLOYMENT_TARGET = 10.3;
				LD_RUNPATH_SEARCH_PATHS = "$(inherited) @executable_path/Frameworks";
				PRODUCT_BUNDLE_IDENTIFIER = GRAM.DSMapp;
				PRODUCT_NAME = "$(TARGET_NAME)";
				SWIFT_INSTALL_OBJC_HEADER = NO;
				SWIFT_OBJC_INTERFACE_HEADER_NAME = "";
				SWIFT_REFLECTION_METADATA_LEVEL = none;
				SWIFT_VERSION = 3.0;
				TARGETED_DEVICE_FAMILY = "1,2";
			};
			name = Release;
		};
		D0538AE11ECB007C00C47F86 /* Debug */ = {
			isa = XCBuildConfiguration;
			buildSettings = {
				ALWAYS_EMBED_SWIFT_STANDARD_LIBRARIES = YES;
				BUNDLE_LOADER = "$(TEST_HOST)";
				DEVELOPMENT_TEAM = W3868KR87Z;
				INFOPLIST_FILE = DSMappTests/Info.plist;
				LD_RUNPATH_SEARCH_PATHS = "$(inherited) @executable_path/Frameworks @loader_path/Frameworks";
				PRODUCT_BUNDLE_IDENTIFIER = GRAM.DSMappTests;
				PRODUCT_NAME = "$(TARGET_NAME)";
				SWIFT_VERSION = 3.0;
				TEST_HOST = "$(BUILT_PRODUCTS_DIR)/DSMapp.app/DSMapp";
			};
			name = Debug;
		};
		D0538AE21ECB007C00C47F86 /* Release */ = {
			isa = XCBuildConfiguration;
			buildSettings = {
				ALWAYS_EMBED_SWIFT_STANDARD_LIBRARIES = YES;
				BUNDLE_LOADER = "$(TEST_HOST)";
				DEVELOPMENT_TEAM = W3868KR87Z;
				INFOPLIST_FILE = DSMappTests/Info.plist;
				LD_RUNPATH_SEARCH_PATHS = "$(inherited) @executable_path/Frameworks @loader_path/Frameworks";
				PRODUCT_BUNDLE_IDENTIFIER = GRAM.DSMappTests;
				PRODUCT_NAME = "$(TARGET_NAME)";
				SWIFT_VERSION = 3.0;
				TEST_HOST = "$(BUILT_PRODUCTS_DIR)/DSMapp.app/DSMapp";
			};
			name = Release;
		};
/* End XCBuildConfiguration section */

/* Begin XCConfigurationList section */
		D00F66A41F4488D400BF26D5 /* Build configuration list for PBXNativeTarget "DSMExtension" */ = {
			isa = XCConfigurationList;
			buildConfigurations = (
				D00F66A21F4488D400BF26D5 /* Debug */,
				D00F66A31F4488D400BF26D5 /* Release */,
			);
			defaultConfigurationIsVisible = 0;
			defaultConfigurationName = Release;
		};
		D0538ABB1ECB007C00C47F86 /* Build configuration list for PBXProject "DSMapp" */ = {
			isa = XCConfigurationList;
			buildConfigurations = (
				D0538ADB1ECB007C00C47F86 /* Debug */,
				D0538ADC1ECB007C00C47F86 /* Release */,
			);
			defaultConfigurationIsVisible = 0;
			defaultConfigurationName = Release;
		};
		D0538ADD1ECB007C00C47F86 /* Build configuration list for PBXNativeTarget "DSMapp" */ = {
			isa = XCConfigurationList;
			buildConfigurations = (
				D0538ADE1ECB007C00C47F86 /* Debug */,
				D0538ADF1ECB007C00C47F86 /* Release */,
			);
			defaultConfigurationIsVisible = 0;
			defaultConfigurationName = Release;
		};
		D0538AE01ECB007C00C47F86 /* Build configuration list for PBXNativeTarget "DSMappTests" */ = {
			isa = XCConfigurationList;
			buildConfigurations = (
				D0538AE11ECB007C00C47F86 /* Debug */,
				D0538AE21ECB007C00C47F86 /* Release */,
			);
			defaultConfigurationIsVisible = 0;
			defaultConfigurationName = Release;
		};
/* End XCConfigurationList section */
	};
	rootObject = D0538AB81ECB007C00C47F86 /* Project object */;
}
