// !$*UTF8*$!
{
	archiveVersion = 1;
	classes = {
	};
	objectVersion = 46;
	objects = {

/* Begin PBXBuildFile section */
		67A9B0350C4802CBF0550340 /* NoticeMainVC.swift in Sources */ = {isa = PBXBuildFile; fileRef = 67A9BED3BCBD25404EC42567 /* NoticeMainVC.swift */; };
		67A9B137FA18D4D6299E5CE0 /* Base.swift in Sources */ = {isa = PBXBuildFile; fileRef = 67A9B37B35E25768AE21999B /* Base.swift */; };
		67A9B175B8C1550CA4040278 /* SignInVC.swift in Sources */ = {isa = PBXBuildFile; fileRef = 67A9BDE89202A334A87A1B26 /* SignInVC.swift */; };
		67A9B57F5DB6364E16D00137 /* ApplyStudyVC.swift in Sources */ = {isa = PBXBuildFile; fileRef = 67A9B6C3A6B20FC3C0865419 /* ApplyStudyVC.swift */; };
		67A9B5B875AFD0C769CB229E /* SignUpVC.swift in Sources */ = {isa = PBXBuildFile; fileRef = 67A9B672F80256CA24F29B43 /* SignUpVC.swift */; };
		67A9B7AA5DFA7F3D0D3210AA /* NoticeListVC.swift in Sources */ = {isa = PBXBuildFile; fileRef = 67A9BE519339742B7CABFF3E /* NoticeListVC.swift */; };
		67A9B8511B9CDDE734B7418B /* NoticeDetailVC.swift in Sources */ = {isa = PBXBuildFile; fileRef = 67A9B63E13E41FA9FA984654 /* NoticeDetailVC.swift */; };
		67A9B95B2FA470A391ADC2DF /* ChangePasswordVC.swift in Sources */ = {isa = PBXBuildFile; fileRef = 67A9BFDF0B136A3683FF8180 /* ChangePasswordVC.swift */; };
		67A9BBDA668F5A650BE32026 /* Shape.swift in Sources */ = {isa = PBXBuildFile; fileRef = 67A9BC288625308187D3D71B /* Shape.swift */; };
		67A9BEBCA15977CE6828FAD4 /* ApplyStayVC.swift in Sources */ = {isa = PBXBuildFile; fileRef = 67A9BA98F66BDABF1DE88F1E /* ApplyStayVC.swift */; };
		D018EBC81FB9404000C923C7 /* SurveyBaseVC.swift in Sources */ = {isa = PBXBuildFile; fileRef = D018EBC71FB9404000C923C7 /* SurveyBaseVC.swift */; };
		D018EBCA1FB9405A00C923C7 /* SurveyObVC.swift in Sources */ = {isa = PBXBuildFile; fileRef = D018EBC91FB9405A00C923C7 /* SurveyObVC.swift */; };
		D018EBCC1FB9406D00C923C7 /* SurveyNObVC.swift in Sources */ = {isa = PBXBuildFile; fileRef = D018EBCB1FB9406D00C923C7 /* SurveyNObVC.swift */; };
		D018EBCE1FB9591E00C923C7 /* SurveyContentVC.swift in Sources */ = {isa = PBXBuildFile; fileRef = D018EBCD1FB9591E00C923C7 /* SurveyContentVC.swift */; };
		D02B64151FB0A80F0065AC2D /* MealContentVC.swift in Sources */ = {isa = PBXBuildFile; fileRef = D02B64141FB0A80F0065AC2D /* MealContentVC.swift */; };
		D0341A0B1FB6DDFC00B50CE2 /* SurveyListModel.swift in Sources */ = {isa = PBXBuildFile; fileRef = D0341A0A1FB6DDFC00B50CE2 /* SurveyListModel.swift */; };
		D0341A0D1FB70C1A00B50CE2 /* AuthModel.swift in Sources */ = {isa = PBXBuildFile; fileRef = D0341A0C1FB70C1A00B50CE2 /* AuthModel.swift */; };
		D0341A0F1FB740C900B50CE2 /* NoticeListModel.swift in Sources */ = {isa = PBXBuildFile; fileRef = D0341A0E1FB740C900B50CE2 /* NoticeListModel.swift */; };
		D04348D21FB9D7C600F2AC62 /* NoticeDetailModel.swift in Sources */ = {isa = PBXBuildFile; fileRef = D04348D11FB9D7C600F2AC62 /* NoticeDetailModel.swift */; };
		D04348DC1FBA779E00F2AC62 /* surveyIcon@3x.png in Resources */ = {isa = PBXBuildFile; fileRef = D04348D91FBA779B00F2AC62 /* surveyIcon@3x.png */; };
		D04348DD1FBA779E00F2AC62 /* surveyIcon.png in Resources */ = {isa = PBXBuildFile; fileRef = D04348DA1FBA779C00F2AC62 /* surveyIcon.png */; };
		D04348DE1FBA779E00F2AC62 /* surveyIcon@2x.png in Resources */ = {isa = PBXBuildFile; fileRef = D04348DB1FBA779D00F2AC62 /* surveyIcon@2x.png */; };
		D04348EA1FBAC6D400F2AC62 /* NotificationCenter.framework in Frameworks */ = {isa = PBXBuildFile; fileRef = D00F66961F4488D400BF26D5 /* NotificationCenter.framework */; };
		D04348ED1FBAC6D400F2AC62 /* TodayViewController.swift in Sources */ = {isa = PBXBuildFile; fileRef = D04348EC1FBAC6D400F2AC62 /* TodayViewController.swift */; };
		D04348F01FBAC6D400F2AC62 /* MainInterface.storyboard in Resources */ = {isa = PBXBuildFile; fileRef = D04348EE1FBAC6D400F2AC62 /* MainInterface.storyboard */; };
		D04348F41FBAC6D400F2AC62 /* MealExtension.appex in Embed App Extensions */ = {isa = PBXBuildFile; fileRef = D04348E91FBAC6D400F2AC62 /* MealExtension.appex */; settings = {ATTRIBUTES = (RemoveHeadersOnCopy, ); }; };
		D0473CFC1FB1F951002E3FE4 /* Apply.storyboard in Resources */ = {isa = PBXBuildFile; fileRef = D0473CFB1FB1F951002E3FE4 /* Apply.storyboard */; };
		D0473CFE1FB1FD43002E3FE4 /* ApplyMainVC.swift in Sources */ = {isa = PBXBuildFile; fileRef = D0473CFD1FB1FD43002E3FE4 /* ApplyMainVC.swift */; };
		D0473D031FB2BF1E002E3FE4 /* MyPage.storyboard in Resources */ = {isa = PBXBuildFile; fileRef = D0473D021FB2BF1E002E3FE4 /* MyPage.storyboard */; };
		D0473D061FB33CF0002E3FE4 /* MyPageVC.swift in Sources */ = {isa = PBXBuildFile; fileRef = D0473D051FB33CF0002E3FE4 /* MyPageVC.swift */; };
		D0473D081FB34D48002E3FE4 /* MyPageModel.swift in Sources */ = {isa = PBXBuildFile; fileRef = D0473D071FB34D48002E3FE4 /* MyPageModel.swift */; };
		D0473D0A1FB34EEA002E3FE4 /* MealModel.swift in Sources */ = {isa = PBXBuildFile; fileRef = D0473D091FB34EEA002E3FE4 /* MealModel.swift */; };
		D04D8A3C1FB03643004DA5FD /* Meal.storyboard in Resources */ = {isa = PBXBuildFile; fileRef = D04D8A3B1FB03643004DA5FD /* Meal.storyboard */; };
		D04D8A3E1FB0365D004DA5FD /* Notice.storyboard in Resources */ = {isa = PBXBuildFile; fileRef = D04D8A3D1FB0365D004DA5FD /* Notice.storyboard */; };
		D04D8A401FB03694004DA5FD /* Auth.storyboard in Resources */ = {isa = PBXBuildFile; fileRef = D04D8A3F1FB03694004DA5FD /* Auth.storyboard */; };
		D04D8A431FB03A67004DA5FD /* MealVC.swift in Sources */ = {isa = PBXBuildFile; fileRef = D04D8A421FB03A67004DA5FD /* MealVC.swift */; };
		D0538AC41ECB007C00C47F86 /* AppDelegate.swift in Sources */ = {isa = PBXBuildFile; fileRef = D0538AC31ECB007C00C47F86 /* AppDelegate.swift */; };
		D0538ACB1ECB007C00C47F86 /* Assets.xcassets in Resources */ = {isa = PBXBuildFile; fileRef = D0538ACA1ECB007C00C47F86 /* Assets.xcassets */; };
		D0538ACE1ECB007C00C47F86 /* LaunchScreen.storyboard in Resources */ = {isa = PBXBuildFile; fileRef = D0538ACC1ECB007C00C47F86 /* LaunchScreen.storyboard */; };
		D0538AD91ECB007C00C47F86 /* DSMappTests.swift in Sources */ = {isa = PBXBuildFile; fileRef = D0538AD81ECB007C00C47F86 /* DSMappTests.swift */; };
		D05EE5F51FBD104D00C32211 /* MealModel.swift in Sources */ = {isa = PBXBuildFile; fileRef = D05EE5F41FBD104D00C32211 /* MealModel.swift */; };
		D06E55321FC31D9F00FD71E2 /* seatYes@2x.png in Resources */ = {isa = PBXBuildFile; fileRef = D06E55291FC31D9E00FD71E2 /* seatYes@2x.png */; };
		D06E55331FC31D9F00FD71E2 /* seatNo@3x.png in Resources */ = {isa = PBXBuildFile; fileRef = D06E552A1FC31D9E00FD71E2 /* seatNo@3x.png */; };
		D06E55341FC31D9F00FD71E2 /* seatYes.png in Resources */ = {isa = PBXBuildFile; fileRef = D06E552B1FC31D9E00FD71E2 /* seatYes.png */; };
		D06E55351FC31D9F00FD71E2 /* seatSelect@3x.png in Resources */ = {isa = PBXBuildFile; fileRef = D06E552C1FC31D9E00FD71E2 /* seatSelect@3x.png */; };
		D06E55361FC31D9F00FD71E2 /* seatSelect.png in Resources */ = {isa = PBXBuildFile; fileRef = D06E552D1FC31D9E00FD71E2 /* seatSelect.png */; };
		D06E55371FC31D9F00FD71E2 /* seatNo@2x.png in Resources */ = {isa = PBXBuildFile; fileRef = D06E552E1FC31D9F00FD71E2 /* seatNo@2x.png */; };
		D06E55381FC31D9F00FD71E2 /* seatYes@3x.png in Resources */ = {isa = PBXBuildFile; fileRef = D06E552F1FC31D9F00FD71E2 /* seatYes@3x.png */; };
		D06E55391FC31D9F00FD71E2 /* seatSelect@2x.png in Resources */ = {isa = PBXBuildFile; fileRef = D06E55301FC31D9F00FD71E2 /* seatSelect@2x.png */; };
		D06E553A1FC31D9F00FD71E2 /* seatNo.png in Resources */ = {isa = PBXBuildFile; fileRef = D06E55311FC31D9F00FD71E2 /* seatNo.png */; };
		D06E553C1FC3C51F00FD71E2 /* logo.png in Resources */ = {isa = PBXBuildFile; fileRef = D06E553B1FC3C51F00FD71E2 /* logo.png */; };
		D07CFF631FB6CD6A00CB0717 /* SurveyListVC.swift in Sources */ = {isa = PBXBuildFile; fileRef = D07CFF621FB6CD6A00CB0717 /* SurveyListVC.swift */; };
		D09F32451F793B13006A936C /* Main.storyboard in Resources */ = {isa = PBXBuildFile; fileRef = D06BBF811F79016900DD17DA /* Main.storyboard */; };
		D0D985D01FB1813300CE9FD4 /* noticeListDetailBackground.png in Resources */ = {isa = PBXBuildFile; fileRef = D0D985C01FB1812900CE9FD4 /* noticeListDetailBackground.png */; };
		D0D985D11FB1813300CE9FD4 /* signInBackground@2x.png in Resources */ = {isa = PBXBuildFile; fileRef = D0D985C11FB1812900CE9FD4 /* signInBackground@2x.png */; };
		D0D985D21FB1813300CE9FD4 /* signUpBackground@3x.png in Resources */ = {isa = PBXBuildFile; fileRef = D0D985C21FB1812A00CE9FD4 /* signUpBackground@3x.png */; };
		D0D985D31FB1813300CE9FD4 /* signUpBackground.png in Resources */ = {isa = PBXBuildFile; fileRef = D0D985C31FB1812B00CE9FD4 /* signUpBackground.png */; };
		D0D985D41FB1813300CE9FD4 /* applyStayBackground@2x.png in Resources */ = {isa = PBXBuildFile; fileRef = D0D985C41FB1812C00CE9FD4 /* applyStayBackground@2x.png */; };
		D0D985D51FB1813300CE9FD4 /* signUpBackground@2x.png in Resources */ = {isa = PBXBuildFile; fileRef = D0D985C51FB1812C00CE9FD4 /* signUpBackground@2x.png */; };
		D0D985D61FB1813300CE9FD4 /* applyBackground.png in Resources */ = {isa = PBXBuildFile; fileRef = D0D985C61FB1812D00CE9FD4 /* applyBackground.png */; };
		D0D985D71FB1813300CE9FD4 /* applyStayBackground@3x.png in Resources */ = {isa = PBXBuildFile; fileRef = D0D985C71FB1812E00CE9FD4 /* applyStayBackground@3x.png */; };
		D0D985D81FB1813300CE9FD4 /* applyBackground@2x.png in Resources */ = {isa = PBXBuildFile; fileRef = D0D985C81FB1812F00CE9FD4 /* applyBackground@2x.png */; };
		D0D985D91FB1813300CE9FD4 /* signInBackground.png in Resources */ = {isa = PBXBuildFile; fileRef = D0D985C91FB1812F00CE9FD4 /* signInBackground.png */; };
		D0D985DA1FB1813300CE9FD4 /* signInBackground@3x.png in Resources */ = {isa = PBXBuildFile; fileRef = D0D985CA1FB1813000CE9FD4 /* signInBackground@3x.png */; };
		D0D985DB1FB1813300CE9FD4 /* applyStayBackgroundground.png in Resources */ = {isa = PBXBuildFile; fileRef = D0D985CB1FB1813100CE9FD4 /* applyStayBackgroundground.png */; };
		D0D985DC1FB1813300CE9FD4 /* applyBackground@3x.png in Resources */ = {isa = PBXBuildFile; fileRef = D0D985CC1FB1813100CE9FD4 /* applyBackground@3x.png */; };
		D0D985DD1FB1813300CE9FD4 /* myPageBackground.png in Resources */ = {isa = PBXBuildFile; fileRef = D0D985CD1FB1813200CE9FD4 /* myPageBackground.png */; };
		D0D985DE1FB1813300CE9FD4 /* noticeListDetailBackground@2x.png in Resources */ = {isa = PBXBuildFile; fileRef = D0D985CE1FB1813300CE9FD4 /* noticeListDetailBackground@2x.png */; };
		D0D985DF1FB1813300CE9FD4 /* noticeListDetailBackground@3x.png in Resources */ = {isa = PBXBuildFile; fileRef = D0D985CF1FB1813300CE9FD4 /* noticeListDetailBackground@3x.png */; };
		D0D985F61FB1817F00CE9FD4 /* applyOutIcon.png in Resources */ = {isa = PBXBuildFile; fileRef = D0D985E11FB1816E00CE9FD4 /* applyOutIcon.png */; };
		D0D985F71FB1817F00CE9FD4 /* applyStayIcon.png in Resources */ = {isa = PBXBuildFile; fileRef = D0D985E21FB1816F00CE9FD4 /* applyStayIcon.png */; };
		D0D985F81FB1817F00CE9FD4 /* applyStayIcon@3x.png in Resources */ = {isa = PBXBuildFile; fileRef = D0D985E31FB1817000CE9FD4 /* applyStayIcon@3x.png */; };
		D0D985F91FB1817F00CE9FD4 /* changePasswordIcon.png in Resources */ = {isa = PBXBuildFile; fileRef = D0D985E41FB1817000CE9FD4 /* changePasswordIcon.png */; };
		D0D985FA1FB1817F00CE9FD4 /* applyStudyIcon.png in Resources */ = {isa = PBXBuildFile; fileRef = D0D985E51FB1817100CE9FD4 /* applyStudyIcon.png */; };
		D0D985FB1FB1817F00CE9FD4 /* changePasswordIcon@3x.png in Resources */ = {isa = PBXBuildFile; fileRef = D0D985E61FB1817200CE9FD4 /* changePasswordIcon@3x.png */; };
		D0D985FC1FB1817F00CE9FD4 /* applyStayIcon@2x.png in Resources */ = {isa = PBXBuildFile; fileRef = D0D985E71FB1817200CE9FD4 /* applyStayIcon@2x.png */; };
		D0D985FD1FB1817F00CE9FD4 /* changePasswordIcon@2x.png in Resources */ = {isa = PBXBuildFile; fileRef = D0D985E81FB1817300CE9FD4 /* changePasswordIcon@2x.png */; };
		D0D985FE1FB1817F00CE9FD4 /* myStayIcon@2x.png in Resources */ = {isa = PBXBuildFile; fileRef = D0D985E91FB1817400CE9FD4 /* myStayIcon@2x.png */; };
		D0D985FF1FB1817F00CE9FD4 /* applyOutIcon@3x.png in Resources */ = {isa = PBXBuildFile; fileRef = D0D985EA1FB1817500CE9FD4 /* applyOutIcon@3x.png */; };
		D0D986001FB1817F00CE9FD4 /* applyStudyIcon@2x.png in Resources */ = {isa = PBXBuildFile; fileRef = D0D985EB1FB1817800CE9FD4 /* applyStudyIcon@2x.png */; };
		D0D986011FB1817F00CE9FD4 /* myStayIcon@3x.png in Resources */ = {isa = PBXBuildFile; fileRef = D0D985EC1FB1817900CE9FD4 /* myStayIcon@3x.png */; };
		D0D986021FB1817F00CE9FD4 /* signUpIcon.png in Resources */ = {isa = PBXBuildFile; fileRef = D0D985ED1FB1817A00CE9FD4 /* signUpIcon.png */; };
		D0D986031FB1817F00CE9FD4 /* applyStudyIcon@3x.png in Resources */ = {isa = PBXBuildFile; fileRef = D0D985EE1FB1817A00CE9FD4 /* applyStudyIcon@3x.png */; };
		D0D986041FB1817F00CE9FD4 /* myStudyIcon@3x.png in Resources */ = {isa = PBXBuildFile; fileRef = D0D985EF1FB1817B00CE9FD4 /* myStudyIcon@3x.png */; };
		D0D986051FB1817F00CE9FD4 /* signUpIcon@2x.png in Resources */ = {isa = PBXBuildFile; fileRef = D0D985F01FB1817C00CE9FD4 /* signUpIcon@2x.png */; };
		D0D986061FB1817F00CE9FD4 /* myStudyIcon.png in Resources */ = {isa = PBXBuildFile; fileRef = D0D985F11FB1817C00CE9FD4 /* myStudyIcon.png */; };
		D0D986071FB1817F00CE9FD4 /* signUpIcon@3x.png in Resources */ = {isa = PBXBuildFile; fileRef = D0D985F21FB1817D00CE9FD4 /* signUpIcon@3x.png */; };
		D0D986081FB1817F00CE9FD4 /* myStayIcon.png in Resources */ = {isa = PBXBuildFile; fileRef = D0D985F31FB1817E00CE9FD4 /* myStayIcon.png */; };
		D0D986091FB1817F00CE9FD4 /* myStudyIcon@2x.png in Resources */ = {isa = PBXBuildFile; fileRef = D0D985F41FB1817E00CE9FD4 /* myStudyIcon@2x.png */; };
		D0D9860A1FB1817F00CE9FD4 /* applyOutIcon@2x.png in Resources */ = {isa = PBXBuildFile; fileRef = D0D985F51FB1817F00CE9FD4 /* applyOutIcon@2x.png */; };
		D0D986211FB181E200CE9FD4 /* monster3.png in Resources */ = {isa = PBXBuildFile; fileRef = D0D9860C1FB181D300CE9FD4 /* monster3.png */; };
		D0D986221FB181E200CE9FD4 /* facilityIcon@2x.png in Resources */ = {isa = PBXBuildFile; fileRef = D0D9860D1FB181D400CE9FD4 /* facilityIcon@2x.png */; };
		D0D986231FB181E200CE9FD4 /* facilityIcon.png in Resources */ = {isa = PBXBuildFile; fileRef = D0D9860E1FB181D500CE9FD4 /* facilityIcon.png */; };
		D0D986241FB181E200CE9FD4 /* monster1@3x.png in Resources */ = {isa = PBXBuildFile; fileRef = D0D9860F1FB181D500CE9FD4 /* monster1@3x.png */; };
		D0D986251FB181E200CE9FD4 /* monster3@2x.png in Resources */ = {isa = PBXBuildFile; fileRef = D0D986101FB181D600CE9FD4 /* monster3@2x.png */; };
		D0D986261FB181E200CE9FD4 /* notificationIcon.png in Resources */ = {isa = PBXBuildFile; fileRef = D0D986111FB181D700CE9FD4 /* notificationIcon.png */; };
		D0D986271FB181E200CE9FD4 /* monster2@3x.png in Resources */ = {isa = PBXBuildFile; fileRef = D0D986121FB181D800CE9FD4 /* monster2@3x.png */; };
		D0D986281FB181E200CE9FD4 /* questionIcon@2x.png in Resources */ = {isa = PBXBuildFile; fileRef = D0D986131FB181D800CE9FD4 /* questionIcon@2x.png */; };
		D0D986291FB181E200CE9FD4 /* monster1.png in Resources */ = {isa = PBXBuildFile; fileRef = D0D986141FB181D900CE9FD4 /* monster1.png */; };
		D0D9862A1FB181E200CE9FD4 /* ruleIcon.png in Resources */ = {isa = PBXBuildFile; fileRef = D0D986151FB181DA00CE9FD4 /* ruleIcon.png */; };
		D0D9862B1FB181E200CE9FD4 /* questionIcon.png in Resources */ = {isa = PBXBuildFile; fileRef = D0D986161FB181DA00CE9FD4 /* questionIcon.png */; };
		D0D9862C1FB181E200CE9FD4 /* notificationIcon@3x.png in Resources */ = {isa = PBXBuildFile; fileRef = D0D986171FB181DB00CE9FD4 /* notificationIcon@3x.png */; };
		D0D9862D1FB181E200CE9FD4 /* facilityIcon@3x.png in Resources */ = {isa = PBXBuildFile; fileRef = D0D986181FB181DC00CE9FD4 /* facilityIcon@3x.png */; };
		D0D9862E1FB181E200CE9FD4 /* ruleIcon@2x.png in Resources */ = {isa = PBXBuildFile; fileRef = D0D986191FB181DD00CE9FD4 /* ruleIcon@2x.png */; };
		D0D9862F1FB181E200CE9FD4 /* notificationIcon@2x.png in Resources */ = {isa = PBXBuildFile; fileRef = D0D9861A1FB181DD00CE9FD4 /* notificationIcon@2x.png */; };
		D0D986301FB181E200CE9FD4 /* monster1@2x.png in Resources */ = {isa = PBXBuildFile; fileRef = D0D9861B1FB181DE00CE9FD4 /* monster1@2x.png */; };
		D0D986311FB181E200CE9FD4 /* monster2.png in Resources */ = {isa = PBXBuildFile; fileRef = D0D9861C1FB181DF00CE9FD4 /* monster2.png */; };
		D0D986321FB181E200CE9FD4 /* monster2@2x.png in Resources */ = {isa = PBXBuildFile; fileRef = D0D9861D1FB181DF00CE9FD4 /* monster2@2x.png */; };
		D0D986331FB181E200CE9FD4 /* questionIcon@3x.png in Resources */ = {isa = PBXBuildFile; fileRef = D0D9861E1FB181E000CE9FD4 /* questionIcon@3x.png */; };
		D0D986341FB181E200CE9FD4 /* ruleIcon@3x.png in Resources */ = {isa = PBXBuildFile; fileRef = D0D9861F1FB181E100CE9FD4 /* ruleIcon@3x.png */; };
		D0D986351FB181E200CE9FD4 /* monster3@3x.png in Resources */ = {isa = PBXBuildFile; fileRef = D0D986201FB181E200CE9FD4 /* monster3@3x.png */; };
		D0D9865C1FB1821D00CE9FD4 /* userIcon@3x.png in Resources */ = {isa = PBXBuildFile; fileRef = D0D986501FB1821500CE9FD4 /* userIcon@3x.png */; };
		D0D9865D1FB1821D00CE9FD4 /* noticeIcon.png in Resources */ = {isa = PBXBuildFile; fileRef = D0D986511FB1821600CE9FD4 /* noticeIcon.png */; };
		D0D9865E1FB1821D00CE9FD4 /* userIcon.png in Resources */ = {isa = PBXBuildFile; fileRef = D0D986521FB1821700CE9FD4 /* userIcon.png */; };
		D0D9865F1FB1821D00CE9FD4 /* applyIcon@3x.png in Resources */ = {isa = PBXBuildFile; fileRef = D0D986531FB1821800CE9FD4 /* applyIcon@3x.png */; };
		D0D986601FB1821D00CE9FD4 /* noticeIcon@3x.png in Resources */ = {isa = PBXBuildFile; fileRef = D0D986541FB1821800CE9FD4 /* noticeIcon@3x.png */; };
		D0D986611FB1821D00CE9FD4 /* noticeIcon@2x.png in Resources */ = {isa = PBXBuildFile; fileRef = D0D986551FB1821900CE9FD4 /* noticeIcon@2x.png */; };
		D0D986621FB1821D00CE9FD4 /* applyIcon.png in Resources */ = {isa = PBXBuildFile; fileRef = D0D986561FB1821A00CE9FD4 /* applyIcon.png */; };
		D0D986631FB1821D00CE9FD4 /* mealIcon@2x.png in Resources */ = {isa = PBXBuildFile; fileRef = D0D986571FB1821B00CE9FD4 /* mealIcon@2x.png */; };
		D0D986641FB1821D00CE9FD4 /* userIcon@2x.png in Resources */ = {isa = PBXBuildFile; fileRef = D0D986581FB1821B00CE9FD4 /* userIcon@2x.png */; };
		D0D986651FB1821D00CE9FD4 /* mealIcon@3x.png in Resources */ = {isa = PBXBuildFile; fileRef = D0D986591FB1821C00CE9FD4 /* mealIcon@3x.png */; };
		D0D986661FB1821D00CE9FD4 /* mealIcon.png in Resources */ = {isa = PBXBuildFile; fileRef = D0D9865A1FB1821D00CE9FD4 /* mealIcon.png */; };
		D0D986671FB1821D00CE9FD4 /* applyIcon@2x.png in Resources */ = {isa = PBXBuildFile; fileRef = D0D9865B1FB1821D00CE9FD4 /* applyIcon@2x.png */; };
		D0DF858E1FB8853B0065B2C6 /* StayModel.swift in Sources */ = {isa = PBXBuildFile; fileRef = D0DF858D1FB8853B0065B2C6 /* StayModel.swift */; };
		D0DF85901FB8866D0065B2C6 /* SurveyModel.swift in Sources */ = {isa = PBXBuildFile; fileRef = D0DF858F1FB8866D0065B2C6 /* SurveyModel.swift */; };
		D0EFAF8C1FB1BF4B0064D329 /* FacilityVC.swift in Sources */ = {isa = PBXBuildFile; fileRef = D0EFAF8B1FB1BF4B0064D329 /* FacilityVC.swift */; };
/* End PBXBuildFile section */

/* Begin PBXContainerItemProxy section */
		D04348F21FBAC6D400F2AC62 /* PBXContainerItemProxy */ = {
			isa = PBXContainerItemProxy;
			containerPortal = D0538AB81ECB007C00C47F86 /* Project object */;
			proxyType = 1;
			remoteGlobalIDString = D04348E81FBAC6D400F2AC62;
			remoteInfo = MealExtension;
		};
		D0538AD51ECB007C00C47F86 /* PBXContainerItemProxy */ = {
			isa = PBXContainerItemProxy;
			containerPortal = D0538AB81ECB007C00C47F86 /* Project object */;
			proxyType = 1;
			remoteGlobalIDString = D0538ABF1ECB007C00C47F86;
			remoteInfo = DSMapp;
		};
/* End PBXContainerItemProxy section */

/* Begin PBXCopyFilesBuildPhase section */
		D00F66A51F4488D400BF26D5 /* Embed App Extensions */ = {
			isa = PBXCopyFilesBuildPhase;
			buildActionMask = 2147483647;
			dstPath = "";
			dstSubfolderSpec = 13;
			files = (
				D04348F41FBAC6D400F2AC62 /* MealExtension.appex in Embed App Extensions */,
			);
			name = "Embed App Extensions";
			runOnlyForDeploymentPostprocessing = 0;
		};
		D0A587BA1F0B940D009182BA /* Embed Frameworks */ = {
			isa = PBXCopyFilesBuildPhase;
			buildActionMask = 2147483647;
			dstPath = "";
			dstSubfolderSpec = 10;
			files = (
			);
			name = "Embed Frameworks";
			runOnlyForDeploymentPostprocessing = 0;
		};
/* End PBXCopyFilesBuildPhase section */

/* Begin PBXFileReference section */
		67A9B37B35E25768AE21999B /* Base.swift */ = {isa = PBXFileReference; fileEncoding = 4; lastKnownFileType = sourcecode.swift; path = Base.swift; sourceTree = "<group>"; };
		67A9B63E13E41FA9FA984654 /* NoticeDetailVC.swift */ = {isa = PBXFileReference; fileEncoding = 4; lastKnownFileType = sourcecode.swift; path = NoticeDetailVC.swift; sourceTree = "<group>"; };
		67A9B672F80256CA24F29B43 /* SignUpVC.swift */ = {isa = PBXFileReference; fileEncoding = 4; lastKnownFileType = sourcecode.swift; path = SignUpVC.swift; sourceTree = "<group>"; };
		67A9B6C3A6B20FC3C0865419 /* ApplyStudyVC.swift */ = {isa = PBXFileReference; fileEncoding = 4; lastKnownFileType = sourcecode.swift; path = ApplyStudyVC.swift; sourceTree = "<group>"; };
		67A9BA98F66BDABF1DE88F1E /* ApplyStayVC.swift */ = {isa = PBXFileReference; fileEncoding = 4; lastKnownFileType = sourcecode.swift; path = ApplyStayVC.swift; sourceTree = "<group>"; };
		67A9BC288625308187D3D71B /* Shape.swift */ = {isa = PBXFileReference; fileEncoding = 4; lastKnownFileType = sourcecode.swift; path = Shape.swift; sourceTree = "<group>"; };
		67A9BDE89202A334A87A1B26 /* SignInVC.swift */ = {isa = PBXFileReference; fileEncoding = 4; lastKnownFileType = sourcecode.swift; path = SignInVC.swift; sourceTree = "<group>"; };
		67A9BE519339742B7CABFF3E /* NoticeListVC.swift */ = {isa = PBXFileReference; fileEncoding = 4; lastKnownFileType = sourcecode.swift; path = NoticeListVC.swift; sourceTree = "<group>"; };
		67A9BED3BCBD25404EC42567 /* NoticeMainVC.swift */ = {isa = PBXFileReference; fileEncoding = 4; lastKnownFileType = sourcecode.swift; path = NoticeMainVC.swift; sourceTree = "<group>"; };
		67A9BFDF0B136A3683FF8180 /* ChangePasswordVC.swift */ = {isa = PBXFileReference; fileEncoding = 4; lastKnownFileType = sourcecode.swift; path = ChangePasswordVC.swift; sourceTree = "<group>"; };
		D00F66961F4488D400BF26D5 /* NotificationCenter.framework */ = {isa = PBXFileReference; lastKnownFileType = wrapper.framework; name = NotificationCenter.framework; path = System/Library/Frameworks/NotificationCenter.framework; sourceTree = SDKROOT; };
		D018EBC71FB9404000C923C7 /* SurveyBaseVC.swift */ = {isa = PBXFileReference; lastKnownFileType = sourcecode.swift; path = SurveyBaseVC.swift; sourceTree = "<group>"; };
		D018EBC91FB9405A00C923C7 /* SurveyObVC.swift */ = {isa = PBXFileReference; lastKnownFileType = sourcecode.swift; path = SurveyObVC.swift; sourceTree = "<group>"; };
		D018EBCB1FB9406D00C923C7 /* SurveyNObVC.swift */ = {isa = PBXFileReference; lastKnownFileType = sourcecode.swift; path = SurveyNObVC.swift; sourceTree = "<group>"; };
		D018EBCD1FB9591E00C923C7 /* SurveyContentVC.swift */ = {isa = PBXFileReference; lastKnownFileType = sourcecode.swift; path = SurveyContentVC.swift; sourceTree = "<group>"; };
		D02B64141FB0A80F0065AC2D /* MealContentVC.swift */ = {isa = PBXFileReference; lastKnownFileType = sourcecode.swift; path = MealContentVC.swift; sourceTree = "<group>"; };
		D0341A0A1FB6DDFC00B50CE2 /* SurveyListModel.swift */ = {isa = PBXFileReference; lastKnownFileType = sourcecode.swift; path = SurveyListModel.swift; sourceTree = "<group>"; };
		D0341A0C1FB70C1A00B50CE2 /* AuthModel.swift */ = {isa = PBXFileReference; lastKnownFileType = sourcecode.swift; path = AuthModel.swift; sourceTree = "<group>"; };
		D0341A0E1FB740C900B50CE2 /* NoticeListModel.swift */ = {isa = PBXFileReference; lastKnownFileType = sourcecode.swift; path = NoticeListModel.swift; sourceTree = "<group>"; };
		D04348D11FB9D7C600F2AC62 /* NoticeDetailModel.swift */ = {isa = PBXFileReference; lastKnownFileType = sourcecode.swift; path = NoticeDetailModel.swift; sourceTree = "<group>"; };
		D04348D91FBA779B00F2AC62 /* surveyIcon@3x.png */ = {isa = PBXFileReference; lastKnownFileType = image.png; path = "surveyIcon@3x.png"; sourceTree = "<group>"; };
		D04348DA1FBA779C00F2AC62 /* surveyIcon.png */ = {isa = PBXFileReference; lastKnownFileType = image.png; path = surveyIcon.png; sourceTree = "<group>"; };
		D04348DB1FBA779D00F2AC62 /* surveyIcon@2x.png */ = {isa = PBXFileReference; lastKnownFileType = image.png; path = "surveyIcon@2x.png"; sourceTree = "<group>"; };
		D04348E91FBAC6D400F2AC62 /* MealExtension.appex */ = {isa = PBXFileReference; explicitFileType = "wrapper.app-extension"; includeInIndex = 0; path = MealExtension.appex; sourceTree = BUILT_PRODUCTS_DIR; };
		D04348EC1FBAC6D400F2AC62 /* TodayViewController.swift */ = {isa = PBXFileReference; lastKnownFileType = sourcecode.swift; path = TodayViewController.swift; sourceTree = "<group>"; };
		D04348EF1FBAC6D400F2AC62 /* Base */ = {isa = PBXFileReference; lastKnownFileType = file.storyboard; name = Base; path = Base.lproj/MainInterface.storyboard; sourceTree = "<group>"; };
		D04348F11FBAC6D400F2AC62 /* Info.plist */ = {isa = PBXFileReference; lastKnownFileType = text.plist.xml; path = Info.plist; sourceTree = "<group>"; };
		D0473CFB1FB1F951002E3FE4 /* Apply.storyboard */ = {isa = PBXFileReference; lastKnownFileType = file.storyboard; path = Apply.storyboard; sourceTree = "<group>"; };
		D0473CFD1FB1FD43002E3FE4 /* ApplyMainVC.swift */ = {isa = PBXFileReference; lastKnownFileType = sourcecode.swift; path = ApplyMainVC.swift; sourceTree = "<group>"; };
		D0473D021FB2BF1E002E3FE4 /* MyPage.storyboard */ = {isa = PBXFileReference; lastKnownFileType = file.storyboard; path = MyPage.storyboard; sourceTree = "<group>"; };
		D0473D051FB33CF0002E3FE4 /* MyPageVC.swift */ = {isa = PBXFileReference; lastKnownFileType = sourcecode.swift; path = MyPageVC.swift; sourceTree = "<group>"; };
		D0473D071FB34D48002E3FE4 /* MyPageModel.swift */ = {isa = PBXFileReference; lastKnownFileType = sourcecode.swift; path = MyPageModel.swift; sourceTree = "<group>"; };
		D0473D091FB34EEA002E3FE4 /* MealModel.swift */ = {isa = PBXFileReference; lastKnownFileType = sourcecode.swift; path = MealModel.swift; sourceTree = "<group>"; };
		D04D8A3B1FB03643004DA5FD /* Meal.storyboard */ = {isa = PBXFileReference; lastKnownFileType = file.storyboard; path = Meal.storyboard; sourceTree = "<group>"; };
		D04D8A3D1FB0365D004DA5FD /* Notice.storyboard */ = {isa = PBXFileReference; lastKnownFileType = file.storyboard; path = Notice.storyboard; sourceTree = "<group>"; };
		D04D8A3F1FB03694004DA5FD /* Auth.storyboard */ = {isa = PBXFileReference; lastKnownFileType = file.storyboard; path = Auth.storyboard; sourceTree = "<group>"; };
		D04D8A421FB03A67004DA5FD /* MealVC.swift */ = {isa = PBXFileReference; lastKnownFileType = sourcecode.swift; path = MealVC.swift; sourceTree = "<group>"; };
		D0538AC01ECB007C00C47F86 /* DSMapp.app */ = {isa = PBXFileReference; explicitFileType = wrapper.application; includeInIndex = 0; path = DSMapp.app; sourceTree = BUILT_PRODUCTS_DIR; };
		D0538AC31ECB007C00C47F86 /* AppDelegate.swift */ = {isa = PBXFileReference; lastKnownFileType = sourcecode.swift; path = AppDelegate.swift; sourceTree = "<group>"; };
		D0538ACA1ECB007C00C47F86 /* Assets.xcassets */ = {isa = PBXFileReference; lastKnownFileType = folder.assetcatalog; path = Assets.xcassets; sourceTree = "<group>"; };
		D0538ACD1ECB007C00C47F86 /* Base */ = {isa = PBXFileReference; lastKnownFileType = file.storyboard; name = Base; path = Base.lproj/LaunchScreen.storyboard; sourceTree = "<group>"; };
		D0538ACF1ECB007C00C47F86 /* Info.plist */ = {isa = PBXFileReference; lastKnownFileType = text.plist.xml; path = Info.plist; sourceTree = "<group>"; };
		D0538AD41ECB007C00C47F86 /* DSMappTests.xctest */ = {isa = PBXFileReference; explicitFileType = wrapper.cfbundle; includeInIndex = 0; path = DSMappTests.xctest; sourceTree = BUILT_PRODUCTS_DIR; };
		D0538AD81ECB007C00C47F86 /* DSMappTests.swift */ = {isa = PBXFileReference; lastKnownFileType = sourcecode.swift; path = DSMappTests.swift; sourceTree = "<group>"; };
		D0538ADA1ECB007C00C47F86 /* Info.plist */ = {isa = PBXFileReference; lastKnownFileType = text.plist.xml; path = Info.plist; sourceTree = "<group>"; };
		D05EE5F41FBD104D00C32211 /* MealModel.swift */ = {isa = PBXFileReference; lastKnownFileType = sourcecode.swift; path = MealModel.swift; sourceTree = "<group>"; };
		D06BBF821F79016900DD17DA /* Base */ = {isa = PBXFileReference; lastKnownFileType = file.storyboard; name = Base; path = Base.lproj/Main.storyboard; sourceTree = "<group>"; };
		D06E55291FC31D9E00FD71E2 /* seatYes@2x.png */ = {isa = PBXFileReference; lastKnownFileType = image.png; path = "seatYes@2x.png"; sourceTree = "<group>"; };
		D06E552A1FC31D9E00FD71E2 /* seatNo@3x.png */ = {isa = PBXFileReference; lastKnownFileType = image.png; path = "seatNo@3x.png"; sourceTree = "<group>"; };
		D06E552B1FC31D9E00FD71E2 /* seatYes.png */ = {isa = PBXFileReference; lastKnownFileType = image.png; path = seatYes.png; sourceTree = "<group>"; };
		D06E552C1FC31D9E00FD71E2 /* seatSelect@3x.png */ = {isa = PBXFileReference; lastKnownFileType = image.png; path = "seatSelect@3x.png"; sourceTree = "<group>"; };
		D06E552D1FC31D9E00FD71E2 /* seatSelect.png */ = {isa = PBXFileReference; lastKnownFileType = image.png; path = seatSelect.png; sourceTree = "<group>"; };
		D06E552E1FC31D9F00FD71E2 /* seatNo@2x.png */ = {isa = PBXFileReference; lastKnownFileType = image.png; path = "seatNo@2x.png"; sourceTree = "<group>"; };
		D06E552F1FC31D9F00FD71E2 /* seatYes@3x.png */ = {isa = PBXFileReference; lastKnownFileType = image.png; path = "seatYes@3x.png"; sourceTree = "<group>"; };
		D06E55301FC31D9F00FD71E2 /* seatSelect@2x.png */ = {isa = PBXFileReference; lastKnownFileType = image.png; path = "seatSelect@2x.png"; sourceTree = "<group>"; };
		D06E55311FC31D9F00FD71E2 /* seatNo.png */ = {isa = PBXFileReference; lastKnownFileType = image.png; path = seatNo.png; sourceTree = "<group>"; };
		D06E553B1FC3C51F00FD71E2 /* logo.png */ = {isa = PBXFileReference; lastKnownFileType = image.png; path = logo.png; sourceTree = "<group>"; };
		D07CFF621FB6CD6A00CB0717 /* SurveyListVC.swift */ = {isa = PBXFileReference; lastKnownFileType = sourcecode.swift; path = SurveyListVC.swift; sourceTree = "<group>"; };
		D0D985C01FB1812900CE9FD4 /* noticeListDetailBackground.png */ = {isa = PBXFileReference; lastKnownFileType = image.png; path = noticeListDetailBackground.png; sourceTree = "<group>"; };
		D0D985C11FB1812900CE9FD4 /* signInBackground@2x.png */ = {isa = PBXFileReference; lastKnownFileType = image.png; path = "signInBackground@2x.png"; sourceTree = "<group>"; };
		D0D985C21FB1812A00CE9FD4 /* signUpBackground@3x.png */ = {isa = PBXFileReference; lastKnownFileType = image.png; path = "signUpBackground@3x.png"; sourceTree = "<group>"; };
		D0D985C31FB1812B00CE9FD4 /* signUpBackground.png */ = {isa = PBXFileReference; lastKnownFileType = image.png; path = signUpBackground.png; sourceTree = "<group>"; };
		D0D985C41FB1812C00CE9FD4 /* applyStayBackground@2x.png */ = {isa = PBXFileReference; lastKnownFileType = image.png; path = "applyStayBackground@2x.png"; sourceTree = "<group>"; };
		D0D985C51FB1812C00CE9FD4 /* signUpBackground@2x.png */ = {isa = PBXFileReference; lastKnownFileType = image.png; path = "signUpBackground@2x.png"; sourceTree = "<group>"; };
		D0D985C61FB1812D00CE9FD4 /* applyBackground.png */ = {isa = PBXFileReference; lastKnownFileType = image.png; path = applyBackground.png; sourceTree = "<group>"; };
		D0D985C71FB1812E00CE9FD4 /* applyStayBackground@3x.png */ = {isa = PBXFileReference; lastKnownFileType = image.png; path = "applyStayBackground@3x.png"; sourceTree = "<group>"; };
		D0D985C81FB1812F00CE9FD4 /* applyBackground@2x.png */ = {isa = PBXFileReference; lastKnownFileType = image.png; path = "applyBackground@2x.png"; sourceTree = "<group>"; };
		D0D985C91FB1812F00CE9FD4 /* signInBackground.png */ = {isa = PBXFileReference; lastKnownFileType = image.png; path = signInBackground.png; sourceTree = "<group>"; };
		D0D985CA1FB1813000CE9FD4 /* signInBackground@3x.png */ = {isa = PBXFileReference; lastKnownFileType = image.png; path = "signInBackground@3x.png"; sourceTree = "<group>"; };
		D0D985CB1FB1813100CE9FD4 /* applyStayBackgroundground.png */ = {isa = PBXFileReference; lastKnownFileType = image.png; path = applyStayBackgroundground.png; sourceTree = "<group>"; };
		D0D985CC1FB1813100CE9FD4 /* applyBackground@3x.png */ = {isa = PBXFileReference; lastKnownFileType = image.png; path = "applyBackground@3x.png"; sourceTree = "<group>"; };
		D0D985CD1FB1813200CE9FD4 /* myPageBackground.png */ = {isa = PBXFileReference; lastKnownFileType = image.png; path = myPageBackground.png; sourceTree = "<group>"; };
		D0D985CE1FB1813300CE9FD4 /* noticeListDetailBackground@2x.png */ = {isa = PBXFileReference; lastKnownFileType = image.png; path = "noticeListDetailBackground@2x.png"; sourceTree = "<group>"; };
		D0D985CF1FB1813300CE9FD4 /* noticeListDetailBackground@3x.png */ = {isa = PBXFileReference; lastKnownFileType = image.png; path = "noticeListDetailBackground@3x.png"; sourceTree = "<group>"; };
		D0D985E11FB1816E00CE9FD4 /* applyOutIcon.png */ = {isa = PBXFileReference; lastKnownFileType = image.png; path = applyOutIcon.png; sourceTree = "<group>"; };
		D0D985E21FB1816F00CE9FD4 /* applyStayIcon.png */ = {isa = PBXFileReference; lastKnownFileType = image.png; path = applyStayIcon.png; sourceTree = "<group>"; };
		D0D985E31FB1817000CE9FD4 /* applyStayIcon@3x.png */ = {isa = PBXFileReference; lastKnownFileType = image.png; path = "applyStayIcon@3x.png"; sourceTree = "<group>"; };
		D0D985E41FB1817000CE9FD4 /* changePasswordIcon.png */ = {isa = PBXFileReference; lastKnownFileType = image.png; path = changePasswordIcon.png; sourceTree = "<group>"; };
		D0D985E51FB1817100CE9FD4 /* applyStudyIcon.png */ = {isa = PBXFileReference; lastKnownFileType = image.png; path = applyStudyIcon.png; sourceTree = "<group>"; };
		D0D985E61FB1817200CE9FD4 /* changePasswordIcon@3x.png */ = {isa = PBXFileReference; lastKnownFileType = image.png; path = "changePasswordIcon@3x.png"; sourceTree = "<group>"; };
		D0D985E71FB1817200CE9FD4 /* applyStayIcon@2x.png */ = {isa = PBXFileReference; lastKnownFileType = image.png; path = "applyStayIcon@2x.png"; sourceTree = "<group>"; };
		D0D985E81FB1817300CE9FD4 /* changePasswordIcon@2x.png */ = {isa = PBXFileReference; lastKnownFileType = image.png; path = "changePasswordIcon@2x.png"; sourceTree = "<group>"; };
		D0D985E91FB1817400CE9FD4 /* myStayIcon@2x.png */ = {isa = PBXFileReference; lastKnownFileType = image.png; path = "myStayIcon@2x.png"; sourceTree = "<group>"; };
		D0D985EA1FB1817500CE9FD4 /* applyOutIcon@3x.png */ = {isa = PBXFileReference; lastKnownFileType = image.png; path = "applyOutIcon@3x.png"; sourceTree = "<group>"; };
		D0D985EB1FB1817800CE9FD4 /* applyStudyIcon@2x.png */ = {isa = PBXFileReference; lastKnownFileType = image.png; path = "applyStudyIcon@2x.png"; sourceTree = "<group>"; };
		D0D985EC1FB1817900CE9FD4 /* myStayIcon@3x.png */ = {isa = PBXFileReference; lastKnownFileType = image.png; path = "myStayIcon@3x.png"; sourceTree = "<group>"; };
		D0D985ED1FB1817A00CE9FD4 /* signUpIcon.png */ = {isa = PBXFileReference; lastKnownFileType = image.png; path = signUpIcon.png; sourceTree = "<group>"; };
		D0D985EE1FB1817A00CE9FD4 /* applyStudyIcon@3x.png */ = {isa = PBXFileReference; lastKnownFileType = image.png; path = "applyStudyIcon@3x.png"; sourceTree = "<group>"; };
		D0D985EF1FB1817B00CE9FD4 /* myStudyIcon@3x.png */ = {isa = PBXFileReference; lastKnownFileType = image.png; path = "myStudyIcon@3x.png"; sourceTree = "<group>"; };
		D0D985F01FB1817C00CE9FD4 /* signUpIcon@2x.png */ = {isa = PBXFileReference; lastKnownFileType = image.png; path = "signUpIcon@2x.png"; sourceTree = "<group>"; };
		D0D985F11FB1817C00CE9FD4 /* myStudyIcon.png */ = {isa = PBXFileReference; lastKnownFileType = image.png; path = myStudyIcon.png; sourceTree = "<group>"; };
		D0D985F21FB1817D00CE9FD4 /* signUpIcon@3x.png */ = {isa = PBXFileReference; lastKnownFileType = image.png; path = "signUpIcon@3x.png"; sourceTree = "<group>"; };
		D0D985F31FB1817E00CE9FD4 /* myStayIcon.png */ = {isa = PBXFileReference; lastKnownFileType = image.png; path = myStayIcon.png; sourceTree = "<group>"; };
		D0D985F41FB1817E00CE9FD4 /* myStudyIcon@2x.png */ = {isa = PBXFileReference; lastKnownFileType = image.png; path = "myStudyIcon@2x.png"; sourceTree = "<group>"; };
		D0D985F51FB1817F00CE9FD4 /* applyOutIcon@2x.png */ = {isa = PBXFileReference; lastKnownFileType = image.png; path = "applyOutIcon@2x.png"; sourceTree = "<group>"; };
		D0D9860C1FB181D300CE9FD4 /* monster3.png */ = {isa = PBXFileReference; lastKnownFileType = image.png; path = monster3.png; sourceTree = "<group>"; };
		D0D9860D1FB181D400CE9FD4 /* facilityIcon@2x.png */ = {isa = PBXFileReference; lastKnownFileType = image.png; path = "facilityIcon@2x.png"; sourceTree = "<group>"; };
		D0D9860E1FB181D500CE9FD4 /* facilityIcon.png */ = {isa = PBXFileReference; lastKnownFileType = image.png; path = facilityIcon.png; sourceTree = "<group>"; };
		D0D9860F1FB181D500CE9FD4 /* monster1@3x.png */ = {isa = PBXFileReference; lastKnownFileType = image.png; path = "monster1@3x.png"; sourceTree = "<group>"; };
		D0D986101FB181D600CE9FD4 /* monster3@2x.png */ = {isa = PBXFileReference; lastKnownFileType = image.png; path = "monster3@2x.png"; sourceTree = "<group>"; };
		D0D986111FB181D700CE9FD4 /* notificationIcon.png */ = {isa = PBXFileReference; lastKnownFileType = image.png; path = notificationIcon.png; sourceTree = "<group>"; };
		D0D986121FB181D800CE9FD4 /* monster2@3x.png */ = {isa = PBXFileReference; lastKnownFileType = image.png; path = "monster2@3x.png"; sourceTree = "<group>"; };
		D0D986131FB181D800CE9FD4 /* questionIcon@2x.png */ = {isa = PBXFileReference; lastKnownFileType = image.png; path = "questionIcon@2x.png"; sourceTree = "<group>"; };
		D0D986141FB181D900CE9FD4 /* monster1.png */ = {isa = PBXFileReference; lastKnownFileType = image.png; path = monster1.png; sourceTree = "<group>"; };
		D0D986151FB181DA00CE9FD4 /* ruleIcon.png */ = {isa = PBXFileReference; lastKnownFileType = image.png; path = ruleIcon.png; sourceTree = "<group>"; };
		D0D986161FB181DA00CE9FD4 /* questionIcon.png */ = {isa = PBXFileReference; lastKnownFileType = image.png; path = questionIcon.png; sourceTree = "<group>"; };
		D0D986171FB181DB00CE9FD4 /* notificationIcon@3x.png */ = {isa = PBXFileReference; lastKnownFileType = image.png; path = "notificationIcon@3x.png"; sourceTree = "<group>"; };
		D0D986181FB181DC00CE9FD4 /* facilityIcon@3x.png */ = {isa = PBXFileReference; lastKnownFileType = image.png; path = "facilityIcon@3x.png"; sourceTree = "<group>"; };
		D0D986191FB181DD00CE9FD4 /* ruleIcon@2x.png */ = {isa = PBXFileReference; lastKnownFileType = image.png; path = "ruleIcon@2x.png"; sourceTree = "<group>"; };
		D0D9861A1FB181DD00CE9FD4 /* notificationIcon@2x.png */ = {isa = PBXFileReference; lastKnownFileType = image.png; path = "notificationIcon@2x.png"; sourceTree = "<group>"; };
		D0D9861B1FB181DE00CE9FD4 /* monster1@2x.png */ = {isa = PBXFileReference; lastKnownFileType = image.png; path = "monster1@2x.png"; sourceTree = "<group>"; };
		D0D9861C1FB181DF00CE9FD4 /* monster2.png */ = {isa = PBXFileReference; lastKnownFileType = image.png; path = monster2.png; sourceTree = "<group>"; };
		D0D9861D1FB181DF00CE9FD4 /* monster2@2x.png */ = {isa = PBXFileReference; lastKnownFileType = image.png; path = "monster2@2x.png"; sourceTree = "<group>"; };
		D0D9861E1FB181E000CE9FD4 /* questionIcon@3x.png */ = {isa = PBXFileReference; lastKnownFileType = image.png; path = "questionIcon@3x.png"; sourceTree = "<group>"; };
		D0D9861F1FB181E100CE9FD4 /* ruleIcon@3x.png */ = {isa = PBXFileReference; lastKnownFileType = image.png; path = "ruleIcon@3x.png"; sourceTree = "<group>"; };
		D0D986201FB181E200CE9FD4 /* monster3@3x.png */ = {isa = PBXFileReference; lastKnownFileType = image.png; path = "monster3@3x.png"; sourceTree = "<group>"; };
		D0D986501FB1821500CE9FD4 /* userIcon@3x.png */ = {isa = PBXFileReference; lastKnownFileType = image.png; path = "userIcon@3x.png"; sourceTree = "<group>"; };
		D0D986511FB1821600CE9FD4 /* noticeIcon.png */ = {isa = PBXFileReference; lastKnownFileType = image.png; path = noticeIcon.png; sourceTree = "<group>"; };
		D0D986521FB1821700CE9FD4 /* userIcon.png */ = {isa = PBXFileReference; lastKnownFileType = image.png; path = userIcon.png; sourceTree = "<group>"; };
		D0D986531FB1821800CE9FD4 /* applyIcon@3x.png */ = {isa = PBXFileReference; lastKnownFileType = image.png; path = "applyIcon@3x.png"; sourceTree = "<group>"; };
		D0D986541FB1821800CE9FD4 /* noticeIcon@3x.png */ = {isa = PBXFileReference; lastKnownFileType = image.png; path = "noticeIcon@3x.png"; sourceTree = "<group>"; };
		D0D986551FB1821900CE9FD4 /* noticeIcon@2x.png */ = {isa = PBXFileReference; lastKnownFileType = image.png; path = "noticeIcon@2x.png"; sourceTree = "<group>"; };
		D0D986561FB1821A00CE9FD4 /* applyIcon.png */ = {isa = PBXFileReference; lastKnownFileType = image.png; path = applyIcon.png; sourceTree = "<group>"; };
		D0D986571FB1821B00CE9FD4 /* mealIcon@2x.png */ = {isa = PBXFileReference; lastKnownFileType = image.png; path = "mealIcon@2x.png"; sourceTree = "<group>"; };
		D0D986581FB1821B00CE9FD4 /* userIcon@2x.png */ = {isa = PBXFileReference; lastKnownFileType = image.png; path = "userIcon@2x.png"; sourceTree = "<group>"; };
		D0D986591FB1821C00CE9FD4 /* mealIcon@3x.png */ = {isa = PBXFileReference; lastKnownFileType = image.png; path = "mealIcon@3x.png"; sourceTree = "<group>"; };
		D0D9865A1FB1821D00CE9FD4 /* mealIcon.png */ = {isa = PBXFileReference; lastKnownFileType = image.png; path = mealIcon.png; sourceTree = "<group>"; };
		D0D9865B1FB1821D00CE9FD4 /* applyIcon@2x.png */ = {isa = PBXFileReference; lastKnownFileType = image.png; path = "applyIcon@2x.png"; sourceTree = "<group>"; };
		D0DF858D1FB8853B0065B2C6 /* StayModel.swift */ = {isa = PBXFileReference; lastKnownFileType = sourcecode.swift; path = StayModel.swift; sourceTree = "<group>"; };
		D0DF858F1FB8866D0065B2C6 /* SurveyModel.swift */ = {isa = PBXFileReference; lastKnownFileType = sourcecode.swift; path = SurveyModel.swift; sourceTree = "<group>"; };
		D0EFAF8B1FB1BF4B0064D329 /* FacilityVC.swift */ = {isa = PBXFileReference; lastKnownFileType = sourcecode.swift; path = FacilityVC.swift; sourceTree = "<group>"; };
/* End PBXFileReference section */

/* Begin PBXFrameworksBuildPhase section */
		D04348E61FBAC6D400F2AC62 /* Frameworks */ = {
			isa = PBXFrameworksBuildPhase;
			buildActionMask = 2147483647;
			files = (
				D04348EA1FBAC6D400F2AC62 /* NotificationCenter.framework in Frameworks */,
			);
			runOnlyForDeploymentPostprocessing = 0;
		};
		D0538ABD1ECB007C00C47F86 /* Frameworks */ = {
			isa = PBXFrameworksBuildPhase;
			buildActionMask = 2147483647;
			files = (
			);
			runOnlyForDeploymentPostprocessing = 0;
		};
		D0538AD11ECB007C00C47F86 /* Frameworks */ = {
			isa = PBXFrameworksBuildPhase;
			buildActionMask = 2147483647;
			files = (
			);
			runOnlyForDeploymentPostprocessing = 0;
		};
/* End PBXFrameworksBuildPhase section */

/* Begin PBXGroup section */
		67A9B6C87E3E13F28B9CF488 /* Model */ = {
			isa = PBXGroup;
			children = (
				D0473D071FB34D48002E3FE4 /* MyPageModel.swift */,
				D0473D091FB34EEA002E3FE4 /* MealModel.swift */,
				D0341A0A1FB6DDFC00B50CE2 /* SurveyListModel.swift */,
				D0341A0C1FB70C1A00B50CE2 /* AuthModel.swift */,
				D0341A0E1FB740C900B50CE2 /* NoticeListModel.swift */,
				D0DF858D1FB8853B0065B2C6 /* StayModel.swift */,
				D0DF858F1FB8866D0065B2C6 /* SurveyModel.swift */,
				D04348D11FB9D7C600F2AC62 /* NoticeDetailModel.swift */,
			);
			path = Model;
			sourceTree = "<group>";
		};
		67A9B898EEE7547FEE93E07B /* Apply */ = {
			isa = PBXGroup;
			children = (
				67A9B6C3A6B20FC3C0865419 /* ApplyStudyVC.swift */,
				67A9BA98F66BDABF1DE88F1E /* ApplyStayVC.swift */,
				D0473CFD1FB1FD43002E3FE4 /* ApplyMainVC.swift */,
			);
			path = Apply;
			sourceTree = "<group>";
		};
		67A9B8DC15996420299AC508 /* Util */ = {
			isa = PBXGroup;
			children = (
				67A9B37B35E25768AE21999B /* Base.swift */,
				67A9BC288625308187D3D71B /* Shape.swift */,
			);
			path = Util;
			sourceTree = "<group>";
		};
		67A9BB0862F9A6BF4E695F6B /* Auth */ = {
			isa = PBXGroup;
			children = (
				67A9BFDF0B136A3683FF8180 /* ChangePasswordVC.swift */,
				67A9BDE89202A334A87A1B26 /* SignInVC.swift */,
				67A9B672F80256CA24F29B43 /* SignUpVC.swift */,
			);
			path = Auth;
			sourceTree = "<group>";
		};
		67A9BE739B71CF4E6D0404C3 /* ViewController */ = {
			isa = PBXGroup;
			children = (
				D07CFF611FB6CD4400CB0717 /* Survey */,
				D0473D041FB33CD8002E3FE4 /* MyPage */,
				D04D8A411FB03A4A004DA5FD /* Meal */,
				67A9BB0862F9A6BF4E695F6B /* Auth */,
				67A9B898EEE7547FEE93E07B /* Apply */,
				67A9BF29051B84BF5B824B84 /* Notice */,
			);
			path = ViewController;
			sourceTree = "<group>";
		};
		67A9BF29051B84BF5B824B84 /* Notice */ = {
			isa = PBXGroup;
			children = (
				67A9BED3BCBD25404EC42567 /* NoticeMainVC.swift */,
				67A9BE519339742B7CABFF3E /* NoticeListVC.swift */,
				67A9B63E13E41FA9FA984654 /* NoticeDetailVC.swift */,
				D0EFAF8B1FB1BF4B0064D329 /* FacilityVC.swift */,
			);
			path = Notice;
			sourceTree = "<group>";
		};
		D04348EB1FBAC6D400F2AC62 /* MealExtension */ = {
			isa = PBXGroup;
			children = (
				D04348EC1FBAC6D400F2AC62 /* TodayViewController.swift */,
				D04348EE1FBAC6D400F2AC62 /* MainInterface.storyboard */,
				D04348F11FBAC6D400F2AC62 /* Info.plist */,
				D05EE5F41FBD104D00C32211 /* MealModel.swift */,
			);
			path = MealExtension;
			sourceTree = "<group>";
		};
		D0473D041FB33CD8002E3FE4 /* MyPage */ = {
			isa = PBXGroup;
			children = (
				D0473D051FB33CF0002E3FE4 /* MyPageVC.swift */,
			);
			path = MyPage;
			sourceTree = "<group>";
		};
		D04C10201ED17C4900C5AE5B /* Frameworks */ = {
			isa = PBXGroup;
			children = (
				D00F66961F4488D400BF26D5 /* NotificationCenter.framework */,
			);
			name = Frameworks;
			sourceTree = "<group>";
		};
		D04D8A391FB035D5004DA5FD /* StoryBoard */ = {
			isa = PBXGroup;
			children = (
				D0538ACC1ECB007C00C47F86 /* LaunchScreen.storyboard */,
				D06BBF811F79016900DD17DA /* Main.storyboard */,
				D04D8A3B1FB03643004DA5FD /* Meal.storyboard */,
				D04D8A3D1FB0365D004DA5FD /* Notice.storyboard */,
				D04D8A3F1FB03694004DA5FD /* Auth.storyboard */,
				D0473CFB1FB1F951002E3FE4 /* Apply.storyboard */,
				D0473D021FB2BF1E002E3FE4 /* MyPage.storyboard */,
			);
			path = StoryBoard;
			sourceTree = "<group>";
		};
		D04D8A411FB03A4A004DA5FD /* Meal */ = {
			isa = PBXGroup;
			children = (
				D04D8A421FB03A67004DA5FD /* MealVC.swift */,
				D02B64141FB0A80F0065AC2D /* MealContentVC.swift */,
			);
			path = Meal;
			sourceTree = "<group>";
		};
		D0538AB71ECB007C00C47F86 = {
			isa = PBXGroup;
			children = (
				D0538AC21ECB007C00C47F86 /* DSMapp */,
				D04348EB1FBAC6D400F2AC62 /* MealExtension */,
				D0538AC11ECB007C00C47F86 /* Products */,
				D0538AD71ECB007C00C47F86 /* DSMappTests */,
				D04C10201ED17C4900C5AE5B /* Frameworks */,
			);
			sourceTree = "<group>";
		};
		D0538AC11ECB007C00C47F86 /* Products */ = {
			isa = PBXGroup;
			children = (
				D0538AC01ECB007C00C47F86 /* DSMapp.app */,
				D0538AD41ECB007C00C47F86 /* DSMappTests.xctest */,
				D04348E91FBAC6D400F2AC62 /* MealExtension.appex */,
			);
			name = Products;
			sourceTree = "<group>";
		};
		D0538AC21ECB007C00C47F86 /* DSMapp */ = {
			isa = PBXGroup;
			children = (
				D0538ACA1ECB007C00C47F86 /* Assets.xcassets */,
				D0538ACF1ECB007C00C47F86 /* Info.plist */,
				D04D8A391FB035D5004DA5FD /* StoryBoard */,
				D0538AC31ECB007C00C47F86 /* AppDelegate.swift */,
				67A9BE739B71CF4E6D0404C3 /* ViewController */,
				67A9B6C87E3E13F28B9CF488 /* Model */,
				67A9B8DC15996420299AC508 /* Util */,
				D0D985BE1FB180D500CE9FD4 /* Image */,
			);
			path = DSMapp;
			sourceTree = "<group>";
		};
		D0538AD71ECB007C00C47F86 /* DSMappTests */ = {
			isa = PBXGroup;
			children = (
				D0538AD81ECB007C00C47F86 /* DSMappTests.swift */,
				D0538ADA1ECB007C00C47F86 /* Info.plist */,
			);
			path = DSMappTests;
			sourceTree = SOURCE_ROOT;
		};
		D06E55281FC31B0C00FD71E2 /* ApplyStudy */ = {
			isa = PBXGroup;
			children = (
				D06E55311FC31D9F00FD71E2 /* seatNo.png */,
				D06E552E1FC31D9F00FD71E2 /* seatNo@2x.png */,
				D06E552A1FC31D9E00FD71E2 /* seatNo@3x.png */,
				D06E552D1FC31D9E00FD71E2 /* seatSelect.png */,
				D06E55301FC31D9F00FD71E2 /* seatSelect@2x.png */,
				D06E552C1FC31D9E00FD71E2 /* seatSelect@3x.png */,
				D06E552B1FC31D9E00FD71E2 /* seatYes.png */,
				D06E55291FC31D9E00FD71E2 /* seatYes@2x.png */,
				D06E552F1FC31D9F00FD71E2 /* seatYes@3x.png */,
			);
			path = ApplyStudy;
			sourceTree = "<group>";
		};
		D07CFF611FB6CD4400CB0717 /* Survey */ = {
			isa = PBXGroup;
			children = (
				D07CFF621FB6CD6A00CB0717 /* SurveyListVC.swift */,
				D018EBC71FB9404000C923C7 /* SurveyBaseVC.swift */,
				D018EBC91FB9405A00C923C7 /* SurveyObVC.swift */,
				D018EBCB1FB9406D00C923C7 /* SurveyNObVC.swift */,
				D018EBCD1FB9591E00C923C7 /* SurveyContentVC.swift */,
			);
			path = Survey;
			sourceTree = "<group>";
		};
		D0D985BE1FB180D500CE9FD4 /* Image */ = {
			isa = PBXGroup;
			children = (
				D06E553B1FC3C51F00FD71E2 /* logo.png */,
				D06E55281FC31B0C00FD71E2 /* ApplyStudy */,
				D0D9864F1FB1820900CE9FD4 /* TabBar */,
				D0D9860B1FB181C900CE9FD4 /* Notice */,
				D0D985E01FB1815E00CE9FD4 /* Icon */,
				D0D985BF1FB1810E00CE9FD4 /* Background */,
			);
			path = Image;
			sourceTree = "<group>";
		};
		D0D985BF1FB1810E00CE9FD4 /* Background */ = {
			isa = PBXGroup;
			children = (
				D0D985C61FB1812D00CE9FD4 /* applyBackground.png */,
				D0D985C81FB1812F00CE9FD4 /* applyBackground@2x.png */,
				D0D985CC1FB1813100CE9FD4 /* applyBackground@3x.png */,
				D0D985C41FB1812C00CE9FD4 /* applyStayBackground@2x.png */,
				D0D985C71FB1812E00CE9FD4 /* applyStayBackground@3x.png */,
				D0D985CB1FB1813100CE9FD4 /* applyStayBackgroundground.png */,
				D0D985CD1FB1813200CE9FD4 /* myPageBackground.png */,
				D0D985C01FB1812900CE9FD4 /* noticeListDetailBackground.png */,
				D0D985CE1FB1813300CE9FD4 /* noticeListDetailBackground@2x.png */,
				D0D985CF1FB1813300CE9FD4 /* noticeListDetailBackground@3x.png */,
				D0D985C91FB1812F00CE9FD4 /* signInBackground.png */,
				D0D985C11FB1812900CE9FD4 /* signInBackground@2x.png */,
				D0D985CA1FB1813000CE9FD4 /* signInBackground@3x.png */,
				D0D985C31FB1812B00CE9FD4 /* signUpBackground.png */,
				D0D985C51FB1812C00CE9FD4 /* signUpBackground@2x.png */,
				D0D985C21FB1812A00CE9FD4 /* signUpBackground@3x.png */,
			);
			path = Background;
			sourceTree = "<group>";
		};
		D0D985E01FB1815E00CE9FD4 /* Icon */ = {
			isa = PBXGroup;
			children = (
				D04348DA1FBA779C00F2AC62 /* surveyIcon.png */,
				D04348DB1FBA779D00F2AC62 /* surveyIcon@2x.png */,
				D04348D91FBA779B00F2AC62 /* surveyIcon@3x.png */,
				D0D985E11FB1816E00CE9FD4 /* applyOutIcon.png */,
				D0D985F51FB1817F00CE9FD4 /* applyOutIcon@2x.png */,
				D0D985EA1FB1817500CE9FD4 /* applyOutIcon@3x.png */,
				D0D985E21FB1816F00CE9FD4 /* applyStayIcon.png */,
				D0D985E71FB1817200CE9FD4 /* applyStayIcon@2x.png */,
				D0D985E31FB1817000CE9FD4 /* applyStayIcon@3x.png */,
				D0D985E51FB1817100CE9FD4 /* applyStudyIcon.png */,
				D0D985EB1FB1817800CE9FD4 /* applyStudyIcon@2x.png */,
				D0D985EE1FB1817A00CE9FD4 /* applyStudyIcon@3x.png */,
				D0D985E41FB1817000CE9FD4 /* changePasswordIcon.png */,
				D0D985E81FB1817300CE9FD4 /* changePasswordIcon@2x.png */,
				D0D985E61FB1817200CE9FD4 /* changePasswordIcon@3x.png */,
				D0D985F31FB1817E00CE9FD4 /* myStayIcon.png */,
				D0D985E91FB1817400CE9FD4 /* myStayIcon@2x.png */,
				D0D985EC1FB1817900CE9FD4 /* myStayIcon@3x.png */,
				D0D985F11FB1817C00CE9FD4 /* myStudyIcon.png */,
				D0D985F41FB1817E00CE9FD4 /* myStudyIcon@2x.png */,
				D0D985EF1FB1817B00CE9FD4 /* myStudyIcon@3x.png */,
				D0D985ED1FB1817A00CE9FD4 /* signUpIcon.png */,
				D0D985F01FB1817C00CE9FD4 /* signUpIcon@2x.png */,
				D0D985F21FB1817D00CE9FD4 /* signUpIcon@3x.png */,
			);
			path = Icon;
			sourceTree = "<group>";
		};
		D0D9860B1FB181C900CE9FD4 /* Notice */ = {
			isa = PBXGroup;
			children = (
				D0D9860E1FB181D500CE9FD4 /* facilityIcon.png */,
				D0D9860D1FB181D400CE9FD4 /* facilityIcon@2x.png */,
				D0D986181FB181DC00CE9FD4 /* facilityIcon@3x.png */,
				D0D986141FB181D900CE9FD4 /* monster1.png */,
				D0D9861B1FB181DE00CE9FD4 /* monster1@2x.png */,
				D0D9860F1FB181D500CE9FD4 /* monster1@3x.png */,
				D0D9861C1FB181DF00CE9FD4 /* monster2.png */,
				D0D9861D1FB181DF00CE9FD4 /* monster2@2x.png */,
				D0D986121FB181D800CE9FD4 /* monster2@3x.png */,
				D0D9860C1FB181D300CE9FD4 /* monster3.png */,
				D0D986101FB181D600CE9FD4 /* monster3@2x.png */,
				D0D986201FB181E200CE9FD4 /* monster3@3x.png */,
				D0D986111FB181D700CE9FD4 /* notificationIcon.png */,
				D0D9861A1FB181DD00CE9FD4 /* notificationIcon@2x.png */,
				D0D986171FB181DB00CE9FD4 /* notificationIcon@3x.png */,
				D0D986161FB181DA00CE9FD4 /* questionIcon.png */,
				D0D986131FB181D800CE9FD4 /* questionIcon@2x.png */,
				D0D9861E1FB181E000CE9FD4 /* questionIcon@3x.png */,
				D0D986151FB181DA00CE9FD4 /* ruleIcon.png */,
				D0D986191FB181DD00CE9FD4 /* ruleIcon@2x.png */,
				D0D9861F1FB181E100CE9FD4 /* ruleIcon@3x.png */,
			);
			path = Notice;
			sourceTree = "<group>";
		};
		D0D9864F1FB1820900CE9FD4 /* TabBar */ = {
			isa = PBXGroup;
			children = (
				D0D986561FB1821A00CE9FD4 /* applyIcon.png */,
				D0D9865B1FB1821D00CE9FD4 /* applyIcon@2x.png */,
				D0D986531FB1821800CE9FD4 /* applyIcon@3x.png */,
				D0D9865A1FB1821D00CE9FD4 /* mealIcon.png */,
				D0D986571FB1821B00CE9FD4 /* mealIcon@2x.png */,
				D0D986591FB1821C00CE9FD4 /* mealIcon@3x.png */,
				D0D986511FB1821600CE9FD4 /* noticeIcon.png */,
				D0D986551FB1821900CE9FD4 /* noticeIcon@2x.png */,
				D0D986541FB1821800CE9FD4 /* noticeIcon@3x.png */,
				D0D986521FB1821700CE9FD4 /* userIcon.png */,
				D0D986581FB1821B00CE9FD4 /* userIcon@2x.png */,
				D0D986501FB1821500CE9FD4 /* userIcon@3x.png */,
			);
			path = TabBar;
			sourceTree = "<group>";
		};
/* End PBXGroup section */

/* Begin PBXNativeTarget section */
		D04348E81FBAC6D400F2AC62 /* MealExtension */ = {
			isa = PBXNativeTarget;
			buildConfigurationList = D04348F51FBAC6D400F2AC62 /* Build configuration list for PBXNativeTarget "MealExtension" */;
			buildPhases = (
				D04348E51FBAC6D400F2AC62 /* Sources */,
				D04348E61FBAC6D400F2AC62 /* Frameworks */,
				D04348E71FBAC6D400F2AC62 /* Resources */,
			);
			buildRules = (
			);
			dependencies = (
			);
			name = MealExtension;
			productName = MealExtension;
			productReference = D04348E91FBAC6D400F2AC62 /* MealExtension.appex */;
			productType = "com.apple.product-type.app-extension";
		};
		D0538ABF1ECB007C00C47F86 /* DSMapp */ = {
			isa = PBXNativeTarget;
			buildConfigurationList = D0538ADD1ECB007C00C47F86 /* Build configuration list for PBXNativeTarget "DSMapp" */;
			buildPhases = (
				D0538ABC1ECB007C00C47F86 /* Sources */,
				D0538ABD1ECB007C00C47F86 /* Frameworks */,
				D0538ABE1ECB007C00C47F86 /* Resources */,
				D0CD248B1F0B2F0C00999369 /* ShellScript */,
				D0A587BA1F0B940D009182BA /* Embed Frameworks */,
				D00F66A51F4488D400BF26D5 /* Embed App Extensions */,
			);
			buildRules = (
			);
			dependencies = (
				D04348F31FBAC6D400F2AC62 /* PBXTargetDependency */,
			);
			name = DSMapp;
			productName = DSMapp;
			productReference = D0538AC01ECB007C00C47F86 /* DSMapp.app */;
			productType = "com.apple.product-type.application";
		};
		D0538AD31ECB007C00C47F86 /* DSMappTests */ = {
			isa = PBXNativeTarget;
			buildConfigurationList = D0538AE01ECB007C00C47F86 /* Build configuration list for PBXNativeTarget "DSMappTests" */;
			buildPhases = (
				D0538AD01ECB007C00C47F86 /* Sources */,
				D0538AD11ECB007C00C47F86 /* Frameworks */,
				D0538AD21ECB007C00C47F86 /* Resources */,
			);
			buildRules = (
			);
			dependencies = (
				D0538AD61ECB007C00C47F86 /* PBXTargetDependency */,
			);
			name = DSMappTests;
			productName = DSMappTests;
			productReference = D0538AD41ECB007C00C47F86 /* DSMappTests.xctest */;
			productType = "com.apple.product-type.bundle.unit-test";
		};
/* End PBXNativeTarget section */

/* Begin PBXProject section */
		D0538AB81ECB007C00C47F86 /* Project object */ = {
			isa = PBXProject;
			attributes = {
				LastSwiftUpdateCheck = 0910;
				LastUpgradeCheck = 0900;
				ORGANIZATIONNAME = "이병찬";
				TargetAttributes = {
					D04348E81FBAC6D400F2AC62 = {
						CreatedOnToolsVersion = 9.1;
						DevelopmentTeam = W3868KR87Z;
						ProvisioningStyle = Automatic;
					};
					D0538ABF1ECB007C00C47F86 = {
						CreatedOnToolsVersion = 8.3;
						DevelopmentTeam = W3868KR87Z;
						LastSwiftMigration = 0910;
						ProvisioningStyle = Automatic;
					};
					D0538AD31ECB007C00C47F86 = {
						CreatedOnToolsVersion = 8.3;
						DevelopmentTeam = W3868KR87Z;
						LastSwiftMigration = 0910;
						ProvisioningStyle = Automatic;
						TestTargetID = D0538ABF1ECB007C00C47F86;
					};
				};
			};
			buildConfigurationList = D0538ABB1ECB007C00C47F86 /* Build configuration list for PBXProject "DSMapp" */;
			compatibilityVersion = "Xcode 3.2";
			developmentRegion = English;
			hasScannedForEncodings = 0;
			knownRegions = (
				en,
				Base,
			);
			mainGroup = D0538AB71ECB007C00C47F86;
			productRefGroup = D0538AC11ECB007C00C47F86 /* Products */;
			projectDirPath = "";
			projectRoot = "";
			targets = (
				D0538ABF1ECB007C00C47F86 /* DSMapp */,
				D0538AD31ECB007C00C47F86 /* DSMappTests */,
				D04348E81FBAC6D400F2AC62 /* MealExtension */,
			);
		};
/* End PBXProject section */

/* Begin PBXResourcesBuildPhase section */
		D04348E71FBAC6D400F2AC62 /* Resources */ = {
			isa = PBXResourcesBuildPhase;
			buildActionMask = 2147483647;
			files = (
				D04348F01FBAC6D400F2AC62 /* MainInterface.storyboard in Resources */,
			);
			runOnlyForDeploymentPostprocessing = 0;
		};
		D0538ABE1ECB007C00C47F86 /* Resources */ = {
			isa = PBXResourcesBuildPhase;
			buildActionMask = 2147483647;
			files = (
				D0D9865E1FB1821D00CE9FD4 /* userIcon.png in Resources */,
				D0D986281FB181E200CE9FD4 /* questionIcon@2x.png in Resources */,
				D0D985F81FB1817F00CE9FD4 /* applyStayIcon@3x.png in Resources */,
				D0D985D41FB1813300CE9FD4 /* applyStayBackground@2x.png in Resources */,
				D0D986661FB1821D00CE9FD4 /* mealIcon.png in Resources */,
				D04D8A3E1FB0365D004DA5FD /* Notice.storyboard in Resources */,
				D0D986231FB181E200CE9FD4 /* facilityIcon.png in Resources */,
				D0D985D61FB1813300CE9FD4 /* applyBackground.png in Resources */,
				D0D985F61FB1817F00CE9FD4 /* applyOutIcon.png in Resources */,
				D0D986611FB1821D00CE9FD4 /* noticeIcon@2x.png in Resources */,
				D0D986631FB1821D00CE9FD4 /* mealIcon@2x.png in Resources */,
				D0D985FB1FB1817F00CE9FD4 /* changePasswordIcon@3x.png in Resources */,
				D0D986301FB181E200CE9FD4 /* monster1@2x.png in Resources */,
				D0D986251FB181E200CE9FD4 /* monster3@2x.png in Resources */,
				D06E55361FC31D9F00FD71E2 /* seatSelect.png in Resources */,
				D06E553A1FC31D9F00FD71E2 /* seatNo.png in Resources */,
				D0D985F71FB1817F00CE9FD4 /* applyStayIcon.png in Resources */,
				D0D9862A1FB181E200CE9FD4 /* ruleIcon.png in Resources */,
				D0D986091FB1817F00CE9FD4 /* myStudyIcon@2x.png in Resources */,
				D06E55381FC31D9F00FD71E2 /* seatYes@3x.png in Resources */,
				D0D9865C1FB1821D00CE9FD4 /* userIcon@3x.png in Resources */,
				D0D986061FB1817F00CE9FD4 /* myStudyIcon.png in Resources */,
				D0D985DA1FB1813300CE9FD4 /* signInBackground@3x.png in Resources */,
				D0D985F91FB1817F00CE9FD4 /* changePasswordIcon.png in Resources */,
				D0D9862E1FB181E200CE9FD4 /* ruleIcon@2x.png in Resources */,
				D0473D031FB2BF1E002E3FE4 /* MyPage.storyboard in Resources */,
				D0D9862F1FB181E200CE9FD4 /* notificationIcon@2x.png in Resources */,
				D0D9862D1FB181E200CE9FD4 /* facilityIcon@3x.png in Resources */,
				D0D985DF1FB1813300CE9FD4 /* noticeListDetailBackground@3x.png in Resources */,
				D0D986321FB181E200CE9FD4 /* monster2@2x.png in Resources */,
				D0D986341FB181E200CE9FD4 /* ruleIcon@3x.png in Resources */,
				D0D985D21FB1813300CE9FD4 /* signUpBackground@3x.png in Resources */,
				D0D985D01FB1813300CE9FD4 /* noticeListDetailBackground.png in Resources */,
				D04348DD1FBA779E00F2AC62 /* surveyIcon.png in Resources */,
				D06E55351FC31D9F00FD71E2 /* seatSelect@3x.png in Resources */,
				D0D985DD1FB1813300CE9FD4 /* myPageBackground.png in Resources */,
				D04D8A401FB03694004DA5FD /* Auth.storyboard in Resources */,
				D0538ACE1ECB007C00C47F86 /* LaunchScreen.storyboard in Resources */,
				D0D985FE1FB1817F00CE9FD4 /* myStayIcon@2x.png in Resources */,
				D0D985FA1FB1817F00CE9FD4 /* applyStudyIcon.png in Resources */,
				D0D9860A1FB1817F00CE9FD4 /* applyOutIcon@2x.png in Resources */,
				D04348DC1FBA779E00F2AC62 /* surveyIcon@3x.png in Resources */,
				D0D986051FB1817F00CE9FD4 /* signUpIcon@2x.png in Resources */,
				D0D986651FB1821D00CE9FD4 /* mealIcon@3x.png in Resources */,
				D0D986331FB181E200CE9FD4 /* questionIcon@3x.png in Resources */,
				D0D985D11FB1813300CE9FD4 /* signInBackground@2x.png in Resources */,
				D0D9865F1FB1821D00CE9FD4 /* applyIcon@3x.png in Resources */,
				D0D985DE1FB1813300CE9FD4 /* noticeListDetailBackground@2x.png in Resources */,
				D0D986031FB1817F00CE9FD4 /* applyStudyIcon@3x.png in Resources */,
				D0473CFC1FB1F951002E3FE4 /* Apply.storyboard in Resources */,
				D0D986071FB1817F00CE9FD4 /* signUpIcon@3x.png in Resources */,
				D0D986241FB181E200CE9FD4 /* monster1@3x.png in Resources */,
				D06E55341FC31D9F00FD71E2 /* seatYes.png in Resources */,
				D0538ACB1ECB007C00C47F86 /* Assets.xcassets in Resources */,
				D0D986601FB1821D00CE9FD4 /* noticeIcon@3x.png in Resources */,
				D0D9865D1FB1821D00CE9FD4 /* noticeIcon.png in Resources */,
				D0D986211FB181E200CE9FD4 /* monster3.png in Resources */,
				D0D986081FB1817F00CE9FD4 /* myStayIcon.png in Resources */,
				D0D986671FB1821D00CE9FD4 /* applyIcon@2x.png in Resources */,
				D0D986351FB181E200CE9FD4 /* monster3@3x.png in Resources */,
				D0D986311FB181E200CE9FD4 /* monster2.png in Resources */,
				D0D985DB1FB1813300CE9FD4 /* applyStayBackgroundground.png in Resources */,
				D06E55391FC31D9F00FD71E2 /* seatSelect@2x.png in Resources */,
				D0D986641FB1821D00CE9FD4 /* userIcon@2x.png in Resources */,
				D0D986021FB1817F00CE9FD4 /* signUpIcon.png in Resources */,
				D0D985FC1FB1817F00CE9FD4 /* applyStayIcon@2x.png in Resources */,
				D0D986041FB1817F00CE9FD4 /* myStudyIcon@3x.png in Resources */,
				D09F32451F793B13006A936C /* Main.storyboard in Resources */,
				D04D8A3C1FB03643004DA5FD /* Meal.storyboard in Resources */,
				D0D986221FB181E200CE9FD4 /* facilityIcon@2x.png in Resources */,
				D0D986621FB1821D00CE9FD4 /* applyIcon.png in Resources */,
				D0D985FF1FB1817F00CE9FD4 /* applyOutIcon@3x.png in Resources */,
				D06E55331FC31D9F00FD71E2 /* seatNo@3x.png in Resources */,
				D0D986271FB181E200CE9FD4 /* monster2@3x.png in Resources */,
				D0D985D51FB1813300CE9FD4 /* signUpBackground@2x.png in Resources */,
				D0D985FD1FB1817F00CE9FD4 /* changePasswordIcon@2x.png in Resources */,
				D04348DE1FBA779E00F2AC62 /* surveyIcon@2x.png in Resources */,
				D0D985D81FB1813300CE9FD4 /* applyBackground@2x.png in Resources */,
				D0D986001FB1817F00CE9FD4 /* applyStudyIcon@2x.png in Resources */,
				D0D9862B1FB181E200CE9FD4 /* questionIcon.png in Resources */,
				D06E553C1FC3C51F00FD71E2 /* logo.png in Resources */,
				D06E55371FC31D9F00FD71E2 /* seatNo@2x.png in Resources */,
				D0D985D31FB1813300CE9FD4 /* signUpBackground.png in Resources */,
				D0D985DC1FB1813300CE9FD4 /* applyBackground@3x.png in Resources */,
				D0D9862C1FB181E200CE9FD4 /* notificationIcon@3x.png in Resources */,
				D0D985D71FB1813300CE9FD4 /* applyStayBackground@3x.png in Resources */,
				D06E55321FC31D9F00FD71E2 /* seatYes@2x.png in Resources */,
				D0D986291FB181E200CE9FD4 /* monster1.png in Resources */,
				D0D986261FB181E200CE9FD4 /* notificationIcon.png in Resources */,
				D0D985D91FB1813300CE9FD4 /* signInBackground.png in Resources */,
				D0D986011FB1817F00CE9FD4 /* myStayIcon@3x.png in Resources */,
			);
			runOnlyForDeploymentPostprocessing = 0;
		};
		D0538AD21ECB007C00C47F86 /* Resources */ = {
			isa = PBXResourcesBuildPhase;
			buildActionMask = 2147483647;
			files = (
			);
			runOnlyForDeploymentPostprocessing = 0;
		};
/* End PBXResourcesBuildPhase section */

/* Begin PBXShellScriptBuildPhase section */
		D0CD248B1F0B2F0C00999369 /* ShellScript */ = {
			isa = PBXShellScriptBuildPhase;
			buildActionMask = 8;
			files = (
			);
			inputPaths = (
			);
			outputPaths = (
			);
			runOnlyForDeploymentPostprocessing = 1;
			shellPath = /bin/sh;
			shellScript = "bash \"${BUILT_PRODUCTS_DIR}/${FRAMEWORKS_FOLDER_PATH}/Realm.framework/strip-frameworks.sh\"";
		};
/* End PBXShellScriptBuildPhase section */

/* Begin PBXSourcesBuildPhase section */
		D04348E51FBAC6D400F2AC62 /* Sources */ = {
			isa = PBXSourcesBuildPhase;
			buildActionMask = 2147483647;
			files = (
				D05EE5F51FBD104D00C32211 /* MealModel.swift in Sources */,
				D04348ED1FBAC6D400F2AC62 /* TodayViewController.swift in Sources */,
			);
			runOnlyForDeploymentPostprocessing = 0;
		};
		D0538ABC1ECB007C00C47F86 /* Sources */ = {
			isa = PBXSourcesBuildPhase;
			buildActionMask = 2147483647;
			files = (
				D0473CFE1FB1FD43002E3FE4 /* ApplyMainVC.swift in Sources */,
				D0538AC41ECB007C00C47F86 /* AppDelegate.swift in Sources */,
				D0341A0D1FB70C1A00B50CE2 /* AuthModel.swift in Sources */,
				67A9B137FA18D4D6299E5CE0 /* Base.swift in Sources */,
				67A9BBDA668F5A650BE32026 /* Shape.swift in Sources */,
				67A9B95B2FA470A391ADC2DF /* ChangePasswordVC.swift in Sources */,
				D0473D061FB33CF0002E3FE4 /* MyPageVC.swift in Sources */,
				D018EBCC1FB9406D00C923C7 /* SurveyNObVC.swift in Sources */,
				67A9B175B8C1550CA4040278 /* SignInVC.swift in Sources */,
				67A9B5B875AFD0C769CB229E /* SignUpVC.swift in Sources */,
				67A9B57F5DB6364E16D00137 /* ApplyStudyVC.swift in Sources */,
				67A9BEBCA15977CE6828FAD4 /* ApplyStayVC.swift in Sources */,
				D04D8A431FB03A67004DA5FD /* MealVC.swift in Sources */,
				D07CFF631FB6CD6A00CB0717 /* SurveyListVC.swift in Sources */,
				D018EBCE1FB9591E00C923C7 /* SurveyContentVC.swift in Sources */,
				67A9B0350C4802CBF0550340 /* NoticeMainVC.swift in Sources */,
				D0EFAF8C1FB1BF4B0064D329 /* FacilityVC.swift in Sources */,
				D018EBCA1FB9405A00C923C7 /* SurveyObVC.swift in Sources */,
				D0473D081FB34D48002E3FE4 /* MyPageModel.swift in Sources */,
				D0341A0B1FB6DDFC00B50CE2 /* SurveyListModel.swift in Sources */,
				D0341A0F1FB740C900B50CE2 /* NoticeListModel.swift in Sources */,
				D02B64151FB0A80F0065AC2D /* MealContentVC.swift in Sources */,
				D04348D21FB9D7C600F2AC62 /* NoticeDetailModel.swift in Sources */,
				D0DF85901FB8866D0065B2C6 /* SurveyModel.swift in Sources */,
				D0DF858E1FB8853B0065B2C6 /* StayModel.swift in Sources */,
				67A9B7AA5DFA7F3D0D3210AA /* NoticeListVC.swift in Sources */,
				D0473D0A1FB34EEA002E3FE4 /* MealModel.swift in Sources */,
				67A9B8511B9CDDE734B7418B /* NoticeDetailVC.swift in Sources */,
				D018EBC81FB9404000C923C7 /* SurveyBaseVC.swift in Sources */,
			);
			runOnlyForDeploymentPostprocessing = 0;
		};
		D0538AD01ECB007C00C47F86 /* Sources */ = {
			isa = PBXSourcesBuildPhase;
			buildActionMask = 2147483647;
			files = (
				D0538AD91ECB007C00C47F86 /* DSMappTests.swift in Sources */,
			);
			runOnlyForDeploymentPostprocessing = 0;
		};
/* End PBXSourcesBuildPhase section */

/* Begin PBXTargetDependency section */
		D04348F31FBAC6D400F2AC62 /* PBXTargetDependency */ = {
			isa = PBXTargetDependency;
			target = D04348E81FBAC6D400F2AC62 /* MealExtension */;
			targetProxy = D04348F21FBAC6D400F2AC62 /* PBXContainerItemProxy */;
		};
		D0538AD61ECB007C00C47F86 /* PBXTargetDependency */ = {
			isa = PBXTargetDependency;
			target = D0538ABF1ECB007C00C47F86 /* DSMapp */;
			targetProxy = D0538AD51ECB007C00C47F86 /* PBXContainerItemProxy */;
		};
/* End PBXTargetDependency section */

/* Begin PBXVariantGroup section */
		D04348EE1FBAC6D400F2AC62 /* MainInterface.storyboard */ = {
			isa = PBXVariantGroup;
			children = (
				D04348EF1FBAC6D400F2AC62 /* Base */,
			);
			name = MainInterface.storyboard;
			sourceTree = "<group>";
		};
		D0538ACC1ECB007C00C47F86 /* LaunchScreen.storyboard */ = {
			isa = PBXVariantGroup;
			children = (
				D0538ACD1ECB007C00C47F86 /* Base */,
			);
			name = LaunchScreen.storyboard;
			sourceTree = "<group>";
		};
		D06BBF811F79016900DD17DA /* Main.storyboard */ = {
			isa = PBXVariantGroup;
			children = (
				D06BBF821F79016900DD17DA /* Base */,
			);
			name = Main.storyboard;
			sourceTree = "<group>";
		};
/* End PBXVariantGroup section */

/* Begin XCBuildConfiguration section */
		D04348F61FBAC6D400F2AC62 /* Debug */ = {
			isa = XCBuildConfiguration;
			buildSettings = {
				CLANG_CXX_LANGUAGE_STANDARD = "gnu++14";
				CLANG_WARN_UNGUARDED_AVAILABILITY = YES_AGGRESSIVE;
				CODE_SIGN_IDENTITY = "iPhone Developer";
				CODE_SIGN_STYLE = Automatic;
				DEVELOPMENT_TEAM = W3868KR87Z;
				GCC_C_LANGUAGE_STANDARD = gnu11;
				INFOPLIST_FILE = MealExtension/Info.plist;
				IPHONEOS_DEPLOYMENT_TARGET = 11.1;
				LD_RUNPATH_SEARCH_PATHS = "$(inherited) @executable_path/Frameworks @executable_path/../../Frameworks";
				PRODUCT_BUNDLE_IDENTIFIER = GRAM.DSMapp.MealExtension;
				PRODUCT_NAME = "$(TARGET_NAME)";
				SKIP_INSTALL = YES;
				SWIFT_VERSION = 4.0;
				TARGETED_DEVICE_FAMILY = "1,2";
			};
			name = Debug;
		};
		D04348F71FBAC6D400F2AC62 /* Release */ = {
			isa = XCBuildConfiguration;
			buildSettings = {
				CLANG_CXX_LANGUAGE_STANDARD = "gnu++14";
				CLANG_WARN_UNGUARDED_AVAILABILITY = YES_AGGRESSIVE;
				CODE_SIGN_IDENTITY = "iPhone Developer";
				CODE_SIGN_STYLE = Automatic;
				DEVELOPMENT_TEAM = W3868KR87Z;
				GCC_C_LANGUAGE_STANDARD = gnu11;
				INFOPLIST_FILE = MealExtension/Info.plist;
				IPHONEOS_DEPLOYMENT_TARGET = 11.1;
				LD_RUNPATH_SEARCH_PATHS = "$(inherited) @executable_path/Frameworks @executable_path/../../Frameworks";
				PRODUCT_BUNDLE_IDENTIFIER = GRAM.DSMapp.MealExtension;
				PRODUCT_NAME = "$(TARGET_NAME)";
				SKIP_INSTALL = YES;
				SWIFT_VERSION = 4.0;
				TARGETED_DEVICE_FAMILY = "1,2";
			};
			name = Release;
		};
		D0538ADB1ECB007C00C47F86 /* Debug */ = {
			isa = XCBuildConfiguration;
			buildSettings = {
				ALWAYS_SEARCH_USER_PATHS = NO;
				CLANG_ANALYZER_NONNULL = YES;
				CLANG_ANALYZER_NUMBER_OBJECT_CONVERSION = YES_AGGRESSIVE;
				CLANG_CXX_LANGUAGE_STANDARD = "gnu++0x";
				CLANG_CXX_LIBRARY = "libc++";
				CLANG_ENABLE_MODULES = YES;
				CLANG_ENABLE_OBJC_ARC = YES;
				CLANG_WARN_BLOCK_CAPTURE_AUTORELEASING = YES;
				CLANG_WARN_BOOL_CONVERSION = YES;
				CLANG_WARN_COMMA = YES;
				CLANG_WARN_CONSTANT_CONVERSION = YES;
				CLANG_WARN_DIRECT_OBJC_ISA_USAGE = YES_ERROR;
				CLANG_WARN_DOCUMENTATION_COMMENTS = YES;
				CLANG_WARN_EMPTY_BODY = YES;
				CLANG_WARN_ENUM_CONVERSION = YES;
				CLANG_WARN_INFINITE_RECURSION = YES;
				CLANG_WARN_INT_CONVERSION = YES;
				CLANG_WARN_NON_LITERAL_NULL_CONVERSION = YES;
				CLANG_WARN_OBJC_LITERAL_CONVERSION = YES;
				CLANG_WARN_OBJC_ROOT_CLASS = YES_ERROR;
				CLANG_WARN_RANGE_LOOP_ANALYSIS = YES;
				CLANG_WARN_STRICT_PROTOTYPES = YES;
				CLANG_WARN_SUSPICIOUS_MOVE = YES;
				CLANG_WARN_UNREACHABLE_CODE = YES;
				CLANG_WARN__DUPLICATE_METHOD_MATCH = YES;
				"CODE_SIGN_IDENTITY[sdk=iphoneos*]" = "iPhone Developer";
				COPY_PHASE_STRIP = NO;
				DEBUG_INFORMATION_FORMAT = dwarf;
				ENABLE_STRICT_OBJC_MSGSEND = YES;
				ENABLE_TESTABILITY = YES;
				GCC_C_LANGUAGE_STANDARD = gnu99;
				GCC_DYNAMIC_NO_PIC = NO;
				GCC_NO_COMMON_BLOCKS = YES;
				GCC_OPTIMIZATION_LEVEL = 0;
				GCC_PREPROCESSOR_DEFINITIONS = (
					"DEBUG=1",
					"$(inherited)",
				);
				GCC_WARN_64_TO_32_BIT_CONVERSION = YES;
				GCC_WARN_ABOUT_RETURN_TYPE = YES_ERROR;
				GCC_WARN_UNDECLARED_SELECTOR = YES;
				GCC_WARN_UNINITIALIZED_AUTOS = YES_AGGRESSIVE;
				GCC_WARN_UNUSED_FUNCTION = YES;
				GCC_WARN_UNUSED_VARIABLE = YES;
				IPHONEOS_DEPLOYMENT_TARGET = 11.0;
				MTL_ENABLE_DEBUG_INFO = YES;
				ONLY_ACTIVE_ARCH = YES;
				SDKROOT = iphoneos;
				SWIFT_ACTIVE_COMPILATION_CONDITIONS = DEBUG;
				SWIFT_OPTIMIZATION_LEVEL = "-Onone";
				SWIFT_VERSION = 4.0;
				TARGETED_DEVICE_FAMILY = "1,2";
			};
			name = Debug;
		};
		D0538ADC1ECB007C00C47F86 /* Release */ = {
			isa = XCBuildConfiguration;
			buildSettings = {
				ALWAYS_SEARCH_USER_PATHS = NO;
				CLANG_ANALYZER_NONNULL = YES;
				CLANG_ANALYZER_NUMBER_OBJECT_CONVERSION = YES_AGGRESSIVE;
				CLANG_CXX_LANGUAGE_STANDARD = "gnu++0x";
				CLANG_CXX_LIBRARY = "libc++";
				CLANG_ENABLE_MODULES = YES;
				CLANG_ENABLE_OBJC_ARC = YES;
				CLANG_WARN_BLOCK_CAPTURE_AUTORELEASING = YES;
				CLANG_WARN_BOOL_CONVERSION = YES;
				CLANG_WARN_COMMA = YES;
				CLANG_WARN_CONSTANT_CONVERSION = YES;
				CLANG_WARN_DIRECT_OBJC_ISA_USAGE = YES_ERROR;
				CLANG_WARN_DOCUMENTATION_COMMENTS = YES;
				CLANG_WARN_EMPTY_BODY = YES;
				CLANG_WARN_ENUM_CONVERSION = YES;
				CLANG_WARN_INFINITE_RECURSION = YES;
				CLANG_WARN_INT_CONVERSION = YES;
				CLANG_WARN_NON_LITERAL_NULL_CONVERSION = YES;
				CLANG_WARN_OBJC_LITERAL_CONVERSION = YES;
				CLANG_WARN_OBJC_ROOT_CLASS = YES_ERROR;
				CLANG_WARN_RANGE_LOOP_ANALYSIS = YES;
				CLANG_WARN_STRICT_PROTOTYPES = YES;
				CLANG_WARN_SUSPICIOUS_MOVE = YES;
				CLANG_WARN_UNREACHABLE_CODE = YES;
				CLANG_WARN__DUPLICATE_METHOD_MATCH = YES;
				"CODE_SIGN_IDENTITY[sdk=iphoneos*]" = "iPhone Developer";
				COPY_PHASE_STRIP = NO;
				DEBUG_INFORMATION_FORMAT = "dwarf-with-dsym";
				ENABLE_NS_ASSERTIONS = NO;
				ENABLE_STRICT_OBJC_MSGSEND = YES;
				GCC_C_LANGUAGE_STANDARD = gnu99;
				GCC_NO_COMMON_BLOCKS = YES;
				GCC_WARN_64_TO_32_BIT_CONVERSION = YES;
				GCC_WARN_ABOUT_RETURN_TYPE = YES_ERROR;
				GCC_WARN_UNDECLARED_SELECTOR = YES;
				GCC_WARN_UNINITIALIZED_AUTOS = YES_AGGRESSIVE;
				GCC_WARN_UNUSED_FUNCTION = YES;
				GCC_WARN_UNUSED_VARIABLE = YES;
				IPHONEOS_DEPLOYMENT_TARGET = 11.0;
				MTL_ENABLE_DEBUG_INFO = NO;
				ONLY_ACTIVE_ARCH = YES;
				SDKROOT = iphoneos;
				SWIFT_OPTIMIZATION_LEVEL = "-Owholemodule";
				SWIFT_VERSION = 4.0;
				TARGETED_DEVICE_FAMILY = "1,2";
				VALIDATE_PRODUCT = YES;
			};
			name = Release;
		};
		D0538ADE1ECB007C00C47F86 /* Debug */ = {
			isa = XCBuildConfiguration;
			buildSettings = {
				ALWAYS_EMBED_SWIFT_STANDARD_LIBRARIES = YES;
				ASSETCATALOG_COMPILER_APPICON_NAME = AppIcon;
				CLANG_ENABLE_MODULES = YES;
				CODE_SIGN_IDENTITY = "iPhone Developer";
				DEVELOPMENT_TEAM = W3868KR87Z;
				FRAMEWORK_SEARCH_PATHS = (
					"$(inherited)",
					"$(PROJECT_DIR)",
					"$(PROJECT_DIR)/DSMapp",
				);
				INFOPLIST_FILE = DSMapp/Info.plist;
				IPHONEOS_DEPLOYMENT_TARGET = 11.1;
				LD_RUNPATH_SEARCH_PATHS = "$(inherited) @executable_path/Frameworks";
				PRODUCT_BUNDLE_IDENTIFIER = GRAM.DSMapp;
				PRODUCT_NAME = "$(TARGET_NAME)";
				SWIFT_INSTALL_OBJC_HEADER = NO;
				SWIFT_OBJC_INTERFACE_HEADER_NAME = "";
				SWIFT_OPTIMIZATION_LEVEL = "-Onone";
				SWIFT_REFLECTION_METADATA_LEVEL = none;
				SWIFT_SWIFT3_OBJC_INFERENCE = On;
				SWIFT_VERSION = 4.0;
				TARGETED_DEVICE_FAMILY = 1;
			};
			name = Debug;
		};
		D0538ADF1ECB007C00C47F86 /* Release */ = {
			isa = XCBuildConfiguration;
			buildSettings = {
				ALWAYS_EMBED_SWIFT_STANDARD_LIBRARIES = YES;
				ASSETCATALOG_COMPILER_APPICON_NAME = AppIcon;
				CLANG_ENABLE_MODULES = YES;
				CODE_SIGN_IDENTITY = "iPhone Developer";
				DEVELOPMENT_TEAM = W3868KR87Z;
				FRAMEWORK_SEARCH_PATHS = (
					"$(inherited)",
					"$(PROJECT_DIR)",
					"$(PROJECT_DIR)/DSMapp",
				);
				INFOPLIST_FILE = DSMapp/Info.plist;
				IPHONEOS_DEPLOYMENT_TARGET = 11.1;
				LD_RUNPATH_SEARCH_PATHS = "$(inherited) @executable_path/Frameworks";
				PRODUCT_BUNDLE_IDENTIFIER = GRAM.DSMapp;
				PRODUCT_NAME = "$(TARGET_NAME)";
				SWIFT_INSTALL_OBJC_HEADER = NO;
				SWIFT_OBJC_INTERFACE_HEADER_NAME = "";
				SWIFT_REFLECTION_METADATA_LEVEL = none;
				SWIFT_SWIFT3_OBJC_INFERENCE = On;
				SWIFT_VERSION = 4.0;
				TARGETED_DEVICE_FAMILY = 1;
			};
			name = Release;
		};
		D0538AE11ECB007C00C47F86 /* Debug */ = {
			isa = XCBuildConfiguration;
			buildSettings = {
				ALWAYS_EMBED_SWIFT_STANDARD_LIBRARIES = YES;
				BUNDLE_LOADER = "$(TEST_HOST)";
				DEVELOPMENT_TEAM = W3868KR87Z;
				INFOPLIST_FILE = DSMappTests/Info.plist;
				LD_RUNPATH_SEARCH_PATHS = "$(inherited) @executable_path/Frameworks @loader_path/Frameworks";
				PRODUCT_BUNDLE_IDENTIFIER = GRAM.DSMappTests;
				PRODUCT_NAME = "$(TARGET_NAME)";
				SWIFT_SWIFT3_OBJC_INFERENCE = On;
				SWIFT_VERSION = 4.0;
				TEST_HOST = "$(BUILT_PRODUCTS_DIR)/DSMapp.app/DSMapp";
			};
			name = Debug;
		};
		D0538AE21ECB007C00C47F86 /* Release */ = {
			isa = XCBuildConfiguration;
			buildSettings = {
				ALWAYS_EMBED_SWIFT_STANDARD_LIBRARIES = YES;
				BUNDLE_LOADER = "$(TEST_HOST)";
				DEVELOPMENT_TEAM = W3868KR87Z;
				INFOPLIST_FILE = DSMappTests/Info.plist;
				LD_RUNPATH_SEARCH_PATHS = "$(inherited) @executable_path/Frameworks @loader_path/Frameworks";
				PRODUCT_BUNDLE_IDENTIFIER = GRAM.DSMappTests;
				PRODUCT_NAME = "$(TARGET_NAME)";
				SWIFT_SWIFT3_OBJC_INFERENCE = On;
				SWIFT_VERSION = 4.0;
				TEST_HOST = "$(BUILT_PRODUCTS_DIR)/DSMapp.app/DSMapp";
			};
			name = Release;
		};
/* End XCBuildConfiguration section */

/* Begin XCConfigurationList section */
		D04348F51FBAC6D400F2AC62 /* Build configuration list for PBXNativeTarget "MealExtension" */ = {
			isa = XCConfigurationList;
			buildConfigurations = (
				D04348F61FBAC6D400F2AC62 /* Debug */,
				D04348F71FBAC6D400F2AC62 /* Release */,
			);
			defaultConfigurationIsVisible = 0;
			defaultConfigurationName = Release;
		};
		D0538ABB1ECB007C00C47F86 /* Build configuration list for PBXProject "DSMapp" */ = {
			isa = XCConfigurationList;
			buildConfigurations = (
				D0538ADB1ECB007C00C47F86 /* Debug */,
				D0538ADC1ECB007C00C47F86 /* Release */,
			);
			defaultConfigurationIsVisible = 0;
			defaultConfigurationName = Release;
		};
		D0538ADD1ECB007C00C47F86 /* Build configuration list for PBXNativeTarget "DSMapp" */ = {
			isa = XCConfigurationList;
			buildConfigurations = (
				D0538ADE1ECB007C00C47F86 /* Debug */,
				D0538ADF1ECB007C00C47F86 /* Release */,
			);
			defaultConfigurationIsVisible = 0;
			defaultConfigurationName = Release;
		};
		D0538AE01ECB007C00C47F86 /* Build configuration list for PBXNativeTarget "DSMappTests" */ = {
			isa = XCConfigurationList;
			buildConfigurations = (
				D0538AE11ECB007C00C47F86 /* Debug */,
				D0538AE21ECB007C00C47F86 /* Release */,
			);
			defaultConfigurationIsVisible = 0;
			defaultConfigurationName = Release;
		};
/* End XCConfigurationList section */
	};
	rootObject = D0538AB81ECB007C00C47F86 /* Project object */;
}
